
Microsoft Visual Studio Solution File, Format Version 12.00
# Visual Studio 2012
Project("{F184B08F-C81C-45F6-A57F-5ABD9991F28F}") = "iPMBPFScheme", "iPMBPFScheme.vbproj", "{7EEAE1AE-8D33-4CE9-A631-1BE3CCCA345A}"
EndProject
Global
	GlobalSection(SolutionConfigurationPlatforms) = preSolution
		Debug|Any CPU = Debug|Any CPU
		Release|Any CPU = Release|Any CPU
	EndGlobalSection
	GlobalSection(ProjectConfigurationPlatforms) = postSolution
		{7EEAE1AE-8D33-4CE9-A631-1BE3CCCA345A}.Debug|Any CPU.ActiveCfg = Debug|Any CPU
		{7EEAE1AE-8D33-4CE9-A631-1BE3CCCA345A}.Debug|Any CPU.Build.0 = Debug|Any CPU
		{7EEAE1AE-8D33-4CE9-A631-1BE3CCCA345A}.Release|Any CPU.ActiveCfg = Release|Any CPU
		{7EEAE1AE-8D33-4CE9-A631-1BE3CCCA345A}.Release|Any CPU.Build.0 = Release|Any CPU
	EndGlobalSection
	GlobalSection(SolutionProperties) = preSolution
		HideSolutionNode = FALSE
	EndGlobalSection
EndGlobal
