
Microsoft Visual Studio Solution File, Format Version 12.00
# Visual Studio 2012
Project("{F184B08F-C81C-45F6-A57F-5ABD9991F28F}") = "bPMTaskGroupCategory", "bPMTaskGroupCategory.vbproj", "{96767079-52E0-4193-92D1-6ABE37F68F11}"
EndProject
Global
	GlobalSection(SolutionConfigurationPlatforms) = preSolution
		Debug|Any CPU = Debug|Any CPU
		Release|Any CPU = Release|Any CPU
	EndGlobalSection
	GlobalSection(ProjectConfigurationPlatforms) = postSolution
		{96767079-52E0-4193-92D1-6ABE37F68F11}.Debug|Any CPU.ActiveCfg = Debug|Any CPU
		{96767079-52E0-4193-92D1-6ABE37F68F11}.Debug|Any CPU.Build.0 = Debug|Any CPU
		{96767079-52E0-4193-92D1-6ABE37F68F11}.Release|Any CPU.ActiveCfg = Release|Any CPU
		{96767079-52E0-4193-92D1-6ABE37F68F11}.Release|Any CPU.Build.0 = Release|Any CPU
	EndGlobalSection
	GlobalSection(SolutionProperties) = preSolution
		HideSolutionNode = FALSE
	EndGlobalSection
EndGlobal
