
Microsoft Visual Studio Solution File, Format Version 12.00
# Visual Studio Version 17
VisualStudioVersion = 17.6.33723.286
MinimumVisualStudioVersion = 10.0.40219.1
Project("{F184B08F-C81C-45F6-A57F-5ABD9991F28F}") = "bSIRFindDocTemplate", "bSIRFindDocTemplate.vbproj", "{7DFB39EC-BDC8-4076-81D6-4469AE1FC060}"
EndProject
Project("{778DAE3C-4631-46EA-AA77-85C1314464D9}") = "dOpenClaim", "..\..\..\..\..\..\Claims\Components\Open Claim\Data\dOpenClaim\dOpenClaim.vbproj", "{8DA4D6E9-1AC7-4885-B9DC-7074131ED220}"
EndProject
Global
	GlobalSection(SolutionConfigurationPlatforms) = preSolution
		Debug|Any CPU = Debug|Any CPU
		Release|Any CPU = Release|Any CPU
	EndGlobalSection
	GlobalSection(ProjectConfigurationPlatforms) = postSolution
		{7DFB39EC-BDC8-4076-81D6-4469AE1FC060}.Debug|Any CPU.ActiveCfg = Debug|Any CPU
		{7DFB39EC-BDC8-4076-81D6-4469AE1FC060}.Debug|Any CPU.Build.0 = Debug|Any CPU
		{7DFB39EC-BDC8-4076-81D6-4469AE1FC060}.Release|Any CPU.ActiveCfg = Release|Any CPU
		{7DFB39EC-BDC8-4076-81D6-4469AE1FC060}.Release|Any CPU.Build.0 = Release|Any CPU
		{8DA4D6E9-1AC7-4885-B9DC-7074131ED220}.Debug|Any CPU.ActiveCfg = Debug|Any CPU
		{8DA4D6E9-1AC7-4885-B9DC-7074131ED220}.Debug|Any CPU.Build.0 = Debug|Any CPU
		{8DA4D6E9-1AC7-4885-B9DC-7074131ED220}.Release|Any CPU.ActiveCfg = Release|Any CPU
		{8DA4D6E9-1AC7-4885-B9DC-7074131ED220}.Release|Any CPU.Build.0 = Release|Any CPU
	EndGlobalSection
	GlobalSection(SolutionProperties) = preSolution
		HideSolutionNode = FALSE
	EndGlobalSection
EndGlobal
