
Microsoft Visual Studio Solution File, Format Version 12.00
# Visual Studio 2012
Project("{F184B08F-C81C-45F6-A57F-5ABD9991F28F}") = "iPMBOptions", "iPMBOptions.vbproj", "{4C6F3B21-3278-4295-8E07-E7289095D3D0}"
EndProject
Global
	GlobalSection(SolutionConfigurationPlatforms) = preSolution
		Debug|Any CPU = Debug|Any CPU
		Release|Any CPU = Release|Any CPU
	EndGlobalSection
	GlobalSection(ProjectConfigurationPlatforms) = postSolution
		{4C6F3B21-3278-4295-8E07-E7289095D3D0}.Debug|Any CPU.ActiveCfg = Debug|Any CPU
		{4C6F3B21-3278-4295-8E07-E7289095D3D0}.Debug|Any CPU.Build.0 = Debug|Any CPU
		{4C6F3B21-3278-4295-8E07-E7289095D3D0}.Release|Any CPU.ActiveCfg = Release|Any CPU
		{4C6F3B21-3278-4295-8E07-E7289095D3D0}.Release|Any CPU.Build.0 = Release|Any CPU
	EndGlobalSection
	GlobalSection(SolutionProperties) = preSolution
		HideSolutionNode = FALSE
	EndGlobalSection
EndGlobal
