
Microsoft Visual Studio Solution File, Format Version 12.00
# Visual Studio 14
VisualStudioVersion = 14.0.25420.1
MinimumVisualStudioVersion = 10.0.40219.1
Project("{F184B08F-C81C-45F6-A57F-5ABD9991F28F}") = "bSIRRepostTransaction", "..\..\Business\bSIRRepostTransaction\bSIRRepostTransaction.vbproj", "{81721DF9-D69E-4322-881D-4696970B95BA}"
EndProject
Project("{F184B08F-C81C-45F6-A57F-5ABD9991F28F}") = "iPMUDataFixUtility", "iPMUDataFixUtility.vbproj", "{DDE60869-09C7-4F1E-B0D8-32403CC5252F}"
EndProject
Project("{F184B08F-C81C-45F6-A57F-5ABD9991F28F}") = "iSIRPerilAllocation", "..\..\..\..\..\Sirius For Underwriting\Components\Peril Allocation\Interface\iSIRPerilAllocation\iSIRPerilAllocation.vbproj", "{30078A8D-5C09-4D46-A4BA-59650F13F922}"
EndProject
Project("{F184B08F-C81C-45F6-A57F-5ABD9991F28F}") = "bSirPerilAllocation", "..\..\..\..\..\Sirius For Underwriting\Components\Peril Allocation\Business\bSIRPerilAllocation\bSirPerilAllocation.vbproj", "{C1D2509E-2425-4415-BA7D-5BA06131F74E}"
EndProject
Project("{F184B08F-C81C-45F6-A57F-5ABD9991F28F}") = "uctPMURITax", "..\..\..\..\..\Sirius Back Office Core\Components\User Controls\uctPMURITax\uctPMURITax.vbproj", "{763EAA94-D37B-478E-965A-A3CA92162DEC}"
EndProject
Project("{F184B08F-C81C-45F6-A57F-5ABD9991F28F}") = "iPMUListRisks", "..\..\..\..\..\Sirius For Underwriting\Components\List Risks\Interface\iPMUListRisks\iPMUListRisks.vbproj", "{1C2BAEB4-6E87-4C1D-AFF0-26F6E943C7BA}"
EndProject
Project("{F184B08F-C81C-45F6-A57F-5ABD9991F28F}") = "bSIRListRisks", "..\..\..\..\..\Sirius For Underwriting\Components\List Risks\Business\bSIRListRisks\bSIRListRisks.vbproj", "{A69032AF-A446-445C-BE4B-E169DEAAC16A}"
EndProject
Global
	GlobalSection(SolutionConfigurationPlatforms) = preSolution
		Debug|Any CPU = Debug|Any CPU
		Release|Any CPU = Release|Any CPU
	EndGlobalSection
	GlobalSection(ProjectConfigurationPlatforms) = postSolution
		{81721DF9-D69E-4322-881D-4696970B95BA}.Debug|Any CPU.ActiveCfg = Debug|Any CPU
		{81721DF9-D69E-4322-881D-4696970B95BA}.Debug|Any CPU.Build.0 = Debug|Any CPU
		{81721DF9-D69E-4322-881D-4696970B95BA}.Release|Any CPU.ActiveCfg = Release|Any CPU
		{81721DF9-D69E-4322-881D-4696970B95BA}.Release|Any CPU.Build.0 = Release|Any CPU
		{DDE60869-09C7-4F1E-B0D8-32403CC5252F}.Debug|Any CPU.ActiveCfg = Debug|Any CPU
		{DDE60869-09C7-4F1E-B0D8-32403CC5252F}.Debug|Any CPU.Build.0 = Debug|Any CPU
		{DDE60869-09C7-4F1E-B0D8-32403CC5252F}.Release|Any CPU.ActiveCfg = Release|Any CPU
		{DDE60869-09C7-4F1E-B0D8-32403CC5252F}.Release|Any CPU.Build.0 = Release|Any CPU
		{30078A8D-5C09-4D46-A4BA-59650F13F922}.Debug|Any CPU.ActiveCfg = Debug|Any CPU
		{30078A8D-5C09-4D46-A4BA-59650F13F922}.Debug|Any CPU.Build.0 = Debug|Any CPU
		{30078A8D-5C09-4D46-A4BA-59650F13F922}.Release|Any CPU.ActiveCfg = Release|Any CPU
		{30078A8D-5C09-4D46-A4BA-59650F13F922}.Release|Any CPU.Build.0 = Release|Any CPU
		{C1D2509E-2425-4415-BA7D-5BA06131F74E}.Debug|Any CPU.ActiveCfg = Debug|Any CPU
		{C1D2509E-2425-4415-BA7D-5BA06131F74E}.Debug|Any CPU.Build.0 = Debug|Any CPU
		{C1D2509E-2425-4415-BA7D-5BA06131F74E}.Release|Any CPU.ActiveCfg = Release|Any CPU
		{C1D2509E-2425-4415-BA7D-5BA06131F74E}.Release|Any CPU.Build.0 = Release|Any CPU
		{763EAA94-D37B-478E-965A-A3CA92162DEC}.Debug|Any CPU.ActiveCfg = Debug|Any CPU
		{763EAA94-D37B-478E-965A-A3CA92162DEC}.Debug|Any CPU.Build.0 = Debug|Any CPU
		{763EAA94-D37B-478E-965A-A3CA92162DEC}.Release|Any CPU.ActiveCfg = Release|Any CPU
		{763EAA94-D37B-478E-965A-A3CA92162DEC}.Release|Any CPU.Build.0 = Release|Any CPU
		{1C2BAEB4-6E87-4C1D-AFF0-26F6E943C7BA}.Debug|Any CPU.ActiveCfg = Debug|Any CPU
		{1C2BAEB4-6E87-4C1D-AFF0-26F6E943C7BA}.Debug|Any CPU.Build.0 = Debug|Any CPU
		{1C2BAEB4-6E87-4C1D-AFF0-26F6E943C7BA}.Release|Any CPU.ActiveCfg = Release|Any CPU
		{1C2BAEB4-6E87-4C1D-AFF0-26F6E943C7BA}.Release|Any CPU.Build.0 = Release|Any CPU
		{A69032AF-A446-445C-BE4B-E169DEAAC16A}.Debug|Any CPU.ActiveCfg = Debug|Any CPU
		{A69032AF-A446-445C-BE4B-E169DEAAC16A}.Debug|Any CPU.Build.0 = Debug|Any CPU
		{A69032AF-A446-445C-BE4B-E169DEAAC16A}.Release|Any CPU.ActiveCfg = Release|Any CPU
		{A69032AF-A446-445C-BE4B-E169DEAAC16A}.Release|Any CPU.Build.0 = Release|Any CPU
	EndGlobalSection
	GlobalSection(SolutionProperties) = preSolution
		HideSolutionNode = FALSE
	EndGlobalSection
	GlobalSection(TeamFoundationVersionControl) = preSolution
		SccNumberOfProjects = 6
		SccEnterpriseProvider = {4CA58AB2-18FA-4F8D-95D4-32DDF27D184C}
		SccTeamFoundationServer = http://tfs2015:8080/tfs/insurer
		SccProjectUniqueName0 = ..\\..\\Business\\bSIRRepostTransaction\\bSIRRepostTransaction.vbproj
		SccProjectName0 = ../../Business/bSIRRepostTransaction
		SccAuxPath0 = http://tfs2015:8080/tfs/insurer
		SccLocalPath0 = ..\\..\\Business\\bSIRRepostTransaction
		SccProvider0 = {4CA58AB2-18FA-4F8D-95D4-32DDF27D184C}
		SccProjectUniqueName1 = ..\\..\\..\\..\\..\\Sirius\u0020For\u0020Underwriting\\Components\\Peril\u0020Allocation\\Interface\\iSIRPerilAllocation\\iSIRPerilAllocation.vbproj
		SccProjectName1 = ../../../../../Sirius\u0020For\u0020Underwriting/Components/Peril\u0020Allocation/Interface/iSIRPerilAllocation
		SccAuxPath1 = http://tfs2015:8080/tfs/insurer
		SccLocalPath1 = ..\\..\\..\\..\\..\\Sirius\u0020For\u0020Underwriting\\Components\\Peril\u0020Allocation\\Interface\\iSIRPerilAllocation
		SccProvider1 = {4CA58AB2-18FA-4F8D-95D4-32DDF27D184C}
		SccProjectUniqueName2 = ..\\..\\..\\..\\..\\Sirius\u0020For\u0020Underwriting\\Components\\Peril\u0020Allocation\\Business\\bSIRPerilAllocation\\bSirPerilAllocation.vbproj
		SccProjectName2 = ../../../../../Sirius\u0020For\u0020Underwriting/Components/Peril\u0020Allocation/Business/bSIRPerilAllocation
		SccAuxPath2 = http://tfs2015:8080/tfs/insurer
		SccLocalPath2 = ..\\..\\..\\..\\..\\Sirius\u0020For\u0020Underwriting\\Components\\Peril\u0020Allocation\\Business\\bSIRPerilAllocation
		SccProvider2 = {4CA58AB2-18FA-4F8D-95D4-32DDF27D184C}
		SccProjectUniqueName3 = ..\\..\\..\\..\\..\\Sirius\u0020Back\u0020Office\u0020Core\\Components\\User\u0020Controls\\uctPMURITax\\uctPMURITax.vbproj
		SccProjectName3 = ../../../../../Sirius\u0020Back\u0020Office\u0020Core/Components/User\u0020Controls/uctPMURITax
		SccAuxPath3 = http://tfs2015:8080/tfs/insurer
		SccLocalPath3 = ..\\..\\..\\..\\..\\Sirius\u0020Back\u0020Office\u0020Core\\Components\\User\u0020Controls\\uctPMURITax
		SccProvider3 = {4CA58AB2-18FA-4F8D-95D4-32DDF27D184C}
		SccProjectUniqueName4 = ..\\..\\..\\..\\..\\Sirius\u0020For\u0020Underwriting\\Components\\List\u0020Risks\\Interface\\iPMUListRisks\\iPMUListRisks.vbproj
		SccProjectName4 = ../../../../../Sirius\u0020For\u0020Underwriting/Components/List\u0020Risks/Interface/iPMUListRisks
		SccAuxPath4 = http://tfs2015:8080/tfs/insurer
		SccLocalPath4 = ..\\..\\..\\..\\..\\Sirius\u0020For\u0020Underwriting\\Components\\List\u0020Risks\\Interface\\iPMUListRisks
		SccProvider4 = {4CA58AB2-18FA-4F8D-95D4-32DDF27D184C}
		SccProjectUniqueName5 = ..\\..\\..\\..\\..\\Sirius\u0020For\u0020Underwriting\\Components\\List\u0020Risks\\Business\\bSIRListRisks\\bSIRListRisks.vbproj
		SccProjectName5 = ../../../../../Sirius\u0020For\u0020Underwriting/Components/List\u0020Risks/Business/bSIRListRisks
		SccAuxPath5 = http://tfs2015:8080/tfs/insurer
		SccLocalPath5 = ..\\..\\..\\..\\..\\Sirius\u0020For\u0020Underwriting\\Components\\List\u0020Risks\\Business\\bSIRListRisks
		SccProvider5 = {4CA58AB2-18FA-4F8D-95D4-32DDF27D184C}
	EndGlobalSection
EndGlobal
