
Microsoft Visual Studio Solution File, Format Version 12.00
# Visual Studio 2012
Project("{FAE04EC0-301F-11D3-BF4B-00C04F79EFBC}") = "WebSite", "Thinktecture.IdentityServer.v2-master\src\OnPremise\WebSite\WebSite.csproj", "{060A3A55-69D0-4526-8372-8C400CFEC8CC}"
EndProject
Project("{2150E333-8FDC-42A3-9474-1A3956D46DE8}") = ".nuget", ".nuget", "{D201FE12-A7CD-4344-B90A-7FBF2CD9C589}"
	ProjectSection(SolutionItems) = preProject
		.nuget\NuGet.Config = .nuget\NuGet.Config
		.nuget\NuGet.exe = .nuget\NuGet.exe
	EndProjectSection
EndProject
Project("{2150E333-8FDC-42A3-9474-1A3956D46DE8}") = "Libraries", "Libraries", "{2B1ED56F-D37A-44C0-ABED-CD45218E59D3}"
EndProject
Project("{FAE04EC0-301F-11D3-BF4B-00C04F79EFBC}") = "Thinktecture.IdentityServer.Core", "Thinktecture.IdentityServer.v2-master\src\Libraries\Thinktecture.IdentityServer.Core\Thinktecture.IdentityServer.Core.csproj", "{38CE5C59-909E-4DA6-8E1D-7EEE7312CA9A}"
EndProject
Project("{FAE04EC0-301F-11D3-BF4B-00C04F79EFBC}") = "Thinktecture.IdentityServer.Core.Repositories", "Thinktecture.IdentityServer.v2-master\src\Libraries\Thinktecture.IdentityServer.Core.Repositories\Thinktecture.IdentityServer.Core.Repositories.csproj", "{9658F86F-3059-4731-9EB0-5F67A4FF1A8A}"
EndProject
Project("{FAE04EC0-301F-11D3-BF4B-00C04F79EFBC}") = "Thinktecture.IdentityServer.Protocols", "Thinktecture.IdentityServer.v2-master\src\Libraries\Thinktecture.IdentityServer.Protocols\Thinktecture.IdentityServer.Protocols.csproj", "{C129C90C-774C-47D7-A19E-57B31C87AE18}"
EndProject
Project("{FAE04EC0-301F-11D3-BF4B-00C04F79EFBC}") = "Ssp.PureSts.Repository", "Ssp.PureSts.Repository\Ssp.PureSts.Repository.csproj", "{F9AC56E2-04F0-4E81-B68E-597F4B099B76}"
EndProject
Project("{FAE04EC0-301F-11D3-BF4B-00C04F79EFBC}") = "Ssp.PureSts.DataAccess.Interface", "Ssp.PureSts.DataAccess.Interface\Ssp.PureSts.DataAccess.Interface.csproj", "{109C6ECF-08A7-4C8D-B8E6-E479E4F086E4}"
EndProject
Project("{FAE04EC0-301F-11D3-BF4B-00C04F79EFBC}") = "Ssp.PureSts.DataAccess", "Ssp.PureSts.DataAccess\Ssp.PureSts.DataAccess.csproj", "{02AEE9F9-C152-44E5-86BC-7F9B2C07591D}"
EndProject
Project("{FAE04EC0-301F-11D3-BF4B-00C04F79EFBC}") = "Ssp.PureSts.DataAccess.ADO", "SSP.PureSts.DataAccess.ADO\Ssp.PureSts.DataAccess.ADO.csproj", "{F0527FAD-52E6-4883-AA4B-BD81DE15C1AD}"
EndProject
Project("{FAE04EC0-301F-11D3-BF4B-00C04F79EFBC}") = "Ssp.PureSts.DataAccess.Models", "Ssp.PureSts.Models\Ssp.PureSts.DataAccess.Models.csproj", "{3BFCACD1-E710-4E1F-9D4A-402B31B33F1F}"
EndProject
Global
	GlobalSection(TeamFoundationVersionControl) = preSolution
		SccNumberOfProjects = 10
		SccEnterpriseProvider = {4CA58AB2-18FA-4F8D-95D4-32DDF27D184C}
		SccTeamFoundationServer = http://tfs2010:8080/tfs/insurer
		SccLocalPath0 = .
		SccProjectUniqueName1 = Thinktecture.IdentityServer.v2-master\\src\\OnPremise\\WebSite\\WebSite.csproj
		SccProjectName1 = Thinktecture.IdentityServer.v2-master/src/OnPremise/WebSite
		SccLocalPath1 = Thinktecture.IdentityServer.v2-master\\src\\OnPremise\\WebSite
		SccProjectUniqueName2 = Thinktecture.IdentityServer.v2-master\\src\\Libraries\\Thinktecture.IdentityServer.Core\\Thinktecture.IdentityServer.Core.csproj
		SccProjectTopLevelParentUniqueName2 = SSP.SecureTokenService.sln
		SccProjectName2 = Thinktecture.IdentityServer.v2-master/src/Libraries/Thinktecture.IdentityServer.Core
		SccLocalPath2 = Thinktecture.IdentityServer.v2-master\\src\\Libraries\\Thinktecture.IdentityServer.Core
		SccProjectUniqueName3 = Thinktecture.IdentityServer.v2-master\\src\\Libraries\\Thinktecture.IdentityServer.Core.Repositories\\Thinktecture.IdentityServer.Core.Repositories.csproj
		SccProjectTopLevelParentUniqueName3 = SSP.SecureTokenService.sln
		SccProjectName3 = Thinktecture.IdentityServer.v2-master/src/Libraries/Thinktecture.IdentityServer.Core.Repositories
		SccLocalPath3 = Thinktecture.IdentityServer.v2-master\\src\\Libraries\\Thinktecture.IdentityServer.Core.Repositories
		SccProjectUniqueName4 = Thinktecture.IdentityServer.v2-master\\src\\Libraries\\Thinktecture.IdentityServer.Protocols\\Thinktecture.IdentityServer.Protocols.csproj
		SccProjectTopLevelParentUniqueName4 = SSP.SecureTokenService.sln
		SccProjectName4 = Thinktecture.IdentityServer.v2-master/src/Libraries/Thinktecture.IdentityServer.Protocols
		SccLocalPath4 = Thinktecture.IdentityServer.v2-master\\src\\Libraries\\Thinktecture.IdentityServer.Protocols
		SccProjectUniqueName5 = Ssp.PureSts.Repository\\Ssp.PureSts.Repository.csproj
		SccProjectTopLevelParentUniqueName5 = SSP.SecureTokenService.sln
		SccProjectName5 = Ssp.PureSts.Repository
		SccLocalPath5 = Ssp.PureSts.Repository
		SccProjectUniqueName6 = Ssp.PureSts.DataAccess.Interface\\Ssp.PureSts.DataAccess.Interface.csproj
		SccProjectTopLevelParentUniqueName6 = SSP.SecureTokenService.sln
		SccProjectName6 = Ssp.PureSts.DataAccess.Interface
		SccLocalPath6 = Ssp.PureSts.DataAccess.Interface
		SccProjectUniqueName7 = Ssp.PureSts.DataAccess\\Ssp.PureSts.DataAccess.csproj
		SccProjectTopLevelParentUniqueName7 = SSP.SecureTokenService.sln
		SccProjectName7 = Ssp.PureSts.DataAccess
		SccLocalPath7 = Ssp.PureSts.DataAccess
		SccProjectUniqueName8 = SSP.PureSts.DataAccess.ADO\\Ssp.PureSts.DataAccess.ADO.csproj
		SccProjectTopLevelParentUniqueName8 = SSP.SecureTokenService.sln
		SccProjectName8 = SSP.PureSts.DataAccess.ADO
		SccLocalPath8 = SSP.PureSts.DataAccess.ADO
		SccProjectUniqueName9 = Ssp.PureSts.Models\\Ssp.PureSts.DataAccess.Models.csproj
		SccProjectTopLevelParentUniqueName9 = SSP.SecureTokenService.sln
		SccProjectName9 = Ssp.PureSts.Models
		SccLocalPath9 = Ssp.PureSts.Models
	EndGlobalSection
	GlobalSection(SolutionConfigurationPlatforms) = preSolution
		Debug|Any CPU = Debug|Any CPU
		Release|Any CPU = Release|Any CPU
	EndGlobalSection
	GlobalSection(ProjectConfigurationPlatforms) = postSolution
		{060A3A55-69D0-4526-8372-8C400CFEC8CC}.Debug|Any CPU.ActiveCfg = Debug|Any CPU
		{060A3A55-69D0-4526-8372-8C400CFEC8CC}.Debug|Any CPU.Build.0 = Debug|Any CPU
		{060A3A55-69D0-4526-8372-8C400CFEC8CC}.Release|Any CPU.ActiveCfg = Release|Any CPU
		{060A3A55-69D0-4526-8372-8C400CFEC8CC}.Release|Any CPU.Build.0 = Release|Any CPU
		{38CE5C59-909E-4DA6-8E1D-7EEE7312CA9A}.Debug|Any CPU.ActiveCfg = Debug|Any CPU
		{38CE5C59-909E-4DA6-8E1D-7EEE7312CA9A}.Debug|Any CPU.Build.0 = Debug|Any CPU
		{38CE5C59-909E-4DA6-8E1D-7EEE7312CA9A}.Release|Any CPU.ActiveCfg = Release|Any CPU
		{38CE5C59-909E-4DA6-8E1D-7EEE7312CA9A}.Release|Any CPU.Build.0 = Release|Any CPU
		{9658F86F-3059-4731-9EB0-5F67A4FF1A8A}.Debug|Any CPU.ActiveCfg = Debug|Any CPU
		{9658F86F-3059-4731-9EB0-5F67A4FF1A8A}.Debug|Any CPU.Build.0 = Debug|Any CPU
		{9658F86F-3059-4731-9EB0-5F67A4FF1A8A}.Release|Any CPU.ActiveCfg = Release|Any CPU
		{9658F86F-3059-4731-9EB0-5F67A4FF1A8A}.Release|Any CPU.Build.0 = Release|Any CPU
		{C129C90C-774C-47D7-A19E-57B31C87AE18}.Debug|Any CPU.ActiveCfg = Debug|Any CPU
		{C129C90C-774C-47D7-A19E-57B31C87AE18}.Debug|Any CPU.Build.0 = Debug|Any CPU
		{C129C90C-774C-47D7-A19E-57B31C87AE18}.Release|Any CPU.ActiveCfg = Release|Any CPU
		{C129C90C-774C-47D7-A19E-57B31C87AE18}.Release|Any CPU.Build.0 = Release|Any CPU
		{F9AC56E2-04F0-4E81-B68E-597F4B099B76}.Debug|Any CPU.ActiveCfg = Debug|Any CPU
		{F9AC56E2-04F0-4E81-B68E-597F4B099B76}.Debug|Any CPU.Build.0 = Debug|Any CPU
		{F9AC56E2-04F0-4E81-B68E-597F4B099B76}.Release|Any CPU.ActiveCfg = Release|Any CPU
		{F9AC56E2-04F0-4E81-B68E-597F4B099B76}.Release|Any CPU.Build.0 = Release|Any CPU
		{109C6ECF-08A7-4C8D-B8E6-E479E4F086E4}.Debug|Any CPU.ActiveCfg = Debug|Any CPU
		{109C6ECF-08A7-4C8D-B8E6-E479E4F086E4}.Debug|Any CPU.Build.0 = Debug|Any CPU
		{109C6ECF-08A7-4C8D-B8E6-E479E4F086E4}.Release|Any CPU.ActiveCfg = Release|Any CPU
		{109C6ECF-08A7-4C8D-B8E6-E479E4F086E4}.Release|Any CPU.Build.0 = Release|Any CPU
		{02AEE9F9-C152-44E5-86BC-7F9B2C07591D}.Debug|Any CPU.ActiveCfg = Debug|Any CPU
		{02AEE9F9-C152-44E5-86BC-7F9B2C07591D}.Debug|Any CPU.Build.0 = Debug|Any CPU
		{02AEE9F9-C152-44E5-86BC-7F9B2C07591D}.Release|Any CPU.ActiveCfg = Release|Any CPU
		{02AEE9F9-C152-44E5-86BC-7F9B2C07591D}.Release|Any CPU.Build.0 = Release|Any CPU
		{F0527FAD-52E6-4883-AA4B-BD81DE15C1AD}.Debug|Any CPU.ActiveCfg = Debug|Any CPU
		{F0527FAD-52E6-4883-AA4B-BD81DE15C1AD}.Debug|Any CPU.Build.0 = Debug|Any CPU
		{F0527FAD-52E6-4883-AA4B-BD81DE15C1AD}.Release|Any CPU.ActiveCfg = Release|Any CPU
		{F0527FAD-52E6-4883-AA4B-BD81DE15C1AD}.Release|Any CPU.Build.0 = Release|Any CPU
		{3BFCACD1-E710-4E1F-9D4A-402B31B33F1F}.Debug|Any CPU.ActiveCfg = Debug|Any CPU
		{3BFCACD1-E710-4E1F-9D4A-402B31B33F1F}.Debug|Any CPU.Build.0 = Debug|Any CPU
		{3BFCACD1-E710-4E1F-9D4A-402B31B33F1F}.Release|Any CPU.ActiveCfg = Release|Any CPU
		{3BFCACD1-E710-4E1F-9D4A-402B31B33F1F}.Release|Any CPU.Build.0 = Release|Any CPU
	EndGlobalSection
	GlobalSection(SolutionProperties) = preSolution
		HideSolutionNode = FALSE
	EndGlobalSection
	GlobalSection(NestedProjects) = preSolution
		{38CE5C59-909E-4DA6-8E1D-7EEE7312CA9A} = {2B1ED56F-D37A-44C0-ABED-CD45218E59D3}
		{9658F86F-3059-4731-9EB0-5F67A4FF1A8A} = {2B1ED56F-D37A-44C0-ABED-CD45218E59D3}
		{C129C90C-774C-47D7-A19E-57B31C87AE18} = {2B1ED56F-D37A-44C0-ABED-CD45218E59D3}
		{F9AC56E2-04F0-4E81-B68E-597F4B099B76} = {2B1ED56F-D37A-44C0-ABED-CD45218E59D3}
		{109C6ECF-08A7-4C8D-B8E6-E479E4F086E4} = {2B1ED56F-D37A-44C0-ABED-CD45218E59D3}
		{02AEE9F9-C152-44E5-86BC-7F9B2C07591D} = {2B1ED56F-D37A-44C0-ABED-CD45218E59D3}
		{F0527FAD-52E6-4883-AA4B-BD81DE15C1AD} = {2B1ED56F-D37A-44C0-ABED-CD45218E59D3}
		{3BFCACD1-E710-4E1F-9D4A-402B31B33F1F} = {2B1ED56F-D37A-44C0-ABED-CD45218E59D3}
	EndGlobalSection
EndGlobal
