
Microsoft Visual Studio Solution File, Format Version 12.00
# Visual Studio 2012
Project("{F184B08F-C81C-45F6-A57F-5ABD9991F28F}") = "iPMUFindScreen", "iPMUFindScreen.vbproj", "{9F078801-D341-4EAA-8559-66FE36F6446C}"
EndProject
Global
	GlobalSection(SolutionConfigurationPlatforms) = preSolution
		Debug|Any CPU = Debug|Any CPU
		Release|Any CPU = Release|Any CPU
	EndGlobalSection
	GlobalSection(ProjectConfigurationPlatforms) = postSolution
		{9F078801-D341-4EAA-8559-66FE36F6446C}.Debug|Any CPU.ActiveCfg = Debug|Any CPU
		{9F078801-D341-4EAA-8559-66FE36F6446C}.Debug|Any CPU.Build.0 = Debug|Any CPU
		{9F078801-D341-4EAA-8559-66FE36F6446C}.Release|Any CPU.ActiveCfg = Release|Any CPU
		{9F078801-D341-4EAA-8559-66FE36F6446C}.Release|Any CPU.Build.0 = Release|Any CPU
	EndGlobalSection
	GlobalSection(SolutionProperties) = preSolution
		HideSolutionNode = FALSE
	EndGlobalSection
EndGlobal
