
Microsoft Visual Studio Solution File, Format Version 10.00
# Visual Studio 2008
Project("{54435603-DBB4-11D2-8724-00A0C9A8B90C}") = "WindowsService.Setup", "WindowsService.Setup\WindowsService.Setup.vdproj", "{708E6F04-DFDA-48B5-80F7-F811E2B8BA27}"
EndProject
Project("{F184B08F-C81C-45F6-A57F-5ABD9991F28F}") = "ProcessJobs", "ProcessJobs\ProcessJobs.vbproj", "{A6624BC4-3CE2-4DAF-AF9F-DF37BC7A4680}"
EndProject
Project("{F184B08F-C81C-45F6-A57F-5ABD9991F28F}") = "WindowsService", "WindowsService\WindowsService.vbproj", "{7D11F25F-D38F-4420-8B4F-170912CF63AE}"
	ProjectSection(ProjectDependencies) = postProject
		{A6624BC4-3CE2-4DAF-AF9F-DF37BC7A4680} = {A6624BC4-3CE2-4DAF-AF9F-DF37BC7A4680}
	EndProjectSection
EndProject
Global
	GlobalSection(SourceCodeControl) = preSolution
		SccNumberOfProjects = 4
		SccProjectUniqueName0 = ProcessJobs\\ProcessJobs.vbproj
		SccProjectName0 = \u0022$/Sirius/Pure/Components/ProcessJobs\u0022,\u0020ZITDAAAA
		SccLocalPath0 = ProcessJobs
		SccProjectUniqueName1 = WindowsService\\WindowsService.vbproj
		SccProjectName1 = \u0022$/Sirius/Pure/Components/WindowsService\u0022,\u0020AJTDAAAA
		SccLocalPath1 = WindowsService
		SccLocalPath2 = .
		SccProjectUniqueName3 = WindowsService.Setup\\WindowsService.Setup.vdproj
		SccProjectName3 = \u0022$/Sirius/Pure/Components/WindowsService.Setup\u0022,\u0020BJTDAAAA
		SccLocalPath3 = WindowsService.Setup
	EndGlobalSection
	GlobalSection(SolutionConfigurationPlatforms) = preSolution
		Debug|Any CPU = Debug|Any CPU
		Release|Any CPU = Release|Any CPU
	EndGlobalSection
	GlobalSection(ProjectConfigurationPlatforms) = postSolution
		{708E6F04-DFDA-48B5-80F7-F811E2B8BA27}.Debug|Any CPU.ActiveCfg = Debug
		{708E6F04-DFDA-48B5-80F7-F811E2B8BA27}.Debug|Any CPU.Build.0 = Debug
		{708E6F04-DFDA-48B5-80F7-F811E2B8BA27}.Release|Any CPU.ActiveCfg = Release
		{708E6F04-DFDA-48B5-80F7-F811E2B8BA27}.Release|Any CPU.Build.0 = Release
		{A6624BC4-3CE2-4DAF-AF9F-DF37BC7A4680}.Debug|Any CPU.ActiveCfg = Debug|Any CPU
		{A6624BC4-3CE2-4DAF-AF9F-DF37BC7A4680}.Debug|Any CPU.Build.0 = Debug|Any CPU
		{A6624BC4-3CE2-4DAF-AF9F-DF37BC7A4680}.Release|Any CPU.ActiveCfg = Release|Any CPU
		{A6624BC4-3CE2-4DAF-AF9F-DF37BC7A4680}.Release|Any CPU.Build.0 = Release|Any CPU
		{7D11F25F-D38F-4420-8B4F-170912CF63AE}.Debug|Any CPU.ActiveCfg = Debug|Any CPU
		{7D11F25F-D38F-4420-8B4F-170912CF63AE}.Debug|Any CPU.Build.0 = Debug|Any CPU
		{7D11F25F-D38F-4420-8B4F-170912CF63AE}.Release|Any CPU.ActiveCfg = Release|Any CPU
		{7D11F25F-D38F-4420-8B4F-170912CF63AE}.Release|Any CPU.Build.0 = Release|Any CPU
	EndGlobalSection
	GlobalSection(SolutionProperties) = preSolution
		HideSolutionNode = FALSE
	EndGlobalSection
EndGlobal
