
Microsoft Visual Studio Solution File, Format Version 12.00
# Visual Studio 14
VisualStudioVersion = 14.0.25420.1
MinimumVisualStudioVersion = 10.0.40219.1
Project("{F184B08F-C81C-45F6-A57F-5ABD9991F28F}") = "WindowsService.TestHarness", "WindowsService.TestHarness\WindowsService.TestHarness.vbproj", "{306F9BE1-4388-44FC-9B20-E8A713D4803B}"
EndProject
Project("{F184B08F-C81C-45F6-A57F-5ABD9991F28F}") = "ProcessJobs", "ProcessJobs\ProcessJobs.vbproj", "{A6624BC4-3CE2-4DAF-AF9F-DF37BC7A4680}"
EndProject
Project("{F184B08F-C81C-45F6-A57F-5ABD9991F28F}") = "bSIRDocManagerWrapper", "..\Sirius Back Office Core\Components\Document Production\Document Manager Wrapper\Business\bSIRDocManagerWrapper\bSIRDocManagerWrapper.vbproj", "{B289DE1D-904D-40AA-9275-2C1064733B7D}"
EndProject
Project("{F184B08F-C81C-45F6-A57F-5ABD9991F28F}") = "bSIRDocTemplate", "..\Sirius Back Office Core\Components\Document Production\Document Template\Business\bSIRDocTemplate\bSIRDocTemplate.vbproj", "{68FEA536-5FC7-4182-BDD1-AF6666EA9070}"
EndProject
Global
	GlobalSection(SolutionConfigurationPlatforms) = preSolution
		Debug|Any CPU = Debug|Any CPU
		Release|Any CPU = Release|Any CPU
	EndGlobalSection
	GlobalSection(ProjectConfigurationPlatforms) = postSolution
		{306F9BE1-4388-44FC-9B20-E8A713D4803B}.Debug|Any CPU.ActiveCfg = Debug|Any CPU
		{306F9BE1-4388-44FC-9B20-E8A713D4803B}.Debug|Any CPU.Build.0 = Debug|Any CPU
		{306F9BE1-4388-44FC-9B20-E8A713D4803B}.Release|Any CPU.ActiveCfg = Release|Any CPU
		{306F9BE1-4388-44FC-9B20-E8A713D4803B}.Release|Any CPU.Build.0 = Release|Any CPU
		{A6624BC4-3CE2-4DAF-AF9F-DF37BC7A4680}.Debug|Any CPU.ActiveCfg = Debug|Any CPU
		{A6624BC4-3CE2-4DAF-AF9F-DF37BC7A4680}.Debug|Any CPU.Build.0 = Debug|Any CPU
		{A6624BC4-3CE2-4DAF-AF9F-DF37BC7A4680}.Release|Any CPU.ActiveCfg = Release|Any CPU
		{A6624BC4-3CE2-4DAF-AF9F-DF37BC7A4680}.Release|Any CPU.Build.0 = Release|Any CPU
		{B289DE1D-904D-40AA-9275-2C1064733B7D}.Debug|Any CPU.ActiveCfg = Debug|Any CPU
		{B289DE1D-904D-40AA-9275-2C1064733B7D}.Debug|Any CPU.Build.0 = Debug|Any CPU
		{B289DE1D-904D-40AA-9275-2C1064733B7D}.Release|Any CPU.ActiveCfg = Release|Any CPU
		{B289DE1D-904D-40AA-9275-2C1064733B7D}.Release|Any CPU.Build.0 = Release|Any CPU
		{68FEA536-5FC7-4182-BDD1-AF6666EA9070}.Debug|Any CPU.ActiveCfg = Debug|Any CPU
		{68FEA536-5FC7-4182-BDD1-AF6666EA9070}.Debug|Any CPU.Build.0 = Debug|Any CPU
		{68FEA536-5FC7-4182-BDD1-AF6666EA9070}.Release|Any CPU.ActiveCfg = Release|Any CPU
		{68FEA536-5FC7-4182-BDD1-AF6666EA9070}.Release|Any CPU.Build.0 = Release|Any CPU
	EndGlobalSection
	GlobalSection(SolutionProperties) = preSolution
		HideSolutionNode = FALSE
	EndGlobalSection
EndGlobal
