
Microsoft Visual Studio Solution File, Format Version 10.00
# Visual Studio 2008
Project("{F184B08F-C81C-45F6-A57F-5ABD9991F28F}") = "WindowsService", "WindowsService\WindowsService.vbproj", "{7D11F25F-D38F-4420-8B4F-170912CF63AE}"
	ProjectSection(ProjectDependencies) = postProject
		{A6624BC4-3CE2-4DAF-AF9F-DF37BC7A4680} = {A6624BC4-3CE2-4DAF-AF9F-DF37BC7A4680}
	EndProjectSection
EndProject
Project("{F184B08F-C81C-45F6-A57F-5ABD9991F28F}") = "ProcessJobs", "ProcessJobs\ProcessJobs.vbproj", "{A6624BC4-3CE2-4DAF-AF9F-DF37BC7A4680}"
EndProject
Global
	GlobalSection(TeamFoundationVersionControl) = preSolution
		SccNumberOfProjects = 3
		SccEnterpriseProvider = {4CA58AB2-18FA-4F8D-95D4-32DDF27D184C}
		SccTeamFoundationServer = http://tfs2010:8080/tfs/Insurer
		SccLocalPath0 = .
		SccProjectUniqueName1 = WindowsService\\WindowsService.vbproj
		SccProjectName1 = WindowsService
		SccLocalPath1 = WindowsService
		SccProjectUniqueName2 = ProcessJobs\\ProcessJobs.vbproj
		SccProjectName2 = ProcessJobs
		SccLocalPath2 = ProcessJobs
	EndGlobalSection
	GlobalSection(SolutionConfigurationPlatforms) = preSolution
		Debug|Any CPU = Debug|Any CPU
		Release|Any CPU = Release|Any CPU
	EndGlobalSection
	GlobalSection(ProjectConfigurationPlatforms) = postSolution
		{7D11F25F-D38F-4420-8B4F-170912CF63AE}.Debug|Any CPU.ActiveCfg = Debug|Any CPU
		{7D11F25F-D38F-4420-8B4F-170912CF63AE}.Debug|Any CPU.Build.0 = Debug|Any CPU
		{7D11F25F-D38F-4420-8B4F-170912CF63AE}.Release|Any CPU.ActiveCfg = Release|Any CPU
		{7D11F25F-D38F-4420-8B4F-170912CF63AE}.Release|Any CPU.Build.0 = Release|Any CPU
		{A6624BC4-3CE2-4DAF-AF9F-DF37BC7A4680}.Debug|Any CPU.ActiveCfg = Debug|Any CPU
		{A6624BC4-3CE2-4DAF-AF9F-DF37BC7A4680}.Debug|Any CPU.Build.0 = Debug|Any CPU
		{A6624BC4-3CE2-4DAF-AF9F-DF37BC7A4680}.Release|Any CPU.ActiveCfg = Release|Any CPU
		{A6624BC4-3CE2-4DAF-AF9F-DF37BC7A4680}.Release|Any CPU.Build.0 = Release|Any CPU
	EndGlobalSection
	GlobalSection(SolutionProperties) = preSolution
		HideSolutionNode = FALSE
	EndGlobalSection
EndGlobal
