
Microsoft Visual Studio Solution File, Format Version 12.00
# Visual Studio 2012
Project("{F184B08F-C81C-45F6-A57F-5ABD9991F28F}") = "bCLMCoinsuranceRecoveries", "bCLMCoinsuranceRecoveries.vbproj", "{B807BC2D-886A-4F4D-B772-C4226FD401C3}"
EndProject
Global
	GlobalSection(SolutionConfigurationPlatforms) = preSolution
		Debug|Any CPU = Debug|Any CPU
		Release|Any CPU = Release|Any CPU
	EndGlobalSection
	GlobalSection(ProjectConfigurationPlatforms) = postSolution
		{B807BC2D-886A-4F4D-B772-C4226FD401C3}.Debug|Any CPU.ActiveCfg = Debug|Any CPU
		{B807BC2D-886A-4F4D-B772-C4226FD401C3}.Debug|Any CPU.Build.0 = Debug|Any CPU
		{B807BC2D-886A-4F4D-B772-C4226FD401C3}.Release|Any CPU.ActiveCfg = Release|Any CPU
		{B807BC2D-886A-4F4D-B772-C4226FD401C3}.Release|Any CPU.Build.0 = Release|Any CPU
	EndGlobalSection
	GlobalSection(SolutionProperties) = preSolution
		HideSolutionNode = FALSE
	EndGlobalSection
EndGlobal
