
Microsoft Visual Studio Solution File, Format Version 12.00
# Visual Studio Version 17
VisualStudioVersion = 17.6.33723.286
MinimumVisualStudioVersion = 10.0.40219.1
Project("{778DAE3C-4631-46EA-AA77-85C1314464D9}") = "bACTBankAccount", "bACTBankAccount.vbproj", "{951E39A9-A218-4EC4-8457-17C85706CC37}"
EndProject
Project("{778DAE3C-4631-46EA-AA77-85C1314464D9}") = "bACTCashListDrawer", "..\..\..\CashListDrawer\Business\bACTCashListDrawer\bACTCashListDrawer.vbproj", "{12D8E2AF-98B0-45EA-8E51-6763BE06F766}"
EndProject
Project("{778DAE3C-4631-46EA-AA77-85C1314464D9}") = "dPMDAO", "..\..\..\..\..\Sirius Architecture\Components\dPMDAO\dPMDAO.vbproj", "{19E663B4-140E-4AF9-B1D1-7897890CA21E}"
EndProject
Project("{778DAE3C-4631-46EA-AA77-85C1314464D9}") = "SSP.Shared", "..\..\..\..\..\SSP.Shared\SSP.Shared.vbproj", "{D7A01847-22F2-45DE-88AE-FD3FD8BE762D}"
EndProject
Project("{778DAE3C-4631-46EA-AA77-85C1314464D9}") = "BPMLOOKUP", "..\..\..\..\..\Sirius Architecture\Components\PMLookup\bPMLookup\BPMLOOKUP.vbproj", "{8D8598D3-E17B-4742-8294-3F273C5017E7}"
EndProject
Global
	GlobalSection(SolutionConfigurationPlatforms) = preSolution
		Debug|Any CPU = Debug|Any CPU
		Release|Any CPU = Release|Any CPU
	EndGlobalSection
	GlobalSection(ProjectConfigurationPlatforms) = postSolution
		{951E39A9-A218-4EC4-8457-17C85706CC37}.Debug|Any CPU.ActiveCfg = Debug|Any CPU
		{951E39A9-A218-4EC4-8457-17C85706CC37}.Debug|Any CPU.Build.0 = Debug|Any CPU
		{951E39A9-A218-4EC4-8457-17C85706CC37}.Release|Any CPU.ActiveCfg = Release|Any CPU
		{951E39A9-A218-4EC4-8457-17C85706CC37}.Release|Any CPU.Build.0 = Release|Any CPU
		{12D8E2AF-98B0-45EA-8E51-6763BE06F766}.Debug|Any CPU.ActiveCfg = Debug|Any CPU
		{12D8E2AF-98B0-45EA-8E51-6763BE06F766}.Debug|Any CPU.Build.0 = Debug|Any CPU
		{12D8E2AF-98B0-45EA-8E51-6763BE06F766}.Release|Any CPU.ActiveCfg = Release|Any CPU
		{12D8E2AF-98B0-45EA-8E51-6763BE06F766}.Release|Any CPU.Build.0 = Release|Any CPU
		{19E663B4-140E-4AF9-B1D1-7897890CA21E}.Debug|Any CPU.ActiveCfg = Debug|Any CPU
		{19E663B4-140E-4AF9-B1D1-7897890CA21E}.Debug|Any CPU.Build.0 = Debug|Any CPU
		{19E663B4-140E-4AF9-B1D1-7897890CA21E}.Release|Any CPU.ActiveCfg = Release|Any CPU
		{19E663B4-140E-4AF9-B1D1-7897890CA21E}.Release|Any CPU.Build.0 = Release|Any CPU
		{D7A01847-22F2-45DE-88AE-FD3FD8BE762D}.Debug|Any CPU.ActiveCfg = Debug|Any CPU
		{D7A01847-22F2-45DE-88AE-FD3FD8BE762D}.Debug|Any CPU.Build.0 = Debug|Any CPU
		{D7A01847-22F2-45DE-88AE-FD3FD8BE762D}.Release|Any CPU.ActiveCfg = Release|Any CPU
		{D7A01847-22F2-45DE-88AE-FD3FD8BE762D}.Release|Any CPU.Build.0 = Release|Any CPU
		{8D8598D3-E17B-4742-8294-3F273C5017E7}.Debug|Any CPU.ActiveCfg = Debug|Any CPU
		{8D8598D3-E17B-4742-8294-3F273C5017E7}.Debug|Any CPU.Build.0 = Debug|Any CPU
		{8D8598D3-E17B-4742-8294-3F273C5017E7}.Release|Any CPU.ActiveCfg = Release|Any CPU
		{8D8598D3-E17B-4742-8294-3F273C5017E7}.Release|Any CPU.Build.0 = Release|Any CPU
	EndGlobalSection
	GlobalSection(SolutionProperties) = preSolution
		HideSolutionNode = FALSE
	EndGlobalSection
	GlobalSection(ExtensibilityGlobals) = postSolution
		SolutionGuid = {A178D3D4-ABD3-4043-B2DB-74496FFDE505}
	EndGlobalSection
EndGlobal
