
Microsoft Visual Studio Solution File, Format Version 12.00
# Visual Studio Version 17
VisualStudioVersion = 17.11.35327.3
MinimumVisualStudioVersion = 10.0.40219.1
Project("{F184B08F-C81C-45F6-A57F-5ABD9991F28F}") = "Nexus.Library", "Nexus.Library\Nexus.Library.vbproj", "{DBE041F0-949E-4A3A-8604-A59F81FAF758}"
EndProject
Project("{F184B08F-C81C-45F6-A57F-5ABD9991F28F}") = "NexusProvider", "NexusProvider\NexusProvider.vbproj", "{EF29CE11-E31C-4F16-84AA-02240C4507FB}"
EndProject
Project("{F184B08F-C81C-45F6-A57F-5ABD9991F28F}") = "NexusProvider.SAMForInsurance", "NexusProvider.SAMForInsurance\NexusProvider.SAMForInsurance.vbproj", "{B65F4FDC-77D1-438B-8D4A-90EA76413519}"
EndProject
Project("{F184B08F-C81C-45F6-A57F-5ABD9991F28F}") = "CMS.Library", "CMS.Library\CMS.Library.vbproj", "{EA1D9D29-7FF5-4BEF-82B2-E194E85E5160}"
EndProject
Project("{F184B08F-C81C-45F6-A57F-5ABD9991F28F}") = "Nexus.Utils", "Nexus.Utils\Nexus.Utils.vbproj", "{42857D04-0B2A-48A8-9B82-B272F20F81C6}"
EndProject
Project("{F184B08F-C81C-45F6-A57F-5ABD9991F28F}") = "Nexus.MembershipProvider", "MembershipProvider\Nexus.MembershipProvider.vbproj", "{65B871D7-AF5C-401F-A0A0-318B5031768D}"
EndProject
Project("{F184B08F-C81C-45F6-A57F-5ABD9991F28F}") = "Nexus.Constants", "Nexus.Session\Nexus.Constants.vbproj", "{04DF8BAC-221C-4D00-8CD3-0CFC2ADA4437}"
EndProject
Project("{F184B08F-C81C-45F6-A57F-5ABD9991F28F}") = "Nexus.Web.UI.WebControls", "Nexus.Web.UI.WebControls\Nexus.Web.UI.WebControls.vbproj", "{11482402-18FB-4F5F-8D98-8B63B0EDEB33}"
EndProject
Project("{FAE04EC0-301F-11D3-BF4B-00C04F79EFBC}") = "CSSFriendly", "..\CSSFriendly\CSSFriendly\CSSFriendly.csproj", "{1439911B-BE4E-48A0-9208-927321992C67}"
EndProject
Project("{F184B08F-C81C-45F6-A57F-5ABD9991F28F}") = "Nexus.HttpModules", "Nexus.HttpModules\Nexus.HttpModules.vbproj", "{C34F66A4-41E7-427B-92F7-F02EF6532274}"
	ProjectSection(ProjectDependencies) = postProject
		{11482402-18FB-4F5F-8D98-8B63B0EDEB33} = {11482402-18FB-4F5F-8D98-8B63B0EDEB33}
		{42857D04-0B2A-48A8-9B82-B272F20F81C6} = {42857D04-0B2A-48A8-9B82-B272F20F81C6}
		{1439911B-BE4E-48A0-9208-927321992C67} = {1439911B-BE4E-48A0-9208-927321992C67}
		{04DF8BAC-221C-4D00-8CD3-0CFC2ADA4437} = {04DF8BAC-221C-4D00-8CD3-0CFC2ADA4437}
		{65B871D7-AF5C-401F-A0A0-318B5031768D} = {65B871D7-AF5C-401F-A0A0-318B5031768D}
		{B65F4FDC-77D1-438B-8D4A-90EA76413519} = {B65F4FDC-77D1-438B-8D4A-90EA76413519}
	EndProjectSection
EndProject
Project("{F184B08F-C81C-45F6-A57F-5ABD9991F28F}") = "SAMClient", "..\SAMClient\SAMClient.vbproj", "{E8CFB48B-53D7-471C-8D84-90EEE6670C37}"
EndProject
Project("{F184B08F-C81C-45F6-A57F-5ABD9991F28F}") = "Nexus.Reinsurance", "Nexus.Reinsurance\Nexus.Reinsurance.vbproj", "{1D0238EA-14B4-4783-9089-981C852383D4}"
EndProject
Project("{FAE04EC0-301F-11D3-BF4B-00C04F79EFBC}") = "IdentityClient", "IdentityClient\IdentityClient.csproj", "{CD6B5482-471C-481B-A9A6-24A8A80F1A2D}"
EndProject
Project("{E24C65DC-7377-472B-9ABA-BC803B73C61A}") = "Pure.Portals", "http://localhost/Pure.Portals", "{CB186E22-38E4-4403-BF76-EC406830DAEC}"
	ProjectSection(WebsiteProperties) = preProject
		SccProjectName = "SAK"
		SccAuxPath = "SAK"
		SccLocalPath = "SAK"
		SccProvider = "SAK"
		UseIISExpress = "false"
		TargetFrameworkMoniker = ".NETFramework,Version%3Dv4.8"
		ProjectReferences = "{ea1d9d29-7ff5-4bef-82b2-e194e85e5160}|CMS.Library.dll;{42857D04-0B2A-48A8-9B82-B272F20F81C6}|Nexus.Utils.dll;{04DF8BAC-221C-4D00-8CD3-0CFC2ADA4437}|Nexus.Constants.dll;{DBE041F0-949E-4A3A-8604-A59F81FAF758}|Nexus.Library.dll;{1439911b-be4e-48a0-9208-927321992c67}|CSSFriendly.dll;{c34f66a4-41e7-427b-92f7-f02ef6532274}|Nexus.HttpModules.dll;{EF29CE11-E31C-4F16-84AA-02240C4507FB}|NexusProvider.dll;{65b871d7-af5c-401f-a0a0-318b5031768d}|Nexus.MembershipProvider.dll;{B65F4FDC-77D1-438B-8D4A-90EA76413519}|NexusProvider.SAMForInsurance.dll;{E8CFB48B-53D7-471C-8D84-90EEE6670C37}|SiriusFS.SAM.Client.dll;{1d0238ea-14b4-4783-9089-981c852383d4}|Nexus.Reinsurance.dll;{11482402-18fb-4f5f-8d98-8b63b0edeb33}|Nexus.Web.UI.WebControls.dll;{cd6b5482-471c-481b-a9a6-24a8a80f1a2d}|IdentityClient.dll;{B005C9F8-13A2-4D03-860C-09E440AADC0C}|SSP.PureInsuranceRestAPIHandler.dll;"
		Debug.AspNetCompiler.VirtualPath = "/Pure.Portals"
		Debug.AspNetCompiler.PhysicalPath = "Pure.Portals\"
		Debug.AspNetCompiler.TargetPath = "PrecompiledWeb\Pure.Portals\"
		Debug.AspNetCompiler.Updateable = "true"
		Debug.AspNetCompiler.ForceOverwrite = "true"
		Debug.AspNetCompiler.FixedNames = "false"
		Debug.AspNetCompiler.Debug = "True"
		Release.AspNetCompiler.VirtualPath = "/Pure.Portals"
		Release.AspNetCompiler.PhysicalPath = "Pure.Portals\"
		Release.AspNetCompiler.TargetPath = "PrecompiledWeb\Pure.Portals\"
		Release.AspNetCompiler.Updateable = "true"
		Release.AspNetCompiler.ForceOverwrite = "true"
		Release.AspNetCompiler.FixedNames = "false"
		Release.AspNetCompiler.Debug = "False"
		SlnRelativePath = "Pure.Portals\"
	EndProjectSection
EndProject
Project("{FAE04EC0-301F-11D3-BF4B-00C04F79EFBC}") = "SSP.PureInsuranceRestAPIHandler", "..\..\SSP.PureInsuranceRestAPIHandler\SSP.PureInsuranceRestAPIHandler\SSP.PureInsuranceRestAPIHandler.csproj", "{B005C9F8-13A2-4D03-860C-09E440AADC0C}"
EndProject
Global
	GlobalSection(SolutionConfigurationPlatforms) = preSolution
		Debug|.NET = Debug|.NET
		Debug|Any CPU = Debug|Any CPU
		Debug|Mixed Platforms = Debug|Mixed Platforms
		Debug|x86 = Debug|x86
		Release|.NET = Release|.NET
		Release|Any CPU = Release|Any CPU
		Release|Mixed Platforms = Release|Mixed Platforms
		Release|x86 = Release|x86
	EndGlobalSection
	GlobalSection(ProjectConfigurationPlatforms) = postSolution
		{DBE041F0-949E-4A3A-8604-A59F81FAF758}.Debug|.NET.ActiveCfg = Debug|Any CPU
		{DBE041F0-949E-4A3A-8604-A59F81FAF758}.Debug|Any CPU.ActiveCfg = Debug|Any CPU
		{DBE041F0-949E-4A3A-8604-A59F81FAF758}.Debug|Any CPU.Build.0 = Debug|Any CPU
		{DBE041F0-949E-4A3A-8604-A59F81FAF758}.Debug|Mixed Platforms.ActiveCfg = Debug|Any CPU
		{DBE041F0-949E-4A3A-8604-A59F81FAF758}.Debug|Mixed Platforms.Build.0 = Debug|Any CPU
		{DBE041F0-949E-4A3A-8604-A59F81FAF758}.Debug|x86.ActiveCfg = Debug|Any CPU
		{DBE041F0-949E-4A3A-8604-A59F81FAF758}.Debug|x86.Build.0 = Debug|Any CPU
		{DBE041F0-949E-4A3A-8604-A59F81FAF758}.Release|.NET.ActiveCfg = Release|Any CPU
		{DBE041F0-949E-4A3A-8604-A59F81FAF758}.Release|Any CPU.ActiveCfg = Release|Any CPU
		{DBE041F0-949E-4A3A-8604-A59F81FAF758}.Release|Any CPU.Build.0 = Release|Any CPU
		{DBE041F0-949E-4A3A-8604-A59F81FAF758}.Release|Mixed Platforms.ActiveCfg = Release|Any CPU
		{DBE041F0-949E-4A3A-8604-A59F81FAF758}.Release|Mixed Platforms.Build.0 = Release|Any CPU
		{DBE041F0-949E-4A3A-8604-A59F81FAF758}.Release|x86.ActiveCfg = Release|Any CPU
		{EF29CE11-E31C-4F16-84AA-02240C4507FB}.Debug|.NET.ActiveCfg = Debug|Any CPU
		{EF29CE11-E31C-4F16-84AA-02240C4507FB}.Debug|Any CPU.ActiveCfg = Debug|Any CPU
		{EF29CE11-E31C-4F16-84AA-02240C4507FB}.Debug|Any CPU.Build.0 = Debug|Any CPU
		{EF29CE11-E31C-4F16-84AA-02240C4507FB}.Debug|Mixed Platforms.ActiveCfg = Debug|Any CPU
		{EF29CE11-E31C-4F16-84AA-02240C4507FB}.Debug|Mixed Platforms.Build.0 = Debug|Any CPU
		{EF29CE11-E31C-4F16-84AA-02240C4507FB}.Debug|x86.ActiveCfg = Debug|Any CPU
		{EF29CE11-E31C-4F16-84AA-02240C4507FB}.Debug|x86.Build.0 = Debug|Any CPU
		{EF29CE11-E31C-4F16-84AA-02240C4507FB}.Release|.NET.ActiveCfg = Release|Any CPU
		{EF29CE11-E31C-4F16-84AA-02240C4507FB}.Release|Any CPU.ActiveCfg = Release|Any CPU
		{EF29CE11-E31C-4F16-84AA-02240C4507FB}.Release|Any CPU.Build.0 = Release|Any CPU
		{EF29CE11-E31C-4F16-84AA-02240C4507FB}.Release|Mixed Platforms.ActiveCfg = Release|Any CPU
		{EF29CE11-E31C-4F16-84AA-02240C4507FB}.Release|Mixed Platforms.Build.0 = Release|Any CPU
		{EF29CE11-E31C-4F16-84AA-02240C4507FB}.Release|x86.ActiveCfg = Release|Any CPU
		{B65F4FDC-77D1-438B-8D4A-90EA76413519}.Debug|.NET.ActiveCfg = Debug|Any CPU
		{B65F4FDC-77D1-438B-8D4A-90EA76413519}.Debug|Any CPU.ActiveCfg = Debug|Any CPU
		{B65F4FDC-77D1-438B-8D4A-90EA76413519}.Debug|Any CPU.Build.0 = Debug|Any CPU
		{B65F4FDC-77D1-438B-8D4A-90EA76413519}.Debug|Mixed Platforms.ActiveCfg = Debug|Any CPU
		{B65F4FDC-77D1-438B-8D4A-90EA76413519}.Debug|Mixed Platforms.Build.0 = Debug|Any CPU
		{B65F4FDC-77D1-438B-8D4A-90EA76413519}.Debug|x86.ActiveCfg = Debug|Any CPU
		{B65F4FDC-77D1-438B-8D4A-90EA76413519}.Debug|x86.Build.0 = Debug|Any CPU
		{B65F4FDC-77D1-438B-8D4A-90EA76413519}.Release|.NET.ActiveCfg = Release|Any CPU
		{B65F4FDC-77D1-438B-8D4A-90EA76413519}.Release|Any CPU.ActiveCfg = Release|Any CPU
		{B65F4FDC-77D1-438B-8D4A-90EA76413519}.Release|Any CPU.Build.0 = Release|Any CPU
		{B65F4FDC-77D1-438B-8D4A-90EA76413519}.Release|Mixed Platforms.ActiveCfg = Release|Any CPU
		{B65F4FDC-77D1-438B-8D4A-90EA76413519}.Release|Mixed Platforms.Build.0 = Release|Any CPU
		{B65F4FDC-77D1-438B-8D4A-90EA76413519}.Release|x86.ActiveCfg = Release|Any CPU
		{EA1D9D29-7FF5-4BEF-82B2-E194E85E5160}.Debug|.NET.ActiveCfg = Debug|Any CPU
		{EA1D9D29-7FF5-4BEF-82B2-E194E85E5160}.Debug|Any CPU.ActiveCfg = Debug|Any CPU
		{EA1D9D29-7FF5-4BEF-82B2-E194E85E5160}.Debug|Any CPU.Build.0 = Debug|Any CPU
		{EA1D9D29-7FF5-4BEF-82B2-E194E85E5160}.Debug|Mixed Platforms.ActiveCfg = Debug|Any CPU
		{EA1D9D29-7FF5-4BEF-82B2-E194E85E5160}.Debug|Mixed Platforms.Build.0 = Debug|Any CPU
		{EA1D9D29-7FF5-4BEF-82B2-E194E85E5160}.Debug|x86.ActiveCfg = Debug|Any CPU
		{EA1D9D29-7FF5-4BEF-82B2-E194E85E5160}.Debug|x86.Build.0 = Debug|Any CPU
		{EA1D9D29-7FF5-4BEF-82B2-E194E85E5160}.Release|.NET.ActiveCfg = Release|Any CPU
		{EA1D9D29-7FF5-4BEF-82B2-E194E85E5160}.Release|Any CPU.ActiveCfg = Release|Any CPU
		{EA1D9D29-7FF5-4BEF-82B2-E194E85E5160}.Release|Any CPU.Build.0 = Release|Any CPU
		{EA1D9D29-7FF5-4BEF-82B2-E194E85E5160}.Release|Mixed Platforms.ActiveCfg = Release|Any CPU
		{EA1D9D29-7FF5-4BEF-82B2-E194E85E5160}.Release|Mixed Platforms.Build.0 = Release|Any CPU
		{EA1D9D29-7FF5-4BEF-82B2-E194E85E5160}.Release|x86.ActiveCfg = Release|Any CPU
		{42857D04-0B2A-48A8-9B82-B272F20F81C6}.Debug|.NET.ActiveCfg = Debug|Any CPU
		{42857D04-0B2A-48A8-9B82-B272F20F81C6}.Debug|Any CPU.ActiveCfg = Debug|Any CPU
		{42857D04-0B2A-48A8-9B82-B272F20F81C6}.Debug|Any CPU.Build.0 = Debug|Any CPU
		{42857D04-0B2A-48A8-9B82-B272F20F81C6}.Debug|Mixed Platforms.ActiveCfg = Debug|Any CPU
		{42857D04-0B2A-48A8-9B82-B272F20F81C6}.Debug|Mixed Platforms.Build.0 = Debug|Any CPU
		{42857D04-0B2A-48A8-9B82-B272F20F81C6}.Debug|x86.ActiveCfg = Debug|Any CPU
		{42857D04-0B2A-48A8-9B82-B272F20F81C6}.Debug|x86.Build.0 = Debug|Any CPU
		{42857D04-0B2A-48A8-9B82-B272F20F81C6}.Release|.NET.ActiveCfg = Release|Any CPU
		{42857D04-0B2A-48A8-9B82-B272F20F81C6}.Release|Any CPU.ActiveCfg = Release|Any CPU
		{42857D04-0B2A-48A8-9B82-B272F20F81C6}.Release|Any CPU.Build.0 = Release|Any CPU
		{42857D04-0B2A-48A8-9B82-B272F20F81C6}.Release|Mixed Platforms.ActiveCfg = Release|Any CPU
		{42857D04-0B2A-48A8-9B82-B272F20F81C6}.Release|Mixed Platforms.Build.0 = Release|Any CPU
		{42857D04-0B2A-48A8-9B82-B272F20F81C6}.Release|x86.ActiveCfg = Release|Any CPU
		{65B871D7-AF5C-401F-A0A0-318B5031768D}.Debug|.NET.ActiveCfg = Debug|Any CPU
		{65B871D7-AF5C-401F-A0A0-318B5031768D}.Debug|Any CPU.ActiveCfg = Debug|Any CPU
		{65B871D7-AF5C-401F-A0A0-318B5031768D}.Debug|Any CPU.Build.0 = Debug|Any CPU
		{65B871D7-AF5C-401F-A0A0-318B5031768D}.Debug|Mixed Platforms.ActiveCfg = Debug|Any CPU
		{65B871D7-AF5C-401F-A0A0-318B5031768D}.Debug|Mixed Platforms.Build.0 = Debug|Any CPU
		{65B871D7-AF5C-401F-A0A0-318B5031768D}.Debug|x86.ActiveCfg = Debug|Any CPU
		{65B871D7-AF5C-401F-A0A0-318B5031768D}.Debug|x86.Build.0 = Debug|Any CPU
		{65B871D7-AF5C-401F-A0A0-318B5031768D}.Release|.NET.ActiveCfg = Release|Any CPU
		{65B871D7-AF5C-401F-A0A0-318B5031768D}.Release|Any CPU.ActiveCfg = Release|Any CPU
		{65B871D7-AF5C-401F-A0A0-318B5031768D}.Release|Any CPU.Build.0 = Release|Any CPU
		{65B871D7-AF5C-401F-A0A0-318B5031768D}.Release|Mixed Platforms.ActiveCfg = Release|Any CPU
		{65B871D7-AF5C-401F-A0A0-318B5031768D}.Release|Mixed Platforms.Build.0 = Release|Any CPU
		{65B871D7-AF5C-401F-A0A0-318B5031768D}.Release|x86.ActiveCfg = Release|Any CPU
		{04DF8BAC-221C-4D00-8CD3-0CFC2ADA4437}.Debug|.NET.ActiveCfg = Debug|Any CPU
		{04DF8BAC-221C-4D00-8CD3-0CFC2ADA4437}.Debug|Any CPU.ActiveCfg = Debug|Any CPU
		{04DF8BAC-221C-4D00-8CD3-0CFC2ADA4437}.Debug|Any CPU.Build.0 = Debug|Any CPU
		{04DF8BAC-221C-4D00-8CD3-0CFC2ADA4437}.Debug|Mixed Platforms.ActiveCfg = Debug|Any CPU
		{04DF8BAC-221C-4D00-8CD3-0CFC2ADA4437}.Debug|Mixed Platforms.Build.0 = Debug|Any CPU
		{04DF8BAC-221C-4D00-8CD3-0CFC2ADA4437}.Debug|x86.ActiveCfg = Debug|Any CPU
		{04DF8BAC-221C-4D00-8CD3-0CFC2ADA4437}.Debug|x86.Build.0 = Debug|Any CPU
		{04DF8BAC-221C-4D00-8CD3-0CFC2ADA4437}.Release|.NET.ActiveCfg = Release|Any CPU
		{04DF8BAC-221C-4D00-8CD3-0CFC2ADA4437}.Release|Any CPU.ActiveCfg = Release|Any CPU
		{04DF8BAC-221C-4D00-8CD3-0CFC2ADA4437}.Release|Any CPU.Build.0 = Release|Any CPU
		{04DF8BAC-221C-4D00-8CD3-0CFC2ADA4437}.Release|Mixed Platforms.ActiveCfg = Release|Any CPU
		{04DF8BAC-221C-4D00-8CD3-0CFC2ADA4437}.Release|Mixed Platforms.Build.0 = Release|Any CPU
		{04DF8BAC-221C-4D00-8CD3-0CFC2ADA4437}.Release|x86.ActiveCfg = Release|Any CPU
		{11482402-18FB-4F5F-8D98-8B63B0EDEB33}.Debug|.NET.ActiveCfg = Debug|Any CPU
		{11482402-18FB-4F5F-8D98-8B63B0EDEB33}.Debug|Any CPU.ActiveCfg = Debug|Any CPU
		{11482402-18FB-4F5F-8D98-8B63B0EDEB33}.Debug|Any CPU.Build.0 = Debug|Any CPU
		{11482402-18FB-4F5F-8D98-8B63B0EDEB33}.Debug|Mixed Platforms.ActiveCfg = Debug|Any CPU
		{11482402-18FB-4F5F-8D98-8B63B0EDEB33}.Debug|Mixed Platforms.Build.0 = Debug|Any CPU
		{11482402-18FB-4F5F-8D98-8B63B0EDEB33}.Debug|x86.ActiveCfg = Debug|Any CPU
		{11482402-18FB-4F5F-8D98-8B63B0EDEB33}.Debug|x86.Build.0 = Debug|Any CPU
		{11482402-18FB-4F5F-8D98-8B63B0EDEB33}.Release|.NET.ActiveCfg = Release|Any CPU
		{11482402-18FB-4F5F-8D98-8B63B0EDEB33}.Release|Any CPU.ActiveCfg = Release|Any CPU
		{11482402-18FB-4F5F-8D98-8B63B0EDEB33}.Release|Any CPU.Build.0 = Release|Any CPU
		{11482402-18FB-4F5F-8D98-8B63B0EDEB33}.Release|Mixed Platforms.ActiveCfg = Release|Any CPU
		{11482402-18FB-4F5F-8D98-8B63B0EDEB33}.Release|Mixed Platforms.Build.0 = Release|Any CPU
		{11482402-18FB-4F5F-8D98-8B63B0EDEB33}.Release|x86.ActiveCfg = Release|Any CPU
		{1439911B-BE4E-48A0-9208-927321992C67}.Debug|.NET.ActiveCfg = Debug|Any CPU
		{1439911B-BE4E-48A0-9208-927321992C67}.Debug|Any CPU.ActiveCfg = Debug|Any CPU
		{1439911B-BE4E-48A0-9208-927321992C67}.Debug|Any CPU.Build.0 = Debug|Any CPU
		{1439911B-BE4E-48A0-9208-927321992C67}.Debug|Mixed Platforms.ActiveCfg = Debug|Any CPU
		{1439911B-BE4E-48A0-9208-927321992C67}.Debug|Mixed Platforms.Build.0 = Debug|Any CPU
		{1439911B-BE4E-48A0-9208-927321992C67}.Debug|x86.ActiveCfg = Debug|Any CPU
		{1439911B-BE4E-48A0-9208-927321992C67}.Debug|x86.Build.0 = Debug|Any CPU
		{1439911B-BE4E-48A0-9208-927321992C67}.Release|.NET.ActiveCfg = Release|Any CPU
		{1439911B-BE4E-48A0-9208-927321992C67}.Release|Any CPU.ActiveCfg = Release|Any CPU
		{1439911B-BE4E-48A0-9208-927321992C67}.Release|Any CPU.Build.0 = Release|Any CPU
		{1439911B-BE4E-48A0-9208-927321992C67}.Release|Mixed Platforms.ActiveCfg = Release|Any CPU
		{1439911B-BE4E-48A0-9208-927321992C67}.Release|Mixed Platforms.Build.0 = Release|Any CPU
		{1439911B-BE4E-48A0-9208-927321992C67}.Release|x86.ActiveCfg = Release|Any CPU
		{C34F66A4-41E7-427B-92F7-F02EF6532274}.Debug|.NET.ActiveCfg = Debug|Any CPU
		{C34F66A4-41E7-427B-92F7-F02EF6532274}.Debug|Any CPU.ActiveCfg = Debug|Any CPU
		{C34F66A4-41E7-427B-92F7-F02EF6532274}.Debug|Any CPU.Build.0 = Debug|Any CPU
		{C34F66A4-41E7-427B-92F7-F02EF6532274}.Debug|Mixed Platforms.ActiveCfg = Debug|Any CPU
		{C34F66A4-41E7-427B-92F7-F02EF6532274}.Debug|Mixed Platforms.Build.0 = Debug|Any CPU
		{C34F66A4-41E7-427B-92F7-F02EF6532274}.Debug|x86.ActiveCfg = Debug|Any CPU
		{C34F66A4-41E7-427B-92F7-F02EF6532274}.Debug|x86.Build.0 = Debug|Any CPU
		{C34F66A4-41E7-427B-92F7-F02EF6532274}.Release|.NET.ActiveCfg = Release|Any CPU
		{C34F66A4-41E7-427B-92F7-F02EF6532274}.Release|Any CPU.ActiveCfg = Release|Any CPU
		{C34F66A4-41E7-427B-92F7-F02EF6532274}.Release|Any CPU.Build.0 = Release|Any CPU
		{C34F66A4-41E7-427B-92F7-F02EF6532274}.Release|Mixed Platforms.ActiveCfg = Release|Any CPU
		{C34F66A4-41E7-427B-92F7-F02EF6532274}.Release|Mixed Platforms.Build.0 = Release|Any CPU
		{C34F66A4-41E7-427B-92F7-F02EF6532274}.Release|x86.ActiveCfg = Release|Any CPU
		{E8CFB48B-53D7-471C-8D84-90EEE6670C37}.Debug|.NET.ActiveCfg = Debug|Any CPU
		{E8CFB48B-53D7-471C-8D84-90EEE6670C37}.Debug|Any CPU.ActiveCfg = Debug|Any CPU
		{E8CFB48B-53D7-471C-8D84-90EEE6670C37}.Debug|Any CPU.Build.0 = Debug|Any CPU
		{E8CFB48B-53D7-471C-8D84-90EEE6670C37}.Debug|Mixed Platforms.ActiveCfg = Debug|x86
		{E8CFB48B-53D7-471C-8D84-90EEE6670C37}.Debug|Mixed Platforms.Build.0 = Debug|x86
		{E8CFB48B-53D7-471C-8D84-90EEE6670C37}.Debug|x86.ActiveCfg = Debug|x86
		{E8CFB48B-53D7-471C-8D84-90EEE6670C37}.Debug|x86.Build.0 = Debug|x86
		{E8CFB48B-53D7-471C-8D84-90EEE6670C37}.Release|.NET.ActiveCfg = Release|Any CPU
		{E8CFB48B-53D7-471C-8D84-90EEE6670C37}.Release|Any CPU.ActiveCfg = Release|Any CPU
		{E8CFB48B-53D7-471C-8D84-90EEE6670C37}.Release|Any CPU.Build.0 = Release|Any CPU
		{E8CFB48B-53D7-471C-8D84-90EEE6670C37}.Release|Mixed Platforms.ActiveCfg = Release|x86
		{E8CFB48B-53D7-471C-8D84-90EEE6670C37}.Release|Mixed Platforms.Build.0 = Release|x86
		{E8CFB48B-53D7-471C-8D84-90EEE6670C37}.Release|x86.ActiveCfg = Release|x86
		{E8CFB48B-53D7-471C-8D84-90EEE6670C37}.Release|x86.Build.0 = Release|x86
		{1D0238EA-14B4-4783-9089-981C852383D4}.Debug|.NET.ActiveCfg = Debug|Any CPU
		{1D0238EA-14B4-4783-9089-981C852383D4}.Debug|Any CPU.ActiveCfg = Debug|Any CPU
		{1D0238EA-14B4-4783-9089-981C852383D4}.Debug|Any CPU.Build.0 = Debug|Any CPU
		{1D0238EA-14B4-4783-9089-981C852383D4}.Debug|Mixed Platforms.ActiveCfg = Debug|Any CPU
		{1D0238EA-14B4-4783-9089-981C852383D4}.Debug|Mixed Platforms.Build.0 = Debug|Any CPU
		{1D0238EA-14B4-4783-9089-981C852383D4}.Debug|x86.ActiveCfg = Debug|Any CPU
		{1D0238EA-14B4-4783-9089-981C852383D4}.Release|.NET.ActiveCfg = Release|Any CPU
		{1D0238EA-14B4-4783-9089-981C852383D4}.Release|Any CPU.ActiveCfg = Release|Any CPU
		{1D0238EA-14B4-4783-9089-981C852383D4}.Release|Any CPU.Build.0 = Release|Any CPU
		{1D0238EA-14B4-4783-9089-981C852383D4}.Release|Mixed Platforms.ActiveCfg = Release|Any CPU
		{1D0238EA-14B4-4783-9089-981C852383D4}.Release|Mixed Platforms.Build.0 = Release|Any CPU
		{1D0238EA-14B4-4783-9089-981C852383D4}.Release|x86.ActiveCfg = Release|Any CPU
		{CD6B5482-471C-481B-A9A6-24A8A80F1A2D}.Debug|.NET.ActiveCfg = Debug|Any CPU
		{CD6B5482-471C-481B-A9A6-24A8A80F1A2D}.Debug|.NET.Build.0 = Debug|Any CPU
		{CD6B5482-471C-481B-A9A6-24A8A80F1A2D}.Debug|Any CPU.ActiveCfg = Debug|Any CPU
		{CD6B5482-471C-481B-A9A6-24A8A80F1A2D}.Debug|Any CPU.Build.0 = Debug|Any CPU
		{CD6B5482-471C-481B-A9A6-24A8A80F1A2D}.Debug|Mixed Platforms.ActiveCfg = Debug|Any CPU
		{CD6B5482-471C-481B-A9A6-24A8A80F1A2D}.Debug|Mixed Platforms.Build.0 = Debug|Any CPU
		{CD6B5482-471C-481B-A9A6-24A8A80F1A2D}.Debug|x86.ActiveCfg = Debug|Any CPU
		{CD6B5482-471C-481B-A9A6-24A8A80F1A2D}.Debug|x86.Build.0 = Debug|Any CPU
		{CD6B5482-471C-481B-A9A6-24A8A80F1A2D}.Release|.NET.ActiveCfg = Release|Any CPU
		{CD6B5482-471C-481B-A9A6-24A8A80F1A2D}.Release|.NET.Build.0 = Release|Any CPU
		{CD6B5482-471C-481B-A9A6-24A8A80F1A2D}.Release|Any CPU.ActiveCfg = Release|Any CPU
		{CD6B5482-471C-481B-A9A6-24A8A80F1A2D}.Release|Any CPU.Build.0 = Release|Any CPU
		{CD6B5482-471C-481B-A9A6-24A8A80F1A2D}.Release|Mixed Platforms.ActiveCfg = Release|Any CPU
		{CD6B5482-471C-481B-A9A6-24A8A80F1A2D}.Release|Mixed Platforms.Build.0 = Release|Any CPU
		{CD6B5482-471C-481B-A9A6-24A8A80F1A2D}.Release|x86.ActiveCfg = Release|Any CPU
		{CD6B5482-471C-481B-A9A6-24A8A80F1A2D}.Release|x86.Build.0 = Release|Any CPU
		{CB186E22-38E4-4403-BF76-EC406830DAEC}.Debug|.NET.ActiveCfg = Debug|Any CPU
		{CB186E22-38E4-4403-BF76-EC406830DAEC}.Debug|.NET.Build.0 = Debug|Any CPU
		{CB186E22-38E4-4403-BF76-EC406830DAEC}.Debug|Any CPU.ActiveCfg = Debug|Any CPU
		{CB186E22-38E4-4403-BF76-EC406830DAEC}.Debug|Any CPU.Build.0 = Debug|Any CPU
		{CB186E22-38E4-4403-BF76-EC406830DAEC}.Debug|Mixed Platforms.ActiveCfg = Debug|Any CPU
		{CB186E22-38E4-4403-BF76-EC406830DAEC}.Debug|Mixed Platforms.Build.0 = Debug|Any CPU
		{CB186E22-38E4-4403-BF76-EC406830DAEC}.Debug|x86.ActiveCfg = Debug|Any CPU
		{CB186E22-38E4-4403-BF76-EC406830DAEC}.Debug|x86.Build.0 = Debug|Any CPU
		{CB186E22-38E4-4403-BF76-EC406830DAEC}.Release|.NET.ActiveCfg = Debug|Any CPU
		{CB186E22-38E4-4403-BF76-EC406830DAEC}.Release|.NET.Build.0 = Debug|Any CPU
		{CB186E22-38E4-4403-BF76-EC406830DAEC}.Release|Any CPU.ActiveCfg = Debug|Any CPU
		{CB186E22-38E4-4403-BF76-EC406830DAEC}.Release|Any CPU.Build.0 = Debug|Any CPU
		{CB186E22-38E4-4403-BF76-EC406830DAEC}.Release|Mixed Platforms.ActiveCfg = Debug|Any CPU
		{CB186E22-38E4-4403-BF76-EC406830DAEC}.Release|Mixed Platforms.Build.0 = Debug|Any CPU
		{CB186E22-38E4-4403-BF76-EC406830DAEC}.Release|x86.ActiveCfg = Debug|Any CPU
		{CB186E22-38E4-4403-BF76-EC406830DAEC}.Release|x86.Build.0 = Debug|Any CPU
		{B005C9F8-13A2-4D03-860C-09E440AADC0C}.Debug|.NET.ActiveCfg = Debug|Any CPU
		{B005C9F8-13A2-4D03-860C-09E440AADC0C}.Debug|.NET.Build.0 = Debug|Any CPU
		{B005C9F8-13A2-4D03-860C-09E440AADC0C}.Debug|Any CPU.ActiveCfg = Debug|Any CPU
		{B005C9F8-13A2-4D03-860C-09E440AADC0C}.Debug|Any CPU.Build.0 = Debug|Any CPU
		{B005C9F8-13A2-4D03-860C-09E440AADC0C}.Debug|Mixed Platforms.ActiveCfg = Debug|Any CPU
		{B005C9F8-13A2-4D03-860C-09E440AADC0C}.Debug|Mixed Platforms.Build.0 = Debug|Any CPU
		{B005C9F8-13A2-4D03-860C-09E440AADC0C}.Debug|x86.ActiveCfg = Debug|Any CPU
		{B005C9F8-13A2-4D03-860C-09E440AADC0C}.Debug|x86.Build.0 = Debug|Any CPU
		{B005C9F8-13A2-4D03-860C-09E440AADC0C}.Release|.NET.ActiveCfg = Release|Any CPU
		{B005C9F8-13A2-4D03-860C-09E440AADC0C}.Release|.NET.Build.0 = Release|Any CPU
		{B005C9F8-13A2-4D03-860C-09E440AADC0C}.Release|Any CPU.ActiveCfg = Release|Any CPU
		{B005C9F8-13A2-4D03-860C-09E440AADC0C}.Release|Any CPU.Build.0 = Release|Any CPU
		{B005C9F8-13A2-4D03-860C-09E440AADC0C}.Release|Mixed Platforms.ActiveCfg = Release|Any CPU
		{B005C9F8-13A2-4D03-860C-09E440AADC0C}.Release|Mixed Platforms.Build.0 = Release|Any CPU
		{B005C9F8-13A2-4D03-860C-09E440AADC0C}.Release|x86.ActiveCfg = Release|Any CPU
		{B005C9F8-13A2-4D03-860C-09E440AADC0C}.Release|x86.Build.0 = Release|Any CPU
	EndGlobalSection
	GlobalSection(SolutionProperties) = preSolution
		HideSolutionNode = FALSE
	EndGlobalSection
	GlobalSection(ExtensibilityGlobals) = postSolution
		SolutionGuid = {CDDEEED1-5D3A-4D41-8EA9-1996538F7994}
	EndGlobalSection
EndGlobal
