
Microsoft Visual Studio Solution File, Format Version 12.00
# Visual Studio 15
VisualStudioVersion = 15.0.27130.2036
MinimumVisualStudioVersion = 10.0.40219.1
Project("{F184B08F-C81C-45F6-A57F-5ABD9991F28F}") = "bSIRReinsurance", "bSIRReinsurance.vbproj", "{5499AF6D-3D1C-4122-A3F2-3917E92540E3}"
EndProject
Project("{F184B08F-C81C-45F6-A57F-5ABD9991F28F}") = "cSIRRIControls", "..\..\..\User Controls\cSIRReinsuranceControls\cSIRRIControls.vbproj", "{C25FE872-C117-4019-880B-0DA741610CF6}"
EndProject
Project("{F184B08F-C81C-45F6-A57F-5ABD9991F28F}") = "iPMUReinsurance", "..\..\Interface\iPMUReinsurance\iPMUReinsurance.vbproj", "{4DFF57D1-E479-48B4-AD16-DBBFBBBD6E10}"
EndProject
Global
	GlobalSection(SolutionConfigurationPlatforms) = preSolution
		Debug|Any CPU = Debug|Any CPU
		Release|Any CPU = Release|Any CPU
	EndGlobalSection
	GlobalSection(ProjectConfigurationPlatforms) = postSolution
		{5499AF6D-3D1C-4122-A3F2-3917E92540E3}.Debug|Any CPU.ActiveCfg = Debug|Any CPU
		{5499AF6D-3D1C-4122-A3F2-3917E92540E3}.Debug|Any CPU.Build.0 = Debug|Any CPU
		{5499AF6D-3D1C-4122-A3F2-3917E92540E3}.Release|Any CPU.ActiveCfg = Release|Any CPU
		{5499AF6D-3D1C-4122-A3F2-3917E92540E3}.Release|Any CPU.Build.0 = Release|Any CPU
		{C25FE872-C117-4019-880B-0DA741610CF6}.Debug|Any CPU.ActiveCfg = Debug|Any CPU
		{C25FE872-C117-4019-880B-0DA741610CF6}.Debug|Any CPU.Build.0 = Debug|Any CPU
		{C25FE872-C117-4019-880B-0DA741610CF6}.Release|Any CPU.ActiveCfg = Release|Any CPU
		{C25FE872-C117-4019-880B-0DA741610CF6}.Release|Any CPU.Build.0 = Release|Any CPU
		{4DFF57D1-E479-48B4-AD16-DBBFBBBD6E10}.Debug|Any CPU.ActiveCfg = Debug|Any CPU
		{4DFF57D1-E479-48B4-AD16-DBBFBBBD6E10}.Debug|Any CPU.Build.0 = Debug|Any CPU
		{4DFF57D1-E479-48B4-AD16-DBBFBBBD6E10}.Release|Any CPU.ActiveCfg = Release|Any CPU
		{4DFF57D1-E479-48B4-AD16-DBBFBBBD6E10}.Release|Any CPU.Build.0 = Release|Any CPU
	EndGlobalSection
	GlobalSection(SolutionProperties) = preSolution
		HideSolutionNode = FALSE
	EndGlobalSection
	GlobalSection(ExtensibilityGlobals) = postSolution
		SolutionGuid = {E8B09E53-DFD1-4E82-B5E9-3C248C777D68}
	EndGlobalSection
	GlobalSection(TeamFoundationVersionControl) = preSolution
		SccNumberOfProjects = 3
		SccEnterpriseProvider = {4CA58AB2-18FA-4F8D-95D4-32DDF27D184C}
		SccTeamFoundationServer = http://tfs2015:8080/tfs/insurer
		SccProjectUniqueName0 = bSIRReinsurance.vbproj
		SccProjectName0 = .
		SccAuxPath0 = http://tfs2015:8080/tfs/insurer
		SccLocalPath0 = .
		SccProvider0 = {4CA58AB2-18FA-4F8D-95D4-32DDF27D184C}
		SccProjectUniqueName1 = ..\\..\\..\\User\u0020Controls\\cSIRReinsuranceControls\\cSIRRIControls.vbproj
		SccProjectName1 = ../../../User\u0020Controls/cSIRReinsuranceControls
		SccAuxPath1 = http://tfs2015:8080/tfs/insurer
		SccLocalPath1 = ..\\..\\..\\User\u0020Controls\\cSIRReinsuranceControls
		SccProvider1 = {4CA58AB2-18FA-4F8D-95D4-32DDF27D184C}
		SccProjectUniqueName2 = ..\\..\\Interface\\iPMUReinsurance\\iPMUReinsurance.vbproj
		SccProjectName2 = ../../Interface/iPMUReinsurance
		SccAuxPath2 = http://tfs2015:8080/tfs/insurer
		SccLocalPath2 = ..\\..\\Interface\\iPMUReinsurance
		SccProvider2 = {4CA58AB2-18FA-4F8D-95D4-32DDF27D184C}
	EndGlobalSection
EndGlobal
