
Microsoft Visual Studio Solution File, Format Version 10.00
# Visual Studio 2008
Project("{F184B08F-C81C-45F6-A57F-5ABD9991F28F}") = "PMResizerControl", "PMResizerControl.vbproj", "{B3E21CC5-5E0E-4075-AEAA-0445A70A41EC}"
EndProject
Global
	GlobalSection(SolutionConfigurationPlatforms) = preSolution
		Debug|Any CPU = Debug|Any CPU
		Release|Any CPU = Release|Any CPU
	EndGlobalSection
	GlobalSection(ProjectConfigurationPlatforms) = postSolution
		{B3E21CC5-5E0E-4075-AEAA-0445A70A41EC}.Debug|Any CPU.ActiveCfg = Debug|Any CPU
		{B3E21CC5-5E0E-4075-AEAA-0445A70A41EC}.Debug|Any CPU.Build.0 = Debug|Any CPU
		{B3E21CC5-5E0E-4075-AEAA-0445A70A41EC}.Release|Any CPU.ActiveCfg = Release|Any CPU
		{B3E21CC5-5E0E-4075-AEAA-0445A70A41EC}.Release|Any CPU.Build.0 = Release|Any CPU
	EndGlobalSection
	GlobalSection(SolutionProperties) = preSolution
		HideSolutionNode = FALSE
	EndGlobalSection
EndGlobal
