
Microsoft Visual Studio Solution File, Format Version 12.00
# Visual Studio 2012
Project("{F184B08F-C81C-45F6-A57F-5ABD9991F28F}") = "bCLMResvDefn", "bCLMResvDefn.vbproj", "{41E473C8-205D-45B7-9610-CF8C9BFC4085}"
EndProject
Global
	GlobalSection(SolutionConfigurationPlatforms) = preSolution
		Debug|Any CPU = Debug|Any CPU
		Release|Any CPU = Release|Any CPU
	EndGlobalSection
	GlobalSection(ProjectConfigurationPlatforms) = postSolution
		{41E473C8-205D-45B7-9610-CF8C9BFC4085}.Debug|Any CPU.ActiveCfg = Debug|Any CPU
		{41E473C8-205D-45B7-9610-CF8C9BFC4085}.Debug|Any CPU.Build.0 = Debug|Any CPU
		{41E473C8-205D-45B7-9610-CF8C9BFC4085}.Release|Any CPU.ActiveCfg = Release|Any CPU
		{41E473C8-205D-45B7-9610-CF8C9BFC4085}.Release|Any CPU.Build.0 = Release|Any CPU
	EndGlobalSection
	GlobalSection(SolutionProperties) = preSolution
		HideSolutionNode = FALSE
	EndGlobalSection
EndGlobal
