
Microsoft Visual Studio Solution File, Format Version 12.00
# Visual Studio Version 17
VisualStudioVersion = 17.6.33723.286
MinimumVisualStudioVersion = 10.0.40219.1
Project("{F184B08F-C81C-45F6-A57F-5ABD9991F28F}") = "bSIRContact", "bSIRContact.vbproj", "{3698AEE9-421A-4AB9-B206-15D46F4BA04A}"
EndProject
Project("{F184B08F-C81C-45F6-A57F-5ABD9991F28F}") = "dSIRContact", "..\..\Data\dSIRContact\dSIRContact.vbproj", "{EA619814-15D8-40A3-A63F-9F2DADB09682}"
EndProject
Global
	GlobalSection(SolutionConfigurationPlatforms) = preSolution
		Debug|Any CPU = Debug|Any CPU
		Release|Any CPU = Release|Any CPU
	EndGlobalSection
	GlobalSection(ProjectConfigurationPlatforms) = postSolution
		{3698AEE9-421A-4AB9-B206-15D46F4BA04A}.Debug|Any CPU.ActiveCfg = Debug|Any CPU
		{3698AEE9-421A-4AB9-B206-15D46F4BA04A}.Debug|Any CPU.Build.0 = Debug|Any CPU
		{3698AEE9-421A-4AB9-B206-15D46F4BA04A}.Release|Any CPU.ActiveCfg = Release|Any CPU
		{3698AEE9-421A-4AB9-B206-15D46F4BA04A}.Release|Any CPU.Build.0 = Release|Any CPU
		{EA619814-15D8-40A3-A63F-9F2DADB09682}.Debug|Any CPU.ActiveCfg = Debug|Any CPU
		{EA619814-15D8-40A3-A63F-9F2DADB09682}.Debug|Any CPU.Build.0 = Debug|Any CPU
		{EA619814-15D8-40A3-A63F-9F2DADB09682}.Release|Any CPU.ActiveCfg = Release|Any CPU
		{EA619814-15D8-40A3-A63F-9F2DADB09682}.Release|Any CPU.Build.0 = Release|Any CPU
	EndGlobalSection
	GlobalSection(SolutionProperties) = preSolution
		HideSolutionNode = FALSE
	EndGlobalSection
	GlobalSection(ExtensibilityGlobals) = postSolution
		SolutionGuid = {70668E15-D40E-414A-B345-F1F01AB0C547}
	EndGlobalSection
EndGlobal
