
Microsoft Visual Studio Solution File, Format Version 12.00
# Visual Studio 2012
Project("{F184B08F-C81C-45F6-A57F-5ABD9991F28F}") = "iSIRUnpostedTransactions", "iSIRUnpostedTransactions.vbproj", "{A6C64AFE-23DC-4E38-8310-3A13354D99AD}"
EndProject
Global
	GlobalSection(SolutionConfigurationPlatforms) = preSolution
		Debug|Any CPU = Debug|Any CPU
		Release|Any CPU = Release|Any CPU
	EndGlobalSection
	GlobalSection(ProjectConfigurationPlatforms) = postSolution
		{A6C64AFE-23DC-4E38-8310-3A13354D99AD}.Debug|Any CPU.ActiveCfg = Debug|Any CPU
		{A6C64AFE-23DC-4E38-8310-3A13354D99AD}.Debug|Any CPU.Build.0 = Debug|Any CPU
		{A6C64AFE-23DC-4E38-8310-3A13354D99AD}.Release|Any CPU.ActiveCfg = Release|Any CPU
		{A6C64AFE-23DC-4E38-8310-3A13354D99AD}.Release|Any CPU.Build.0 = Release|Any CPU
	EndGlobalSection
	GlobalSection(SolutionProperties) = preSolution
		HideSolutionNode = FALSE
	EndGlobalSection
EndGlobal
