
Microsoft Visual Studio Solution File, Format Version 12.00
# Visual Studio 2012
Project("{F184B08F-C81C-45F6-A57F-5ABD9991F28F}") = "iACTFindCashList", "iACTFindCashList.vbproj", "{72A87EB0-6E22-4A5C-A03B-5B715F3E797C}"
EndProject
Global
	GlobalSection(SolutionConfigurationPlatforms) = preSolution
		Debug|Any CPU = Debug|Any CPU
		Release|Any CPU = Release|Any CPU
	EndGlobalSection
	GlobalSection(ProjectConfigurationPlatforms) = postSolution
		{72A87EB0-6E22-4A5C-A03B-5B715F3E797C}.Debug|Any CPU.ActiveCfg = Debug|Any CPU
		{72A87EB0-6E22-4A5C-A03B-5B715F3E797C}.Debug|Any CPU.Build.0 = Debug|Any CPU
		{72A87EB0-6E22-4A5C-A03B-5B715F3E797C}.Release|Any CPU.ActiveCfg = Release|Any CPU
		{72A87EB0-6E22-4A5C-A03B-5B715F3E797C}.Release|Any CPU.Build.0 = Release|Any CPU
	EndGlobalSection
	GlobalSection(SolutionProperties) = preSolution
		HideSolutionNode = FALSE
	EndGlobalSection
EndGlobal
