
Microsoft Visual Studio Solution File, Format Version 12.00
# Visual Studio 2012
Project("{F184B08F-C81C-45F6-A57F-5ABD9991F28F}") = "bCLMClaimPartyLink", "bCLMClaimPartyLink.vbproj", "{80134D65-92DD-49D1-8F0B-F9FBC560BA63}"
EndProject
Global
	GlobalSection(SolutionConfigurationPlatforms) = preSolution
		Debug|Any CPU = Debug|Any CPU
		Release|Any CPU = Release|Any CPU
	EndGlobalSection
	GlobalSection(ProjectConfigurationPlatforms) = postSolution
		{80134D65-92DD-49D1-8F0B-F9FBC560BA63}.Debug|Any CPU.ActiveCfg = Debug|Any CPU
		{80134D65-92DD-49D1-8F0B-F9FBC560BA63}.Debug|Any CPU.Build.0 = Debug|Any CPU
		{80134D65-92DD-49D1-8F0B-F9FBC560BA63}.Release|Any CPU.ActiveCfg = Release|Any CPU
		{80134D65-92DD-49D1-8F0B-F9FBC560BA63}.Release|Any CPU.Build.0 = Release|Any CPU
	EndGlobalSection
	GlobalSection(SolutionProperties) = preSolution
		HideSolutionNode = FALSE
	EndGlobalSection
EndGlobal
