
Microsoft Visual Studio Solution File, Format Version 12.00
# Visual Studio 2012
Project("{F184B08F-C81C-45F6-A57F-5ABD9991F28F}") = "iGISUserDefDetailRate", "iGISUserDefDetailRate.vbproj", "{DF1B5827-BD7F-47DD-9D86-E37FC4E28DCE}"
EndProject
Global
	GlobalSection(SolutionConfigurationPlatforms) = preSolution
		Debug|Any CPU = Debug|Any CPU
		Release|Any CPU = Release|Any CPU
	EndGlobalSection
	GlobalSection(ProjectConfigurationPlatforms) = postSolution
		{DF1B5827-BD7F-47DD-9D86-E37FC4E28DCE}.Debug|Any CPU.ActiveCfg = Debug|Any CPU
		{DF1B5827-BD7F-47DD-9D86-E37FC4E28DCE}.Debug|Any CPU.Build.0 = Debug|Any CPU
		{DF1B5827-BD7F-47DD-9D86-E37FC4E28DCE}.Release|Any CPU.ActiveCfg = Release|Any CPU
		{DF1B5827-BD7F-47DD-9D86-E37FC4E28DCE}.Release|Any CPU.Build.0 = Release|Any CPU
	EndGlobalSection
	GlobalSection(SolutionProperties) = preSolution
		HideSolutionNode = FALSE
	EndGlobalSection
EndGlobal
