
Microsoft Visual Studio Solution File, Format Version 12.00
# Visual Studio Version 17
VisualStudioVersion = 17.6.33723.286
MinimumVisualStudioVersion = 10.0.40219.1
Project("{F184B08F-C81C-45F6-A57F-5ABD9991F28F}") = "dSIRInsuranceFileSystem", "dSIRInsuranceFileSystem.vbproj", "{5934EB04-9957-4765-BA6B-01C7E85D4C1D}"
EndProject
Project("{F184B08F-C81C-45F6-A57F-5ABD9991F28F}") = "bSIRInsuranceFileSystem", "..\..\Business\bSIRInsuranceFileSystem\bSIRInsuranceFileSystem.vbproj", "{89B79876-F528-42E8-9A3D-E28239E23116}"
EndProject
Project("{778DAE3C-4631-46EA-AA77-85C1314464D9}") = "BPMLOOKUP", "..\..\..\..\..\Sirius Architecture\Components\PMLookup\bPMLookup\BPMLOOKUP.vbproj", "{1A781808-8664-441D-8D51-F0D44F5B4B82}"
EndProject
Global
	GlobalSection(SolutionConfigurationPlatforms) = preSolution
		Debug|Any CPU = Debug|Any CPU
		Release|Any CPU = Release|Any CPU
	EndGlobalSection
	GlobalSection(ProjectConfigurationPlatforms) = postSolution
		{5934EB04-9957-4765-BA6B-01C7E85D4C1D}.Debug|Any CPU.ActiveCfg = Debug|Any CPU
		{5934EB04-9957-4765-BA6B-01C7E85D4C1D}.Debug|Any CPU.Build.0 = Debug|Any CPU
		{5934EB04-9957-4765-BA6B-01C7E85D4C1D}.Release|Any CPU.ActiveCfg = Release|Any CPU
		{5934EB04-9957-4765-BA6B-01C7E85D4C1D}.Release|Any CPU.Build.0 = Release|Any CPU
		{89B79876-F528-42E8-9A3D-E28239E23116}.Debug|Any CPU.ActiveCfg = Debug|Any CPU
		{89B79876-F528-42E8-9A3D-E28239E23116}.Debug|Any CPU.Build.0 = Debug|Any CPU
		{89B79876-F528-42E8-9A3D-E28239E23116}.Release|Any CPU.ActiveCfg = Release|Any CPU
		{89B79876-F528-42E8-9A3D-E28239E23116}.Release|Any CPU.Build.0 = Release|Any CPU
		{1A781808-8664-441D-8D51-F0D44F5B4B82}.Debug|Any CPU.ActiveCfg = Debug|Any CPU
		{1A781808-8664-441D-8D51-F0D44F5B4B82}.Debug|Any CPU.Build.0 = Debug|Any CPU
		{1A781808-8664-441D-8D51-F0D44F5B4B82}.Release|Any CPU.ActiveCfg = Release|Any CPU
		{1A781808-8664-441D-8D51-F0D44F5B4B82}.Release|Any CPU.Build.0 = Release|Any CPU
	EndGlobalSection
	GlobalSection(SolutionProperties) = preSolution
		HideSolutionNode = FALSE
	EndGlobalSection
	GlobalSection(ExtensibilityGlobals) = postSolution
		SolutionGuid = {884967BE-FD74-46A3-9A66-962BA42FEE80}
	EndGlobalSection
EndGlobal
