
Microsoft Visual Studio Solution File, Format Version 12.00
# Visual Studio Version 16
VisualStudioVersion = 16.0.30717.126
MinimumVisualStudioVersion = 10.0.40219.1
Project("{FAE04EC0-301F-11D3-BF4B-00C04F79EFBC}") = "Sspi.Common.Aws", "Sspi.Common.Aws\Sspi.Common.Aws.csproj", "{B368105B-A71A-4C12-AB0B-65FE0FE93A41}"
EndProject
Global
	GlobalSection(SolutionConfigurationPlatforms) = preSolution
		Debug|Any CPU = Debug|Any CPU
		Release|Any CPU = Release|Any CPU
	EndGlobalSection
	GlobalSection(ProjectConfigurationPlatforms) = postSolution
		{B368105B-A71A-4C12-AB0B-65FE0FE93A41}.Debug|Any CPU.ActiveCfg = Debug|Any CPU
		{B368105B-A71A-4C12-AB0B-65FE0FE93A41}.Debug|Any CPU.Build.0 = Debug|Any CPU
		{B368105B-A71A-4C12-AB0B-65FE0FE93A41}.Release|Any CPU.ActiveCfg = Release|Any CPU
		{B368105B-A71A-4C12-AB0B-65FE0FE93A41}.Release|Any CPU.Build.0 = Release|Any CPU
	EndGlobalSection
	GlobalSection(SolutionProperties) = preSolution
		HideSolutionNode = FALSE
	EndGlobalSection
	GlobalSection(ExtensibilityGlobals) = postSolution
		SolutionGuid = {46FED7F9-69CE-43BD-9E91-E5507A20FC86}
	EndGlobalSection
EndGlobal
