
Microsoft Visual Studio Solution File, Format Version 12.00
# Visual Studio 2012
Project("{F184B08F-C81C-45F6-A57F-5ABD9991F28F}") = "bSIRTreaty", "bSIRTreaty.vbproj", "{3649F49C-551B-487F-9F40-1F3F7A90147D}"
EndProject
Global
	GlobalSection(SolutionConfigurationPlatforms) = preSolution
		Debug|Any CPU = Debug|Any CPU
		Release|Any CPU = Release|Any CPU
	EndGlobalSection
	GlobalSection(ProjectConfigurationPlatforms) = postSolution
		{3649F49C-551B-487F-9F40-1F3F7A90147D}.Debug|Any CPU.ActiveCfg = Debug|Any CPU
		{3649F49C-551B-487F-9F40-1F3F7A90147D}.Debug|Any CPU.Build.0 = Debug|Any CPU
		{3649F49C-551B-487F-9F40-1F3F7A90147D}.Release|Any CPU.ActiveCfg = Release|Any CPU
		{3649F49C-551B-487F-9F40-1F3F7A90147D}.Release|Any CPU.Build.0 = Release|Any CPU
	EndGlobalSection
	GlobalSection(SolutionProperties) = preSolution
		HideSolutionNode = FALSE
	EndGlobalSection
EndGlobal
