
Microsoft Visual Studio Solution File, Format Version 12.00
# Visual Studio Version 17
VisualStudioVersion = 17.7.34031.279
MinimumVisualStudioVersion = 10.0.40219.1
Project("{F184B08F-C81C-45F6-A57F-5ABD9991F28F}") = "SListBar", "SListBar.vbproj", "{3F7343D4-D5D9-4886-A402-1C25B2F80E0B}"
EndProject
Project("{F184B08F-C81C-45F6-A57F-5ABD9991F28F}") = "iPMWorkManager", "..\..\Sirius Architecture\Components\PMWrkManager\iPMWorkManager\iPMWorkManager.vbproj", "{41619E25-9538-4366-AB40-778EF6FB5368}"
EndProject
Project("{F184B08F-C81C-45F6-A57F-5ABD9991F28F}") = "SharedFiles", "..\..\Shared Files\SharedFiles.vbproj", "{75B332A4-0A11-489C-B09B-E8B86394FC8C}"
EndProject
Project("{F184B08F-C81C-45F6-A57F-5ABD9991F28F}") = "DPMDAO", "..\..\Sirius Architecture\Components\dPMDAO\DPMDAO.vbproj", "{EE7245E5-020D-4DE4-812E-6A6F915FCFAB}"
EndProject
Project("{F184B08F-C81C-45F6-A57F-5ABD9991F28F}") = "PMUserGroupLookup", "..\..\Sirius Architecture\Components\User Controls\PMUserGroupLookup\PMUserGroupLookup.vbproj", "{281050A5-3D47-4884-BA42-1DEF1B1701E5}"
EndProject
Project("{F184B08F-C81C-45F6-A57F-5ABD9991F28F}") = "Sirius.Document.Utility", "..\..\Sirius Back Office Core\Components\Document Utility\Sirius.Document.Utility.vbproj", "{BBA9D796-6F5C-4BA6-87CA-FB0D81B2D76C}"
EndProject
Project("{F184B08F-C81C-45F6-A57F-5ABD9991F28F}") = "PMUserLookup", "..\..\Sirius Architecture\Components\User Controls\PMUserLookup\PMUserLookup.vbproj", "{C7836502-08B1-4BC2-97D4-E7C3C78F0B0E}"
EndProject
Project("{F184B08F-C81C-45F6-A57F-5ABD9991F28F}") = "ILOGONSTATUSMANAGER", "..\..\Sirius Architecture\Components\iLogonStatusManager\ILOGONSTATUSMANAGER.vbproj", "{95838885-A772-456C-A9BC-1CACF0F6B022}"
EndProject
Project("{F184B08F-C81C-45F6-A57F-5ABD9991F28F}") = "ILOGONMANAGER", "..\..\Sirius Architecture\Components\iLogonManager\ILOGONMANAGER.vbproj", "{06EECAF8-DD2C-460D-A4BC-CD0979A8F01D}"
EndProject
Project("{F184B08F-C81C-45F6-A57F-5ABD9991F28F}") = "Ilogonserver", "..\..\Sirius Architecture\Components\Ilogonserver\Ilogonserver.vbproj", "{918497E7-D92D-45DD-A401-B16C8DE66AA4}"
EndProject
Global
	GlobalSection(SolutionConfigurationPlatforms) = preSolution
		Debug|Any CPU = Debug|Any CPU
		Debug|x64 = Debug|x64
		Debug|x86 = Debug|x86
		Release|Any CPU = Release|Any CPU
		Release|x64 = Release|x64
		Release|x86 = Release|x86
	EndGlobalSection
	GlobalSection(ProjectConfigurationPlatforms) = postSolution
		{3F7343D4-D5D9-4886-A402-1C25B2F80E0B}.Debug|Any CPU.ActiveCfg = Debug|Any CPU
		{3F7343D4-D5D9-4886-A402-1C25B2F80E0B}.Debug|Any CPU.Build.0 = Debug|Any CPU
		{3F7343D4-D5D9-4886-A402-1C25B2F80E0B}.Debug|x64.ActiveCfg = Debug|x64
		{3F7343D4-D5D9-4886-A402-1C25B2F80E0B}.Debug|x64.Build.0 = Debug|x64
		{3F7343D4-D5D9-4886-A402-1C25B2F80E0B}.Debug|x86.ActiveCfg = Debug|x86
		{3F7343D4-D5D9-4886-A402-1C25B2F80E0B}.Debug|x86.Build.0 = Debug|x86
		{3F7343D4-D5D9-4886-A402-1C25B2F80E0B}.Release|Any CPU.ActiveCfg = Release|Any CPU
		{3F7343D4-D5D9-4886-A402-1C25B2F80E0B}.Release|Any CPU.Build.0 = Release|Any CPU
		{3F7343D4-D5D9-4886-A402-1C25B2F80E0B}.Release|x64.ActiveCfg = Release|x64
		{3F7343D4-D5D9-4886-A402-1C25B2F80E0B}.Release|x64.Build.0 = Release|x64
		{3F7343D4-D5D9-4886-A402-1C25B2F80E0B}.Release|x86.ActiveCfg = Release|x86
		{3F7343D4-D5D9-4886-A402-1C25B2F80E0B}.Release|x86.Build.0 = Release|x86
		{41619E25-9538-4366-AB40-778EF6FB5368}.Debug|Any CPU.ActiveCfg = Debug|Any CPU
		{41619E25-9538-4366-AB40-778EF6FB5368}.Debug|Any CPU.Build.0 = Debug|Any CPU
		{41619E25-9538-4366-AB40-778EF6FB5368}.Debug|x64.ActiveCfg = Debug|Any CPU
		{41619E25-9538-4366-AB40-778EF6FB5368}.Debug|x64.Build.0 = Debug|Any CPU
		{41619E25-9538-4366-AB40-778EF6FB5368}.Debug|x86.ActiveCfg = Debug|Any CPU
		{41619E25-9538-4366-AB40-778EF6FB5368}.Debug|x86.Build.0 = Debug|Any CPU
		{41619E25-9538-4366-AB40-778EF6FB5368}.Release|Any CPU.ActiveCfg = Release|Any CPU
		{41619E25-9538-4366-AB40-778EF6FB5368}.Release|Any CPU.Build.0 = Release|Any CPU
		{41619E25-9538-4366-AB40-778EF6FB5368}.Release|x64.ActiveCfg = Release|Any CPU
		{41619E25-9538-4366-AB40-778EF6FB5368}.Release|x64.Build.0 = Release|Any CPU
		{41619E25-9538-4366-AB40-778EF6FB5368}.Release|x86.ActiveCfg = Release|Any CPU
		{41619E25-9538-4366-AB40-778EF6FB5368}.Release|x86.Build.0 = Release|Any CPU
		{75B332A4-0A11-489C-B09B-E8B86394FC8C}.Debug|Any CPU.ActiveCfg = Debug|Any CPU
		{75B332A4-0A11-489C-B09B-E8B86394FC8C}.Debug|Any CPU.Build.0 = Debug|Any CPU
		{75B332A4-0A11-489C-B09B-E8B86394FC8C}.Debug|x64.ActiveCfg = Debug|Any CPU
		{75B332A4-0A11-489C-B09B-E8B86394FC8C}.Debug|x64.Build.0 = Debug|Any CPU
		{75B332A4-0A11-489C-B09B-E8B86394FC8C}.Debug|x86.ActiveCfg = Debug|Any CPU
		{75B332A4-0A11-489C-B09B-E8B86394FC8C}.Debug|x86.Build.0 = Debug|Any CPU
		{75B332A4-0A11-489C-B09B-E8B86394FC8C}.Release|Any CPU.ActiveCfg = Release|Any CPU
		{75B332A4-0A11-489C-B09B-E8B86394FC8C}.Release|Any CPU.Build.0 = Release|Any CPU
		{75B332A4-0A11-489C-B09B-E8B86394FC8C}.Release|x64.ActiveCfg = Release|Any CPU
		{75B332A4-0A11-489C-B09B-E8B86394FC8C}.Release|x64.Build.0 = Release|Any CPU
		{75B332A4-0A11-489C-B09B-E8B86394FC8C}.Release|x86.ActiveCfg = Release|Any CPU
		{75B332A4-0A11-489C-B09B-E8B86394FC8C}.Release|x86.Build.0 = Release|Any CPU
		{EE7245E5-020D-4DE4-812E-6A6F915FCFAB}.Debug|Any CPU.ActiveCfg = Debug|Any CPU
		{EE7245E5-020D-4DE4-812E-6A6F915FCFAB}.Debug|Any CPU.Build.0 = Debug|Any CPU
		{EE7245E5-020D-4DE4-812E-6A6F915FCFAB}.Debug|x64.ActiveCfg = Debug|Any CPU
		{EE7245E5-020D-4DE4-812E-6A6F915FCFAB}.Debug|x64.Build.0 = Debug|Any CPU
		{EE7245E5-020D-4DE4-812E-6A6F915FCFAB}.Debug|x86.ActiveCfg = Debug|Any CPU
		{EE7245E5-020D-4DE4-812E-6A6F915FCFAB}.Debug|x86.Build.0 = Debug|Any CPU
		{EE7245E5-020D-4DE4-812E-6A6F915FCFAB}.Release|Any CPU.ActiveCfg = Release|Any CPU
		{EE7245E5-020D-4DE4-812E-6A6F915FCFAB}.Release|Any CPU.Build.0 = Release|Any CPU
		{EE7245E5-020D-4DE4-812E-6A6F915FCFAB}.Release|x64.ActiveCfg = Release|Any CPU
		{EE7245E5-020D-4DE4-812E-6A6F915FCFAB}.Release|x64.Build.0 = Release|Any CPU
		{EE7245E5-020D-4DE4-812E-6A6F915FCFAB}.Release|x86.ActiveCfg = Release|Any CPU
		{EE7245E5-020D-4DE4-812E-6A6F915FCFAB}.Release|x86.Build.0 = Release|Any CPU
		{281050A5-3D47-4884-BA42-1DEF1B1701E5}.Debug|Any CPU.ActiveCfg = Debug|Any CPU
		{281050A5-3D47-4884-BA42-1DEF1B1701E5}.Debug|Any CPU.Build.0 = Debug|Any CPU
		{281050A5-3D47-4884-BA42-1DEF1B1701E5}.Debug|x64.ActiveCfg = Debug|Any CPU
		{281050A5-3D47-4884-BA42-1DEF1B1701E5}.Debug|x64.Build.0 = Debug|Any CPU
		{281050A5-3D47-4884-BA42-1DEF1B1701E5}.Debug|x86.ActiveCfg = Debug|Any CPU
		{281050A5-3D47-4884-BA42-1DEF1B1701E5}.Debug|x86.Build.0 = Debug|Any CPU
		{281050A5-3D47-4884-BA42-1DEF1B1701E5}.Release|Any CPU.ActiveCfg = Release|Any CPU
		{281050A5-3D47-4884-BA42-1DEF1B1701E5}.Release|Any CPU.Build.0 = Release|Any CPU
		{281050A5-3D47-4884-BA42-1DEF1B1701E5}.Release|x64.ActiveCfg = Release|Any CPU
		{281050A5-3D47-4884-BA42-1DEF1B1701E5}.Release|x64.Build.0 = Release|Any CPU
		{281050A5-3D47-4884-BA42-1DEF1B1701E5}.Release|x86.ActiveCfg = Release|Any CPU
		{281050A5-3D47-4884-BA42-1DEF1B1701E5}.Release|x86.Build.0 = Release|Any CPU
		{BBA9D796-6F5C-4BA6-87CA-FB0D81B2D76C}.Debug|Any CPU.ActiveCfg = Debug|Any CPU
		{BBA9D796-6F5C-4BA6-87CA-FB0D81B2D76C}.Debug|Any CPU.Build.0 = Debug|Any CPU
		{BBA9D796-6F5C-4BA6-87CA-FB0D81B2D76C}.Debug|x64.ActiveCfg = Debug|Any CPU
		{BBA9D796-6F5C-4BA6-87CA-FB0D81B2D76C}.Debug|x64.Build.0 = Debug|Any CPU
		{BBA9D796-6F5C-4BA6-87CA-FB0D81B2D76C}.Debug|x86.ActiveCfg = Debug|Any CPU
		{BBA9D796-6F5C-4BA6-87CA-FB0D81B2D76C}.Debug|x86.Build.0 = Debug|Any CPU
		{BBA9D796-6F5C-4BA6-87CA-FB0D81B2D76C}.Release|Any CPU.ActiveCfg = Release|Any CPU
		{BBA9D796-6F5C-4BA6-87CA-FB0D81B2D76C}.Release|Any CPU.Build.0 = Release|Any CPU
		{BBA9D796-6F5C-4BA6-87CA-FB0D81B2D76C}.Release|x64.ActiveCfg = Release|Any CPU
		{BBA9D796-6F5C-4BA6-87CA-FB0D81B2D76C}.Release|x64.Build.0 = Release|Any CPU
		{BBA9D796-6F5C-4BA6-87CA-FB0D81B2D76C}.Release|x86.ActiveCfg = Release|Any CPU
		{BBA9D796-6F5C-4BA6-87CA-FB0D81B2D76C}.Release|x86.Build.0 = Release|Any CPU
		{C7836502-08B1-4BC2-97D4-E7C3C78F0B0E}.Debug|Any CPU.ActiveCfg = Debug|Any CPU
		{C7836502-08B1-4BC2-97D4-E7C3C78F0B0E}.Debug|Any CPU.Build.0 = Debug|Any CPU
		{C7836502-08B1-4BC2-97D4-E7C3C78F0B0E}.Debug|x64.ActiveCfg = Debug|Any CPU
		{C7836502-08B1-4BC2-97D4-E7C3C78F0B0E}.Debug|x64.Build.0 = Debug|Any CPU
		{C7836502-08B1-4BC2-97D4-E7C3C78F0B0E}.Debug|x86.ActiveCfg = Debug|Any CPU
		{C7836502-08B1-4BC2-97D4-E7C3C78F0B0E}.Debug|x86.Build.0 = Debug|Any CPU
		{C7836502-08B1-4BC2-97D4-E7C3C78F0B0E}.Release|Any CPU.ActiveCfg = Release|Any CPU
		{C7836502-08B1-4BC2-97D4-E7C3C78F0B0E}.Release|Any CPU.Build.0 = Release|Any CPU
		{C7836502-08B1-4BC2-97D4-E7C3C78F0B0E}.Release|x64.ActiveCfg = Release|Any CPU
		{C7836502-08B1-4BC2-97D4-E7C3C78F0B0E}.Release|x64.Build.0 = Release|Any CPU
		{C7836502-08B1-4BC2-97D4-E7C3C78F0B0E}.Release|x86.ActiveCfg = Release|Any CPU
		{C7836502-08B1-4BC2-97D4-E7C3C78F0B0E}.Release|x86.Build.0 = Release|Any CPU
		{95838885-A772-456C-A9BC-1CACF0F6B022}.Debug|Any CPU.ActiveCfg = Debug|Any CPU
		{95838885-A772-456C-A9BC-1CACF0F6B022}.Debug|Any CPU.Build.0 = Debug|Any CPU
		{95838885-A772-456C-A9BC-1CACF0F6B022}.Debug|x64.ActiveCfg = Debug|Any CPU
		{95838885-A772-456C-A9BC-1CACF0F6B022}.Debug|x64.Build.0 = Debug|Any CPU
		{95838885-A772-456C-A9BC-1CACF0F6B022}.Debug|x86.ActiveCfg = Debug|Any CPU
		{95838885-A772-456C-A9BC-1CACF0F6B022}.Debug|x86.Build.0 = Debug|Any CPU
		{95838885-A772-456C-A9BC-1CACF0F6B022}.Release|Any CPU.ActiveCfg = Release|Any CPU
		{95838885-A772-456C-A9BC-1CACF0F6B022}.Release|Any CPU.Build.0 = Release|Any CPU
		{95838885-A772-456C-A9BC-1CACF0F6B022}.Release|x64.ActiveCfg = Release|Any CPU
		{95838885-A772-456C-A9BC-1CACF0F6B022}.Release|x64.Build.0 = Release|Any CPU
		{95838885-A772-456C-A9BC-1CACF0F6B022}.Release|x86.ActiveCfg = Release|Any CPU
		{95838885-A772-456C-A9BC-1CACF0F6B022}.Release|x86.Build.0 = Release|Any CPU
		{06EECAF8-DD2C-460D-A4BC-CD0979A8F01D}.Debug|Any CPU.ActiveCfg = Debug|Any CPU
		{06EECAF8-DD2C-460D-A4BC-CD0979A8F01D}.Debug|Any CPU.Build.0 = Debug|Any CPU
		{06EECAF8-DD2C-460D-A4BC-CD0979A8F01D}.Debug|x64.ActiveCfg = Debug|Any CPU
		{06EECAF8-DD2C-460D-A4BC-CD0979A8F01D}.Debug|x64.Build.0 = Debug|Any CPU
		{06EECAF8-DD2C-460D-A4BC-CD0979A8F01D}.Debug|x86.ActiveCfg = Debug|Any CPU
		{06EECAF8-DD2C-460D-A4BC-CD0979A8F01D}.Debug|x86.Build.0 = Debug|Any CPU
		{06EECAF8-DD2C-460D-A4BC-CD0979A8F01D}.Release|Any CPU.ActiveCfg = Release|Any CPU
		{06EECAF8-DD2C-460D-A4BC-CD0979A8F01D}.Release|Any CPU.Build.0 = Release|Any CPU
		{06EECAF8-DD2C-460D-A4BC-CD0979A8F01D}.Release|x64.ActiveCfg = Release|Any CPU
		{06EECAF8-DD2C-460D-A4BC-CD0979A8F01D}.Release|x64.Build.0 = Release|Any CPU
		{06EECAF8-DD2C-460D-A4BC-CD0979A8F01D}.Release|x86.ActiveCfg = Release|Any CPU
		{06EECAF8-DD2C-460D-A4BC-CD0979A8F01D}.Release|x86.Build.0 = Release|Any CPU
		{918497E7-D92D-45DD-A401-B16C8DE66AA4}.Debug|Any CPU.ActiveCfg = Debug|Any CPU
		{918497E7-D92D-45DD-A401-B16C8DE66AA4}.Debug|Any CPU.Build.0 = Debug|Any CPU
		{918497E7-D92D-45DD-A401-B16C8DE66AA4}.Debug|x64.ActiveCfg = Debug|Any CPU
		{918497E7-D92D-45DD-A401-B16C8DE66AA4}.Debug|x64.Build.0 = Debug|Any CPU
		{918497E7-D92D-45DD-A401-B16C8DE66AA4}.Debug|x86.ActiveCfg = Debug|x86
		{918497E7-D92D-45DD-A401-B16C8DE66AA4}.Debug|x86.Build.0 = Debug|x86
		{918497E7-D92D-45DD-A401-B16C8DE66AA4}.Release|Any CPU.ActiveCfg = Release|Any CPU
		{918497E7-D92D-45DD-A401-B16C8DE66AA4}.Release|Any CPU.Build.0 = Release|Any CPU
		{918497E7-D92D-45DD-A401-B16C8DE66AA4}.Release|x64.ActiveCfg = Release|Any CPU
		{918497E7-D92D-45DD-A401-B16C8DE66AA4}.Release|x64.Build.0 = Release|Any CPU
		{918497E7-D92D-45DD-A401-B16C8DE66AA4}.Release|x86.ActiveCfg = Release|x86
		{918497E7-D92D-45DD-A401-B16C8DE66AA4}.Release|x86.Build.0 = Release|x86
	EndGlobalSection
	GlobalSection(SolutionProperties) = preSolution
		HideSolutionNode = FALSE
	EndGlobalSection
	GlobalSection(ExtensibilityGlobals) = postSolution
		SolutionGuid = {8A451677-12C2-4A6F-A4CB-ED56CE139E9A}
	EndGlobalSection
EndGlobal
