
Microsoft Visual Studio Solution File, Format Version 12.00
# Visual Studio Version 17
VisualStudioVersion = 17.8.34330.188
MinimumVisualStudioVersion = 10.0.40219.1
Project("{778DAE3C-4631-46EA-AA77-85C1314464D9}") = "SSP.Shared", "SSP.Shared.vbproj", "{35163899-496F-42CB-AAE7-9769E818D791}"
EndProject
Project("{778DAE3C-4631-46EA-AA77-85C1314464D9}") = "bCLMClaimPartyLink", "..\Claims\Components\Claim Party Link Maintenance\Business\bCLMClaimPartyLink.vbproj", "{A65FD8A6-BB82-40B9-B0E6-987E2E6B8CAE}"
EndProject
Project("{778DAE3C-4631-46EA-AA77-85C1314464D9}") = "bCLMPerilType", "..\Claims\Components\Peril Type\Business\bCLMPerilType\bCLMPerilType.vbproj", "{27F9F0A3-3F95-4E8F-A8D0-A66C721A3EA1}"
EndProject
Project("{778DAE3C-4631-46EA-AA77-85C1314464D9}") = "bCLMRiskType", "..\Claims\Components\Risk Type\Business\bCLMRiskType\bCLMRiskType.vbproj", "{BB534613-014E-4F7C-8EFA-7D26F26B0157}"
EndProject
Project("{778DAE3C-4631-46EA-AA77-85C1314464D9}") = "bGISUserDefLookup", "..\GIS Combined\GIS\Components\User Defined Lookups\Business\bGISUserDefLookup\bGISUserDefLookup.vbproj", "{C9AFD9C4-DA74-4787-83AA-BE1A8FE1853E}"
EndProject
Project("{778DAE3C-4631-46EA-AA77-85C1314464D9}") = "bPMAddressControl", "..\Sirius Architecture\Components\User Controls\PMaddressControl\bPMAddressControl\bPMAddressControl.vbproj", "{416A0D2D-F223-4E41-BCA5-8B4861193CE6}"
EndProject
Project("{778DAE3C-4631-46EA-AA77-85C1314464D9}") = "bPMAutoNumber", "..\Sirius Architecture\Components\PMAutoNumber\bPMAutoNumber\bPMAutoNumber.vbproj", "{C4F39DFB-818B-4169-B888-2F9C6D1510E8}"
EndProject
Project("{778DAE3C-4631-46EA-AA77-85C1314464D9}") = "bPMLock", "..\Sirius Architecture\Components\PMLock\bPMLock\bPMLock.vbproj", "{5F00ED53-D77C-428D-82AE-CC2DE32E7F95}"
EndProject
Project("{778DAE3C-4631-46EA-AA77-85C1314464D9}") = "bPMZipper", "..\Sirius Architecture\Components\PMZipper\bPMZipper\bPMZipper.vbproj", "{85C4CDD8-D0C2-4ADF-985C-799188420CAA}"
EndProject
Project("{778DAE3C-4631-46EA-AA77-85C1314464D9}") = "bSIRShortPeriodRate", "..\Sirius For Underwriting\Components\Short Period Rate\Business\bSIRShortPeriodRate\bSIRShortPeriodRate.vbproj", "{86BF0CF9-F72D-491D-85B2-DFE2EF4EBCCA}"
EndProject
Project("{778DAE3C-4631-46EA-AA77-85C1314464D9}") = "dSIRAddress", "..\Sirius Back Office Core\Components\Address\Data\dSIRAddress\dSIRAddress.vbproj", "{4F89FDE7-E1A7-4BE3-A88E-E531B95AEADD}"
EndProject
Project("{778DAE3C-4631-46EA-AA77-85C1314464D9}") = "dSIRPartyAG", "..\Sirius Back Office Core\Components\Party\Data\dSIRPartyAG\dSIRPartyAG.vbproj", "{B9F5A97F-A747-4499-8106-A5FD6B0EC410}"
EndProject
Project("{778DAE3C-4631-46EA-AA77-85C1314464D9}") = "dSIRPartyCC", "..\Sirius Back Office Core\Components\Party\Data\dSIRPartyCC\dSIRPartyCC.vbproj", "{DE54AAD4-6A53-4566-8986-D4AAA4CDEF9A}"
EndProject
Project("{778DAE3C-4631-46EA-AA77-85C1314464D9}") = "dSIRPartyLifestyle", "..\Sirius Back Office Core\Components\Party\Data\dSIRPartyLifestyle\dSIRPartyLifestyle.vbproj", "{6318CC15-4FD5-4FE1-81A9-8532D4E80F5A}"
EndProject
Project("{778DAE3C-4631-46EA-AA77-85C1314464D9}") = "dSIRPartyNetData", "..\Sirius Back Office Core\Components\Party\Data\dSIRPartyNetData\dSIRPartyNetData.vbproj", "{A4C07CD1-7A06-4C1D-918E-0E9092A46E5A}"
EndProject
Project("{778DAE3C-4631-46EA-AA77-85C1314464D9}") = "dSIRPartyPC", "..\Sirius Back Office Core\Components\Party\Data\dSIRPartyPC\dSIRPartyPC.vbproj", "{5598E522-52E6-4539-9E57-7C75F4FD5E0C}"
EndProject
Global
	GlobalSection(SolutionConfigurationPlatforms) = preSolution
		Debug|Any CPU = Debug|Any CPU
		Release|Any CPU = Release|Any CPU
	EndGlobalSection
	GlobalSection(ProjectConfigurationPlatforms) = postSolution
		{35163899-496F-42CB-AAE7-9769E818D791}.Debug|Any CPU.ActiveCfg = Debug|Any CPU
		{35163899-496F-42CB-AAE7-9769E818D791}.Debug|Any CPU.Build.0 = Debug|Any CPU
		{35163899-496F-42CB-AAE7-9769E818D791}.Release|Any CPU.ActiveCfg = Release|Any CPU
		{35163899-496F-42CB-AAE7-9769E818D791}.Release|Any CPU.Build.0 = Release|Any CPU
		{A65FD8A6-BB82-40B9-B0E6-987E2E6B8CAE}.Debug|Any CPU.ActiveCfg = Debug|Any CPU
		{A65FD8A6-BB82-40B9-B0E6-987E2E6B8CAE}.Debug|Any CPU.Build.0 = Debug|Any CPU
		{A65FD8A6-BB82-40B9-B0E6-987E2E6B8CAE}.Release|Any CPU.ActiveCfg = Release|Any CPU
		{A65FD8A6-BB82-40B9-B0E6-987E2E6B8CAE}.Release|Any CPU.Build.0 = Release|Any CPU
		{27F9F0A3-3F95-4E8F-A8D0-A66C721A3EA1}.Debug|Any CPU.ActiveCfg = Debug|Any CPU
		{27F9F0A3-3F95-4E8F-A8D0-A66C721A3EA1}.Debug|Any CPU.Build.0 = Debug|Any CPU
		{27F9F0A3-3F95-4E8F-A8D0-A66C721A3EA1}.Release|Any CPU.ActiveCfg = Release|Any CPU
		{27F9F0A3-3F95-4E8F-A8D0-A66C721A3EA1}.Release|Any CPU.Build.0 = Release|Any CPU
		{BB534613-014E-4F7C-8EFA-7D26F26B0157}.Debug|Any CPU.ActiveCfg = Debug|Any CPU
		{BB534613-014E-4F7C-8EFA-7D26F26B0157}.Debug|Any CPU.Build.0 = Debug|Any CPU
		{BB534613-014E-4F7C-8EFA-7D26F26B0157}.Release|Any CPU.ActiveCfg = Release|Any CPU
		{BB534613-014E-4F7C-8EFA-7D26F26B0157}.Release|Any CPU.Build.0 = Release|Any CPU
		{C9AFD9C4-DA74-4787-83AA-BE1A8FE1853E}.Debug|Any CPU.ActiveCfg = Debug|Any CPU
		{C9AFD9C4-DA74-4787-83AA-BE1A8FE1853E}.Debug|Any CPU.Build.0 = Debug|Any CPU
		{C9AFD9C4-DA74-4787-83AA-BE1A8FE1853E}.Release|Any CPU.ActiveCfg = Release|Any CPU
		{C9AFD9C4-DA74-4787-83AA-BE1A8FE1853E}.Release|Any CPU.Build.0 = Release|Any CPU
		{416A0D2D-F223-4E41-BCA5-8B4861193CE6}.Debug|Any CPU.ActiveCfg = Debug|Any CPU
		{416A0D2D-F223-4E41-BCA5-8B4861193CE6}.Debug|Any CPU.Build.0 = Debug|Any CPU
		{416A0D2D-F223-4E41-BCA5-8B4861193CE6}.Release|Any CPU.ActiveCfg = Release|Any CPU
		{416A0D2D-F223-4E41-BCA5-8B4861193CE6}.Release|Any CPU.Build.0 = Release|Any CPU
		{C4F39DFB-818B-4169-B888-2F9C6D1510E8}.Debug|Any CPU.ActiveCfg = Debug|Any CPU
		{C4F39DFB-818B-4169-B888-2F9C6D1510E8}.Debug|Any CPU.Build.0 = Debug|Any CPU
		{C4F39DFB-818B-4169-B888-2F9C6D1510E8}.Release|Any CPU.ActiveCfg = Release|Any CPU
		{C4F39DFB-818B-4169-B888-2F9C6D1510E8}.Release|Any CPU.Build.0 = Release|Any CPU
		{5F00ED53-D77C-428D-82AE-CC2DE32E7F95}.Debug|Any CPU.ActiveCfg = Debug|Any CPU
		{5F00ED53-D77C-428D-82AE-CC2DE32E7F95}.Debug|Any CPU.Build.0 = Debug|Any CPU
		{5F00ED53-D77C-428D-82AE-CC2DE32E7F95}.Release|Any CPU.ActiveCfg = Release|Any CPU
		{5F00ED53-D77C-428D-82AE-CC2DE32E7F95}.Release|Any CPU.Build.0 = Release|Any CPU
		{85C4CDD8-D0C2-4ADF-985C-799188420CAA}.Debug|Any CPU.ActiveCfg = Debug|Any CPU
		{85C4CDD8-D0C2-4ADF-985C-799188420CAA}.Debug|Any CPU.Build.0 = Debug|Any CPU
		{85C4CDD8-D0C2-4ADF-985C-799188420CAA}.Release|Any CPU.ActiveCfg = Release|Any CPU
		{85C4CDD8-D0C2-4ADF-985C-799188420CAA}.Release|Any CPU.Build.0 = Release|Any CPU
		{86BF0CF9-F72D-491D-85B2-DFE2EF4EBCCA}.Debug|Any CPU.ActiveCfg = Debug|Any CPU
		{86BF0CF9-F72D-491D-85B2-DFE2EF4EBCCA}.Debug|Any CPU.Build.0 = Debug|Any CPU
		{86BF0CF9-F72D-491D-85B2-DFE2EF4EBCCA}.Release|Any CPU.ActiveCfg = Release|Any CPU
		{86BF0CF9-F72D-491D-85B2-DFE2EF4EBCCA}.Release|Any CPU.Build.0 = Release|Any CPU
		{4F89FDE7-E1A7-4BE3-A88E-E531B95AEADD}.Debug|Any CPU.ActiveCfg = Debug|Any CPU
		{4F89FDE7-E1A7-4BE3-A88E-E531B95AEADD}.Debug|Any CPU.Build.0 = Debug|Any CPU
		{4F89FDE7-E1A7-4BE3-A88E-E531B95AEADD}.Release|Any CPU.ActiveCfg = Release|Any CPU
		{4F89FDE7-E1A7-4BE3-A88E-E531B95AEADD}.Release|Any CPU.Build.0 = Release|Any CPU
		{B9F5A97F-A747-4499-8106-A5FD6B0EC410}.Debug|Any CPU.ActiveCfg = Debug|Any CPU
		{B9F5A97F-A747-4499-8106-A5FD6B0EC410}.Debug|Any CPU.Build.0 = Debug|Any CPU
		{B9F5A97F-A747-4499-8106-A5FD6B0EC410}.Release|Any CPU.ActiveCfg = Release|Any CPU
		{B9F5A97F-A747-4499-8106-A5FD6B0EC410}.Release|Any CPU.Build.0 = Release|Any CPU
		{DE54AAD4-6A53-4566-8986-D4AAA4CDEF9A}.Debug|Any CPU.ActiveCfg = Debug|Any CPU
		{DE54AAD4-6A53-4566-8986-D4AAA4CDEF9A}.Debug|Any CPU.Build.0 = Debug|Any CPU
		{DE54AAD4-6A53-4566-8986-D4AAA4CDEF9A}.Release|Any CPU.ActiveCfg = Release|Any CPU
		{DE54AAD4-6A53-4566-8986-D4AAA4CDEF9A}.Release|Any CPU.Build.0 = Release|Any CPU
		{6318CC15-4FD5-4FE1-81A9-8532D4E80F5A}.Debug|Any CPU.ActiveCfg = Debug|Any CPU
		{6318CC15-4FD5-4FE1-81A9-8532D4E80F5A}.Debug|Any CPU.Build.0 = Debug|Any CPU
		{6318CC15-4FD5-4FE1-81A9-8532D4E80F5A}.Release|Any CPU.ActiveCfg = Release|Any CPU
		{6318CC15-4FD5-4FE1-81A9-8532D4E80F5A}.Release|Any CPU.Build.0 = Release|Any CPU
		{A4C07CD1-7A06-4C1D-918E-0E9092A46E5A}.Debug|Any CPU.ActiveCfg = Debug|Any CPU
		{A4C07CD1-7A06-4C1D-918E-0E9092A46E5A}.Debug|Any CPU.Build.0 = Debug|Any CPU
		{A4C07CD1-7A06-4C1D-918E-0E9092A46E5A}.Release|Any CPU.ActiveCfg = Release|Any CPU
		{A4C07CD1-7A06-4C1D-918E-0E9092A46E5A}.Release|Any CPU.Build.0 = Release|Any CPU
		{5598E522-52E6-4539-9E57-7C75F4FD5E0C}.Debug|Any CPU.ActiveCfg = Debug|Any CPU
		{5598E522-52E6-4539-9E57-7C75F4FD5E0C}.Debug|Any CPU.Build.0 = Debug|Any CPU
		{5598E522-52E6-4539-9E57-7C75F4FD5E0C}.Release|Any CPU.ActiveCfg = Release|Any CPU
		{5598E522-52E6-4539-9E57-7C75F4FD5E0C}.Release|Any CPU.Build.0 = Release|Any CPU
	EndGlobalSection
	GlobalSection(SolutionProperties) = preSolution
		HideSolutionNode = FALSE
	EndGlobalSection
	GlobalSection(ExtensibilityGlobals) = postSolution
		SolutionGuid = {338C991B-25CB-48B4-943D-73E968320837}
	EndGlobalSection
EndGlobal
