Microsoft Visual Studio Solution File, Format Version 10.00
# Visual Studio 2008
Project("{FAE04EC0-301F-11D3-BF4B-00C04F79EFBC}") = "Artinsoft.VB6", "Artinsoft.VB6.csproj", "{57CF2683-F59C-4C99-B49F-572F40A0CAA4}"
EndProject
Project("{F184B08F-C81C-45F6-A57F-5ABD9991F28F}") = "Artinsoft.VBUpgrade.MSFlexGrid", "ThirdParty\C1FlexGrid\Artinsoft.VBUpgrade.MSFlexGrid.vbproj", "{0115609E-6AF3-4B02-A2B7-51E47841E41C}"
EndProject
Project("{F184B08F-C81C-45F6-A57F-5ABD9991F28F}") = "ArtinSoft.VBUpgrade.XArray", "ThirdParty\XArray\ArtinSoft.VBUpgrade.XArray.vbproj", "{4C1D9517-8B3E-418D-A8DC-3AE36058D150}"
EndProject
Global
	GlobalSection(TeamFoundationVersionControl) = preSolution
		SccNumberOfProjects = 4
		SccEnterpriseProvider = {4CA58AB2-18FA-4F8D-95D4-32DDF27D184C}
		SccTeamFoundationServer = http://192.168.75.102:8080/
		SccLocalPath0 = .
		SccProjectUniqueName1 = Artinsoft.VB6.csproj
		SccLocalPath1 = .
		SccProjectUniqueName2 = ThirdParty\\C1FlexGrid\\Artinsoft.VBUpgrade.MSFlexGrid.vbproj
		SccProjectName2 = ThirdParty/C1FlexGrid
		SccLocalPath2 = ThirdParty\\C1FlexGrid
		SccProjectUniqueName3 = ThirdParty\\XArray\\ArtinSoft.VBUpgrade.XArray.vbproj
		SccProjectName3 = ThirdParty/XArray
		SccLocalPath3 = ThirdParty\\XArray
	EndGlobalSection
	GlobalSection(SolutionConfigurationPlatforms) = preSolution
		Debug|Any CPU = Debug|Any CPU
		Debug|Mixed Platforms = Debug|Mixed Platforms
		Debug|Win32 = Debug|Win32
		Release|Any CPU = Release|Any CPU
		Release|Mixed Platforms = Release|Mixed Platforms
		Release|Win32 = Release|Win32
	EndGlobalSection
	GlobalSection(ProjectConfigurationPlatforms) = postSolution
		{57CF2683-F59C-4C99-B49F-572F40A0CAA4}.Debug|Any CPU.ActiveCfg = Debug|Any CPU
		{57CF2683-F59C-4C99-B49F-572F40A0CAA4}.Debug|Any CPU.Build.0 = Debug|Any CPU
		{57CF2683-F59C-4C99-B49F-572F40A0CAA4}.Debug|Mixed Platforms.ActiveCfg = Debug|Any CPU
		{57CF2683-F59C-4C99-B49F-572F40A0CAA4}.Debug|Mixed Platforms.Build.0 = Debug|Any CPU
		{57CF2683-F59C-4C99-B49F-572F40A0CAA4}.Debug|Win32.ActiveCfg = Debug|Any CPU
		{57CF2683-F59C-4C99-B49F-572F40A0CAA4}.Release|Any CPU.ActiveCfg = Release|Any CPU
		{57CF2683-F59C-4C99-B49F-572F40A0CAA4}.Release|Any CPU.Build.0 = Release|Any CPU
		{57CF2683-F59C-4C99-B49F-572F40A0CAA4}.Release|Mixed Platforms.ActiveCfg = Release|Any CPU
		{57CF2683-F59C-4C99-B49F-572F40A0CAA4}.Release|Mixed Platforms.Build.0 = Release|Any CPU
		{57CF2683-F59C-4C99-B49F-572F40A0CAA4}.Release|Win32.ActiveCfg = Release|Any CPU
		{0115609E-6AF3-4B02-A2B7-51E47841E41C}.Debug|Any CPU.ActiveCfg = Debug|Any CPU
		{0115609E-6AF3-4B02-A2B7-51E47841E41C}.Debug|Any CPU.Build.0 = Debug|Any CPU
		{0115609E-6AF3-4B02-A2B7-51E47841E41C}.Debug|Mixed Platforms.ActiveCfg = Debug|Any CPU
		{0115609E-6AF3-4B02-A2B7-51E47841E41C}.Debug|Win32.ActiveCfg = Debug|Any CPU
		{0115609E-6AF3-4B02-A2B7-51E47841E41C}.Release|Any CPU.ActiveCfg = Release|Any CPU
		{0115609E-6AF3-4B02-A2B7-51E47841E41C}.Release|Any CPU.Build.0 = Release|Any CPU
		{0115609E-6AF3-4B02-A2B7-51E47841E41C}.Release|Mixed Platforms.ActiveCfg = Release|Any CPU
		{0115609E-6AF3-4B02-A2B7-51E47841E41C}.Release|Win32.ActiveCfg = Release|Any CPU
		{4C1D9517-8B3E-418D-A8DC-3AE36058D150}.Debug|Any CPU.ActiveCfg = Debug|Any CPU
		{4C1D9517-8B3E-418D-A8DC-3AE36058D150}.Debug|Any CPU.Build.0 = Debug|Any CPU
		{4C1D9517-8B3E-418D-A8DC-3AE36058D150}.Debug|Mixed Platforms.ActiveCfg = Debug|Any CPU
		{4C1D9517-8B3E-418D-A8DC-3AE36058D150}.Debug|Mixed Platforms.Build.0 = Debug|Any CPU
		{4C1D9517-8B3E-418D-A8DC-3AE36058D150}.Debug|Win32.ActiveCfg = Debug|Any CPU
		{4C1D9517-8B3E-418D-A8DC-3AE36058D150}.Release|Any CPU.ActiveCfg = Release|Any CPU
		{4C1D9517-8B3E-418D-A8DC-3AE36058D150}.Release|Any CPU.Build.0 = Release|Any CPU
		{4C1D9517-8B3E-418D-A8DC-3AE36058D150}.Release|Mixed Platforms.ActiveCfg = Release|Any CPU
		{4C1D9517-8B3E-418D-A8DC-3AE36058D150}.Release|Mixed Platforms.Build.0 = Release|Any CPU
		{4C1D9517-8B3E-418D-A8DC-3AE36058D150}.Release|Win32.ActiveCfg = Release|Any CPU
	EndGlobalSection
	GlobalSection(SolutionProperties) = preSolution
		HideSolutionNode = FALSE
	EndGlobalSection
EndGlobal
