
Microsoft Visual Studio Solution File, Format Version 12.00
# Visual Studio 2012
Project("{F184B08F-C81C-45F6-A57F-5ABD9991F28F}") = "bGISBOMAOL", "bGISBOMAOL.vbproj", "{B34AB62E-87EC-4F85-ADC5-1FE27714DA82}"
EndProject
Global
	GlobalSection(TeamFoundationVersionControl) = preSolution
		SccNumberOfProjects = 1
		SccEnterpriseProvider = {4CA58AB2-18FA-4F8D-95D4-32DDF27D184C}
		SccTeamFoundationServer = http://tfs2015:8080/tfs/insurer
		SccProjectUniqueName0 = bGISBOMAOL.vbproj
		SccProjectName0 = .
		SccAuxPath0 = http://tfs2015:8080/tfs/insurer
		SccLocalPath0 = .
		SccProvider0 = {4CA58AB2-18FA-4F8D-95D4-32DDF27D184C}
	EndGlobalSection
	GlobalSection(SolutionConfigurationPlatforms) = preSolution
		Debug|Any CPU = Debug|Any CPU
		Release|Any CPU = Release|Any CPU
	EndGlobalSection
	GlobalSection(ProjectConfigurationPlatforms) = postSolution
		{B34AB62E-87EC-4F85-ADC5-1FE27714DA82}.Debug|Any CPU.ActiveCfg = Debug|Any CPU
		{B34AB62E-87EC-4F85-ADC5-1FE27714DA82}.Debug|Any CPU.Build.0 = Debug|Any CPU
		{B34AB62E-87EC-4F85-ADC5-1FE27714DA82}.Release|Any CPU.ActiveCfg = Release|Any CPU
		{B34AB62E-87EC-4F85-ADC5-1FE27714DA82}.Release|Any CPU.Build.0 = Release|Any CPU
	EndGlobalSection
	GlobalSection(SolutionProperties) = preSolution
		HideSolutionNode = FALSE
	EndGlobalSection
EndGlobal
