
Microsoft Visual Studio Solution File, Format Version 12.00
# Visual Studio 2012
Project("{F184B08F-C81C-45F6-A57F-5ABD9991F28F}") = "uctCLMPaymentControl", "uctCLMPaymentControl.vbproj", "{AD84BE8E-8BAA-437D-923A-B5A87354590F}"
EndProject
Global
	GlobalSection(SolutionConfigurationPlatforms) = preSolution
		Debug|Any CPU = Debug|Any CPU
		Release|Any CPU = Release|Any CPU
	EndGlobalSection
	GlobalSection(ProjectConfigurationPlatforms) = postSolution
		{AD84BE8E-8BAA-437D-923A-B5A87354590F}.Debug|Any CPU.ActiveCfg = Debug|Any CPU
		{AD84BE8E-8BAA-437D-923A-B5A87354590F}.Debug|Any CPU.Build.0 = Debug|Any CPU
		{AD84BE8E-8BAA-437D-923A-B5A87354590F}.Release|Any CPU.ActiveCfg = Release|Any CPU
		{AD84BE8E-8BAA-437D-923A-B5A87354590F}.Release|Any CPU.Build.0 = Release|Any CPU
	EndGlobalSection
	GlobalSection(SolutionProperties) = preSolution
		HideSolutionNode = FALSE
	EndGlobalSection
EndGlobal
