
Microsoft Visual Studio Solution File, Format Version 12.00
# Visual Studio 2012
Project("{F184B08F-C81C-45F6-A57F-5ABD9991F28F}") = "bACTCreditCard", "bACTCreditCard.vbproj", "{FA9E1455-CCD7-4F0D-B181-3530AE09CDCF}"
EndProject
Global
	GlobalSection(SolutionConfigurationPlatforms) = preSolution
		Debug|Any CPU = Debug|Any CPU
		Release|Any CPU = Release|Any CPU
	EndGlobalSection
	GlobalSection(ProjectConfigurationPlatforms) = postSolution
		{FA9E1455-CCD7-4F0D-B181-3530AE09CDCF}.Debug|Any CPU.ActiveCfg = Debug|Any CPU
		{FA9E1455-CCD7-4F0D-B181-3530AE09CDCF}.Debug|Any CPU.Build.0 = Debug|Any CPU
		{FA9E1455-CCD7-4F0D-B181-3530AE09CDCF}.Release|Any CPU.ActiveCfg = Release|Any CPU
		{FA9E1455-CCD7-4F0D-B181-3530AE09CDCF}.Release|Any CPU.Build.0 = Release|Any CPU
	EndGlobalSection
	GlobalSection(SolutionProperties) = preSolution
		HideSolutionNode = FALSE
	EndGlobalSection
EndGlobal
