
Microsoft Visual Studio Solution File, Format Version 12.00
# Visual Studio 2012
Project("{F184B08F-C81C-45F6-A57F-5ABD9991F28F}") = "bSirCommissionRate", "bSirCommissionRate.vbproj", "{2195E8A1-D7CE-424D-A74B-7A99C20044D8}"
EndProject
Global
	GlobalSection(SolutionConfigurationPlatforms) = preSolution
		Debug|Any CPU = Debug|Any CPU
		Release|Any CPU = Release|Any CPU
	EndGlobalSection
	GlobalSection(ProjectConfigurationPlatforms) = postSolution
		{2195E8A1-D7CE-424D-A74B-7A99C20044D8}.Debug|Any CPU.ActiveCfg = Debug|Any CPU
		{2195E8A1-D7CE-424D-A74B-7A99C20044D8}.Debug|Any CPU.Build.0 = Debug|Any CPU
		{2195E8A1-D7CE-424D-A74B-7A99C20044D8}.Release|Any CPU.ActiveCfg = Release|Any CPU
		{2195E8A1-D7CE-424D-A74B-7A99C20044D8}.Release|Any CPU.Build.0 = Release|Any CPU
	EndGlobalSection
	GlobalSection(SolutionProperties) = preSolution
		HideSolutionNode = FALSE
	EndGlobalSection
EndGlobal
