
Microsoft Visual Studio Solution File, Format Version 10.00
# Visual Studio 2008
Project("{F184B08F-C81C-45F6-A57F-5ABD9991F28F}") = "uctCLMCaseHeaders", "uctCLMCaseHeaders.vbproj", "{EADD53AE-2C1D-4FE1-9577-B0589B250FBA}"
EndProject
Global
	GlobalSection(SolutionConfigurationPlatforms) = preSolution
		Debug|Any CPU = Debug|Any CPU
		Release|Any CPU = Release|Any CPU
	EndGlobalSection
	GlobalSection(ProjectConfigurationPlatforms) = postSolution
		{EADD53AE-2C1D-4FE1-9577-B0589B250FBA}.Debug|Any CPU.ActiveCfg = Debug|Any CPU
		{EADD53AE-2C1D-4FE1-9577-B0589B250FBA}.Debug|Any CPU.Build.0 = Debug|Any CPU
		{EADD53AE-2C1D-4FE1-9577-B0589B250FBA}.Release|Any CPU.ActiveCfg = Release|Any CPU
		{EADD53AE-2C1D-4FE1-9577-B0589B250FBA}.Release|Any CPU.Build.0 = Release|Any CPU
	EndGlobalSection
	GlobalSection(SolutionProperties) = preSolution
		HideSolutionNode = FALSE
	EndGlobalSection
EndGlobal
