
Microsoft Visual Studio Solution File, Format Version 11.00
# Visual Studio 2010
Project("{F184B08F-C81C-45F6-A57F-5ABD9991F28F}") = "FileUpload", "FileUpload\FileUpload.vbproj", "{ED61E80A-9439-4A9B-81A1-250AAD67C1CB}"
EndProject
Project("{E24C65DC-7377-472B-9ABA-BC803B73C61A}") = "fileuploadservice", "http://localhost/fileuploadservice", "{2DF21D61-BA29-4A5A-A482-DE67EDC1E233}"
	ProjectSection(WebsiteProperties) = preProject
		SccProjectName = "SAK"
		SccAuxPath = "SAK"
		SccLocalPath = "SAK"
		SccProvider = "SAK"
		TargetFrameworkMoniker = ".NETFramework,Version%3Dv4.0"
		ProjectReferences = "{7ED87568-31D1-4F84-A30B-05A49F08CDF7}|SilverlightFaultBehavior.dll;"
		Debug.AspNetCompiler.VirtualPath = "/fileuploadservice"
		Debug.AspNetCompiler.PhysicalPath = "..\..\..\..\..\..\..\inetpub\wwwroot\fileuploadservice\"
		Debug.AspNetCompiler.TargetPath = "PrecompiledWeb\fileuploadservice\"
		Debug.AspNetCompiler.Updateable = "true"
		Debug.AspNetCompiler.ForceOverwrite = "true"
		Debug.AspNetCompiler.FixedNames = "false"
		Debug.AspNetCompiler.Debug = "True"
		Release.AspNetCompiler.VirtualPath = "/fileuploadservice"
		Release.AspNetCompiler.PhysicalPath = "..\..\..\..\..\..\..\inetpub\wwwroot\fileuploadservice\"
		Release.AspNetCompiler.TargetPath = "PrecompiledWeb\fileuploadservice\"
		Release.AspNetCompiler.Updateable = "true"
		Release.AspNetCompiler.ForceOverwrite = "true"
		Release.AspNetCompiler.FixedNames = "false"
		Release.AspNetCompiler.Debug = "False"
		SlnRelativePath = "..\..\..\..\..\..\inetpub\wwwroot\fileuploadservice\"
		DefaultWebSiteLanguage = "Visual Basic"
		ProjOutputReferences = "{ED61E80A-9439-4A9B-81A1-250AAD67C1CB}|ClientBin|false;"
	EndProjectSection
EndProject
Project("{F184B08F-C81C-45F6-A57F-5ABD9991F28F}") = "SilverlightFaultBehavior", "SilverlightFaultBehavior\SilverlightFaultBehavior.vbproj", "{7ED87568-31D1-4F84-A30B-05A49F08CDF7}"
EndProject
Global
	GlobalSection(TeamFoundationVersionControl) = preSolution
		SccNumberOfProjects = 4
		SccEnterpriseProvider = {4CA58AB2-18FA-4F8D-95D4-32DDF27D184C}
		SccTeamFoundationServer = http://tfs2010:8080/tfs/insurer
		SccProjectUniqueName0 = SilverlightFaultBehavior\\SilverlightFaultBehavior.vbproj
		SccProjectName0 = SilverlightFaultBehavior
		SccLocalPath0 = SilverlightFaultBehavior
		SccProjectUniqueName1 = FileUpload\\FileUpload.vbproj
		SccProjectName1 = FileUpload
		SccLocalPath1 = FileUpload
		SccLocalPath2 = .
		SccWebProject3 = true
		SccProjectUniqueName3 = http://localhost/fileuploadservice
		SccProjectName3 = fileuploadservice
		SccLocalPath3 = ..\\..\\..\\..\\..\\..\\..\\inetpub\\wwwroot\\fileuploadservice
		SccProjectEnlistmentChoice3 = 2
	EndGlobalSection
	GlobalSection(SolutionConfigurationPlatforms) = preSolution
		Debug|Any CPU = Debug|Any CPU
		Release|Any CPU = Release|Any CPU
	EndGlobalSection
	GlobalSection(ProjectConfigurationPlatforms) = postSolution
		{ED61E80A-9439-4A9B-81A1-250AAD67C1CB}.Debug|Any CPU.ActiveCfg = Debug|Any CPU
		{ED61E80A-9439-4A9B-81A1-250AAD67C1CB}.Debug|Any CPU.Build.0 = Debug|Any CPU
		{ED61E80A-9439-4A9B-81A1-250AAD67C1CB}.Release|Any CPU.ActiveCfg = Release|Any CPU
		{ED61E80A-9439-4A9B-81A1-250AAD67C1CB}.Release|Any CPU.Build.0 = Release|Any CPU
		{2DF21D61-BA29-4A5A-A482-DE67EDC1E233}.Debug|Any CPU.ActiveCfg = Debug|Any CPU
		{2DF21D61-BA29-4A5A-A482-DE67EDC1E233}.Debug|Any CPU.Build.0 = Debug|Any CPU
		{2DF21D61-BA29-4A5A-A482-DE67EDC1E233}.Release|Any CPU.ActiveCfg = Debug|Any CPU
		{2DF21D61-BA29-4A5A-A482-DE67EDC1E233}.Release|Any CPU.Build.0 = Debug|Any CPU
		{7ED87568-31D1-4F84-A30B-05A49F08CDF7}.Debug|Any CPU.ActiveCfg = Debug|Any CPU
		{7ED87568-31D1-4F84-A30B-05A49F08CDF7}.Debug|Any CPU.Build.0 = Debug|Any CPU
		{7ED87568-31D1-4F84-A30B-05A49F08CDF7}.Release|Any CPU.ActiveCfg = Release|Any CPU
		{7ED87568-31D1-4F84-A30B-05A49F08CDF7}.Release|Any CPU.Build.0 = Release|Any CPU
	EndGlobalSection
	GlobalSection(SolutionProperties) = preSolution
		HideSolutionNode = FALSE
	EndGlobalSection
EndGlobal
