
Microsoft Visual Studio Solution File, Format Version 12.00
# Visual Studio 2012
Project("{F184B08F-C81C-45F6-A57F-5ABD9991F28F}") = "bPMCurrency", "bPMCurrency.vbproj", "{2CE79735-8925-4ED4-BAD9-3670C26FBD22}"
EndProject
Global
	GlobalSection(SolutionConfigurationPlatforms) = preSolution
		Debug|Any CPU = Debug|Any CPU
		Release|Any CPU = Release|Any CPU
	EndGlobalSection
	GlobalSection(ProjectConfigurationPlatforms) = postSolution
		{2CE79735-8925-4ED4-BAD9-3670C26FBD22}.Debug|Any CPU.ActiveCfg = Debug|Any CPU
		{2CE79735-8925-4ED4-BAD9-3670C26FBD22}.Debug|Any CPU.Build.0 = Debug|Any CPU
		{2CE79735-8925-4ED4-BAD9-3670C26FBD22}.Release|Any CPU.ActiveCfg = Release|Any CPU
		{2CE79735-8925-4ED4-BAD9-3670C26FBD22}.Release|Any CPU.Build.0 = Release|Any CPU
	EndGlobalSection
	GlobalSection(SolutionProperties) = preSolution
		HideSolutionNode = FALSE
	EndGlobalSection
EndGlobal
