
Microsoft Visual Studio Solution File, Format Version 12.00
# Visual Studio 2012
Project("{F184B08F-C81C-45F6-A57F-5ABD9991F28F}") = "iACTExplorer", "iACTExplorer.vbproj", "{3CB847AB-332E-4B40-AC1D-63FAD53F90F6}"
EndProject
Global
	GlobalSection(SolutionConfigurationPlatforms) = preSolution
		Debug|Any CPU = Debug|Any CPU
		Release|Any CPU = Release|Any CPU
	EndGlobalSection
	GlobalSection(ProjectConfigurationPlatforms) = postSolution
		{3CB847AB-332E-4B40-AC1D-63FAD53F90F6}.Debug|Any CPU.ActiveCfg = Debug|Any CPU
		{3CB847AB-332E-4B40-AC1D-63FAD53F90F6}.Debug|Any CPU.Build.0 = Debug|Any CPU
		{3CB847AB-332E-4B40-AC1D-63FAD53F90F6}.Release|Any CPU.ActiveCfg = Release|Any CPU
		{3CB847AB-332E-4B40-AC1D-63FAD53F90F6}.Release|Any CPU.Build.0 = Release|Any CPU
	EndGlobalSection
	GlobalSection(SolutionProperties) = preSolution
		HideSolutionNode = FALSE
	EndGlobalSection
EndGlobal
