
Microsoft Visual Studio Solution File, Format Version 12.00
# Visual Studio 2012
Project("{F184B08F-C81C-45F6-A57F-5ABD9991F28F}") = "dSIRPartyPC", "dSIRPartyPC.vbproj", "{A24BEBE2-C893-478F-B006-12993089BFCB}"
EndProject
Global
	GlobalSection(SolutionConfigurationPlatforms) = preSolution
		Debug|Any CPU = Debug|Any CPU
		Release|Any CPU = Release|Any CPU
	EndGlobalSection
	GlobalSection(ProjectConfigurationPlatforms) = postSolution
		{A24BEBE2-C893-478F-B006-12993089BFCB}.Debug|Any CPU.ActiveCfg = Debug|Any CPU
		{A24BEBE2-C893-478F-B006-12993089BFCB}.Debug|Any CPU.Build.0 = Debug|Any CPU
		{A24BEBE2-C893-478F-B006-12993089BFCB}.Release|Any CPU.ActiveCfg = Release|Any CPU
		{A24BEBE2-C893-478F-B006-12993089BFCB}.Release|Any CPU.Build.0 = Release|Any CPU
	EndGlobalSection
	GlobalSection(SolutionProperties) = preSolution
		HideSolutionNode = FALSE
	EndGlobalSection
EndGlobal
