
Microsoft Visual Studio Solution File, Format Version 12.00
# Visual Studio 2012
Project("{F184B08F-C81C-45F6-A57F-5ABD9991F28F}") = "iSIROnlinePartyMaintenance", "iSIROnlinePartyMaintenance.vbproj", "{B07D352B-59C6-47FE-BF0C-17627497381E}"
EndProject
Global
	GlobalSection(SolutionConfigurationPlatforms) = preSolution
		Debug|Any CPU = Debug|Any CPU
		Release|Any CPU = Release|Any CPU
	EndGlobalSection
	GlobalSection(ProjectConfigurationPlatforms) = postSolution
		{B07D352B-59C6-47FE-BF0C-17627497381E}.Debug|Any CPU.ActiveCfg = Debug|Any CPU
		{B07D352B-59C6-47FE-BF0C-17627497381E}.Debug|Any CPU.Build.0 = Debug|Any CPU
		{B07D352B-59C6-47FE-BF0C-17627497381E}.Release|Any CPU.ActiveCfg = Release|Any CPU
		{B07D352B-59C6-47FE-BF0C-17627497381E}.Release|Any CPU.Build.0 = Release|Any CPU
	EndGlobalSection
	GlobalSection(SolutionProperties) = preSolution
		HideSolutionNode = FALSE
	EndGlobalSection
EndGlobal
