
Microsoft Visual Studio Solution File, Format Version 12.00
# Visual Studio 2012
Project("{F184B08F-C81C-45F6-A57F-5ABD9991F28F}") = "DatamodelRebuild", "DatamodelRebuild.vbproj", "{E8845449-743E-4688-9D02-5291A227C402}"
EndProject
Project("{F184B08F-C81C-45F6-A57F-5ABD9991F28F}") = "bGIS", "..\..\..\..\GIS Combined\GIS\Components\Core GIS\Server\bGIS\bGIS.vbproj", "{B1A41B97-2BD0-4426-AA85-7906C5B24750}"
EndProject
Project("{F184B08F-C81C-45F6-A57F-5ABD9991F28F}") = "bGISMaintainDataDictionary", "..\..\..\..\GIS Combined\Product Builder\data model editor\Business\bGISMaintainDataDictionary\bGISMaintainDataDictionary.vbproj", "{5B8476AC-48E3-48B7-8833-627AB9C0CD98}"
EndProject
Global
	GlobalSection(SolutionConfigurationPlatforms) = preSolution
		Debug|Any CPU = Debug|Any CPU
		Release|Any CPU = Release|Any CPU
	EndGlobalSection
	GlobalSection(ProjectConfigurationPlatforms) = postSolution
		{E8845449-743E-4688-9D02-5291A227C402}.Debug|Any CPU.ActiveCfg = Debug|Any CPU
		{E8845449-743E-4688-9D02-5291A227C402}.Debug|Any CPU.Build.0 = Debug|Any CPU
		{E8845449-743E-4688-9D02-5291A227C402}.Release|Any CPU.ActiveCfg = Release|Any CPU
		{E8845449-743E-4688-9D02-5291A227C402}.Release|Any CPU.Build.0 = Release|Any CPU
		{B1A41B97-2BD0-4426-AA85-7906C5B24750}.Debug|Any CPU.ActiveCfg = Debug|Any CPU
		{B1A41B97-2BD0-4426-AA85-7906C5B24750}.Debug|Any CPU.Build.0 = Debug|Any CPU
		{B1A41B97-2BD0-4426-AA85-7906C5B24750}.Release|Any CPU.ActiveCfg = Release|Any CPU
		{B1A41B97-2BD0-4426-AA85-7906C5B24750}.Release|Any CPU.Build.0 = Release|Any CPU
		{5B8476AC-48E3-48B7-8833-627AB9C0CD98}.Debug|Any CPU.ActiveCfg = Debug|Any CPU
		{5B8476AC-48E3-48B7-8833-627AB9C0CD98}.Debug|Any CPU.Build.0 = Debug|Any CPU
		{5B8476AC-48E3-48B7-8833-627AB9C0CD98}.Release|Any CPU.ActiveCfg = Release|Any CPU
		{5B8476AC-48E3-48B7-8833-627AB9C0CD98}.Release|Any CPU.Build.0 = Release|Any CPU
	EndGlobalSection
	GlobalSection(SolutionProperties) = preSolution
		HideSolutionNode = FALSE
	EndGlobalSection
	GlobalSection(TeamFoundationVersionControl) = preSolution
		SccNumberOfProjects = 1
		SccEnterpriseProvider = {4CA58AB2-18FA-4F8D-95D4-32DDF27D184C}
		SccTeamFoundationServer = http://tfs2010:8080/tfs/Insurer
		SccProjectUniqueName0 = DatamodelRebuild.vbproj
		SccProjectName0 = .
		SccAuxPath0 = http://tfs2010:8080/tfs/Insurer
		SccLocalPath0 = .
		SccProvider0 = {4CA58AB2-18FA-4F8D-95D4-32DDF27D184C}
	EndGlobalSection
EndGlobal
