
Microsoft Visual Studio Solution File, Format Version 12.00
# Visual Studio 14
VisualStudioVersion = 14.0.25420.1
MinimumVisualStudioVersion = 10.0.40219.1
Project("{F14B399A-7131-4C87-9E4B-1186C45EF12D}") = "PURE Reports", "PURE Reports\PURE Reports.rptproj", "{0CF2DDBD-859D-473E-9F76-58B7FFB2464D}"
EndProject
Global
	GlobalSection(SolutionConfigurationPlatforms) = preSolution
		Debug|Default = Debug|Default
		DebugLocal|Default = DebugLocal|Default
		Release|Default = Release|Default
	EndGlobalSection
	GlobalSection(ProjectConfigurationPlatforms) = postSolution
		{0CF2DDBD-859D-473E-9F76-58B7FFB2464D}.Debug|Default.ActiveCfg = Debug
		{0CF2DDBD-859D-473E-9F76-58B7FFB2464D}.Debug|Default.Build.0 = Debug
		{0CF2DDBD-859D-473E-9F76-58B7FFB2464D}.Debug|Default.Deploy.0 = Debug
		{0CF2DDBD-859D-473E-9F76-58B7FFB2464D}.DebugLocal|Default.ActiveCfg = DebugLocal
		{0CF2DDBD-859D-473E-9F76-58B7FFB2464D}.DebugLocal|Default.Build.0 = DebugLocal
		{0CF2DDBD-859D-473E-9F76-58B7FFB2464D}.Release|Default.ActiveCfg = Release
		{0CF2DDBD-859D-473E-9F76-58B7FFB2464D}.Release|Default.Build.0 = Release
		{0CF2DDBD-859D-473E-9F76-58B7FFB2464D}.Release|Default.Deploy.0 = Release
	EndGlobalSection
	GlobalSection(SolutionProperties) = preSolution
		HideSolutionNode = FALSE
	EndGlobalSection
	GlobalSection(TeamFoundationVersionControl) = preSolution
		SccNumberOfProjects = 2
		SccEnterpriseProvider = {4CA58AB2-18FA-4F8D-95D4-32DDF27D184C}
		SccTeamFoundationServer = http://tfs2015:8080/tfs/insurer
		SccLocalPath0 = .
		SccProjectUniqueName1 = PURE\u0020Reports\\PURE\u0020Reports.rptproj
		SccProjectName1 = PURE\u0020Reports
		SccLocalPath1 = PURE\u0020Reports
	EndGlobalSection
EndGlobal
