
Microsoft Visual Studio Solution File, Format Version 12.00
# Visual Studio Version 16
VisualStudioVersion = 16.0.32930.78
MinimumVisualStudioVersion = 10.0.40219.1
Project("{F184B08F-C81C-45F6-A57F-5ABD9991F28F}") = "iPMUDataFixUtility", "iPMUDataFixUtility.vbproj", "{DDE60869-09C7-4F1E-B0D8-32403CC5252F}"
EndProject
Project("{F184B08F-C81C-45F6-A57F-5ABD9991F28F}") = "bSIRRepostTransaction", "..\..\Business\bSIRRepostTransaction\bSIRRepostTransaction.vbproj", "{81721DF9-D69E-4322-881D-4696970B95BA}"
EndProject
Project("{F184B08F-C81C-45F6-A57F-5ABD9991F28F}") = "iPMUPerilAllocationDataFix", "..\iSIRPerilAllocation_DataFix\iPMUPerilAllocationDataFix.vbproj", "{30078A8D-5C09-4D46-A4BA-59650F13F922}"
EndProject
Global
	GlobalSection(SolutionConfigurationPlatforms) = preSolution
		Debug|Any CPU = Debug|Any CPU
		Release|Any CPU = Release|Any CPU
	EndGlobalSection
	GlobalSection(ProjectConfigurationPlatforms) = postSolution
		{DDE60869-09C7-4F1E-B0D8-32403CC5252F}.Debug|Any CPU.ActiveCfg = Debug|Any CPU
		{DDE60869-09C7-4F1E-B0D8-32403CC5252F}.Debug|Any CPU.Build.0 = Debug|Any CPU
		{DDE60869-09C7-4F1E-B0D8-32403CC5252F}.Release|Any CPU.ActiveCfg = Release|Any CPU
		{DDE60869-09C7-4F1E-B0D8-32403CC5252F}.Release|Any CPU.Build.0 = Release|Any CPU
		{81721DF9-D69E-4322-881D-4696970B95BA}.Debug|Any CPU.ActiveCfg = Debug|Any CPU
		{81721DF9-D69E-4322-881D-4696970B95BA}.Debug|Any CPU.Build.0 = Debug|Any CPU
		{81721DF9-D69E-4322-881D-4696970B95BA}.Release|Any CPU.ActiveCfg = Release|Any CPU
		{81721DF9-D69E-4322-881D-4696970B95BA}.Release|Any CPU.Build.0 = Release|Any CPU
		{30078A8D-5C09-4D46-A4BA-59650F13F922}.Debug|Any CPU.ActiveCfg = Debug|Any CPU
		{30078A8D-5C09-4D46-A4BA-59650F13F922}.Debug|Any CPU.Build.0 = Debug|Any CPU
		{30078A8D-5C09-4D46-A4BA-59650F13F922}.Release|Any CPU.ActiveCfg = Release|Any CPU
		{30078A8D-5C09-4D46-A4BA-59650F13F922}.Release|Any CPU.Build.0 = Release|Any CPU
	EndGlobalSection
	GlobalSection(SolutionProperties) = preSolution
		HideSolutionNode = FALSE
	EndGlobalSection
	GlobalSection(ExtensibilityGlobals) = postSolution
		SolutionGuid = {AA1D3E8A-D42B-4391-A994-CA62DFAE73EF}
	EndGlobalSection
EndGlobal
