
Microsoft Visual Studio Solution File, Format Version 12.00
# Visual Studio 2012
Project("{F184B08F-C81C-45F6-A57F-5ABD9991F28F}") = "ClientRegistry", "ClientRegistry.vbproj", "{AA809E73-5F1D-46DA-A9DC-7EDE7C9FAA54}"
EndProject
Global
	GlobalSection(SolutionConfigurationPlatforms) = preSolution
		Debug|Any CPU = Debug|Any CPU
		Release|Any CPU = Release|Any CPU
	EndGlobalSection
	GlobalSection(ProjectConfigurationPlatforms) = postSolution
		{AA809E73-5F1D-46DA-A9DC-7EDE7C9FAA54}.Debug|Any CPU.ActiveCfg = Debug|Any CPU
		{AA809E73-5F1D-46DA-A9DC-7EDE7C9FAA54}.Debug|Any CPU.Build.0 = Debug|Any CPU
		{AA809E73-5F1D-46DA-A9DC-7EDE7C9FAA54}.Release|Any CPU.ActiveCfg = Release|Any CPU
		{AA809E73-5F1D-46DA-A9DC-7EDE7C9FAA54}.Release|Any CPU.Build.0 = Release|Any CPU
	EndGlobalSection
	GlobalSection(SolutionProperties) = preSolution
		HideSolutionNode = FALSE
	EndGlobalSection
EndGlobal
