
Microsoft Visual Studio Solution File, Format Version 12.00
# Visual Studio 2012
Project("{F184B08F-C81C-45F6-A57F-5ABD9991F28F}") = "iPMListViewSearch6", "iPMListViewSearch6.vbproj", "{DC03796F-0E47-4959-95CC-187B0680171B}"
EndProject
Global
	GlobalSection(SolutionConfigurationPlatforms) = preSolution
		Debug|Any CPU = Debug|Any CPU
		Release|Any CPU = Release|Any CPU
	EndGlobalSection
	GlobalSection(ProjectConfigurationPlatforms) = postSolution
		{DC03796F-0E47-4959-95CC-187B0680171B}.Debug|Any CPU.ActiveCfg = Debug|Any CPU
		{DC03796F-0E47-4959-95CC-187B0680171B}.Debug|Any CPU.Build.0 = Debug|Any CPU
		{DC03796F-0E47-4959-95CC-187B0680171B}.Release|Any CPU.ActiveCfg = Release|Any CPU
		{DC03796F-0E47-4959-95CC-187B0680171B}.Release|Any CPU.Build.0 = Release|Any CPU
	EndGlobalSection
	GlobalSection(SolutionProperties) = preSolution
		HideSolutionNode = FALSE
	EndGlobalSection
EndGlobal
