
Microsoft Visual Studio Solution File, Format Version 12.00
# Visual Studio Version 17
VisualStudioVersion = 17.6.33723.286
MinimumVisualStudioVersion = 10.0.40219.1
Project("{778DAE3C-4631-46EA-AA77-85C1314464D9}") = "bSIRInsuranceFileSystem", "bSIRInsuranceFileSystem.vbproj", "{89B79876-F528-42E8-9A3D-E28239E23116}"
EndProject
Project("{778DAE3C-4631-46EA-AA77-85C1314464D9}") = "dSIRInsuranceFileSystem", "..\..\Data\dSIRInsuranceFileSystem\dSIRInsuranceFileSystem.vbproj", "{E83DBEB6-64CC-4D13-8786-5E01428C9DA1}"
EndProject
Project("{778DAE3C-4631-46EA-AA77-85C1314464D9}") = "bSIRInsuranceFolder", "..\..\..\Insurance Folder\Business\bSIRInsuranceFolder\bSIRInsuranceFolder.vbproj", "{EC9C32C4-6955-4826-9DA5-4FE8D8B32300}"
EndProject
Project("{778DAE3C-4631-46EA-AA77-85C1314464D9}") = "dSIRInsuranceFolder", "..\..\..\Insurance Folder\Data\dSIRInsuranceFolder\dSIRInsuranceFolder.vbproj", "{7A9CDA66-BE11-4073-B2A7-F2547188C37F}"
EndProject
Project("{778DAE3C-4631-46EA-AA77-85C1314464D9}") = "SSP.Shared", "..\..\..\..\..\SSP.Shared\SSP.Shared.vbproj", "{5557A615-7872-4793-B64F-8E8E921527DE}"
EndProject
Project("{778DAE3C-4631-46EA-AA77-85C1314464D9}") = "dPMDAO", "..\..\..\..\..\Sirius Architecture\Components\dPMDAO\dPMDAO.vbproj", "{F2C2A007-D259-4A99-A6F2-93A82049C449}"
EndProject
Project("{778DAE3C-4631-46EA-AA77-85C1314464D9}") = "BPMLOOKUP", "..\..\..\..\..\Sirius Architecture\Components\PMLookup\bPMLookup\BPMLOOKUP.vbproj", "{612F6F06-9784-44EB-9F28-7C53A86931CB}"
EndProject
Global
	GlobalSection(SolutionConfigurationPlatforms) = preSolution
		Debug|Any CPU = Debug|Any CPU
		Release|Any CPU = Release|Any CPU
	EndGlobalSection
	GlobalSection(ProjectConfigurationPlatforms) = postSolution
		{89B79876-F528-42E8-9A3D-E28239E23116}.Debug|Any CPU.ActiveCfg = Debug|Any CPU
		{89B79876-F528-42E8-9A3D-E28239E23116}.Debug|Any CPU.Build.0 = Debug|Any CPU
		{89B79876-F528-42E8-9A3D-E28239E23116}.Release|Any CPU.ActiveCfg = Release|Any CPU
		{89B79876-F528-42E8-9A3D-E28239E23116}.Release|Any CPU.Build.0 = Release|Any CPU
		{E83DBEB6-64CC-4D13-8786-5E01428C9DA1}.Debug|Any CPU.ActiveCfg = Debug|Any CPU
		{E83DBEB6-64CC-4D13-8786-5E01428C9DA1}.Debug|Any CPU.Build.0 = Debug|Any CPU
		{E83DBEB6-64CC-4D13-8786-5E01428C9DA1}.Release|Any CPU.ActiveCfg = Release|Any CPU
		{E83DBEB6-64CC-4D13-8786-5E01428C9DA1}.Release|Any CPU.Build.0 = Release|Any CPU
		{EC9C32C4-6955-4826-9DA5-4FE8D8B32300}.Debug|Any CPU.ActiveCfg = Debug|Any CPU
		{EC9C32C4-6955-4826-9DA5-4FE8D8B32300}.Debug|Any CPU.Build.0 = Debug|Any CPU
		{EC9C32C4-6955-4826-9DA5-4FE8D8B32300}.Release|Any CPU.ActiveCfg = Release|Any CPU
		{EC9C32C4-6955-4826-9DA5-4FE8D8B32300}.Release|Any CPU.Build.0 = Release|Any CPU
		{7A9CDA66-BE11-4073-B2A7-F2547188C37F}.Debug|Any CPU.ActiveCfg = Debug|Any CPU
		{7A9CDA66-BE11-4073-B2A7-F2547188C37F}.Debug|Any CPU.Build.0 = Debug|Any CPU
		{7A9CDA66-BE11-4073-B2A7-F2547188C37F}.Release|Any CPU.ActiveCfg = Release|Any CPU
		{7A9CDA66-BE11-4073-B2A7-F2547188C37F}.Release|Any CPU.Build.0 = Release|Any CPU
		{5557A615-7872-4793-B64F-8E8E921527DE}.Debug|Any CPU.ActiveCfg = Debug|Any CPU
		{5557A615-7872-4793-B64F-8E8E921527DE}.Debug|Any CPU.Build.0 = Debug|Any CPU
		{5557A615-7872-4793-B64F-8E8E921527DE}.Release|Any CPU.ActiveCfg = Release|Any CPU
		{5557A615-7872-4793-B64F-8E8E921527DE}.Release|Any CPU.Build.0 = Release|Any CPU
		{F2C2A007-D259-4A99-A6F2-93A82049C449}.Debug|Any CPU.ActiveCfg = Debug|Any CPU
		{F2C2A007-D259-4A99-A6F2-93A82049C449}.Debug|Any CPU.Build.0 = Debug|Any CPU
		{F2C2A007-D259-4A99-A6F2-93A82049C449}.Release|Any CPU.ActiveCfg = Release|Any CPU
		{F2C2A007-D259-4A99-A6F2-93A82049C449}.Release|Any CPU.Build.0 = Release|Any CPU
		{612F6F06-9784-44EB-9F28-7C53A86931CB}.Debug|Any CPU.ActiveCfg = Debug|Any CPU
		{612F6F06-9784-44EB-9F28-7C53A86931CB}.Debug|Any CPU.Build.0 = Debug|Any CPU
		{612F6F06-9784-44EB-9F28-7C53A86931CB}.Release|Any CPU.ActiveCfg = Release|Any CPU
		{612F6F06-9784-44EB-9F28-7C53A86931CB}.Release|Any CPU.Build.0 = Release|Any CPU
	EndGlobalSection
	GlobalSection(SolutionProperties) = preSolution
		HideSolutionNode = FALSE
	EndGlobalSection
	GlobalSection(ExtensibilityGlobals) = postSolution
		SolutionGuid = {E8861542-7193-4810-9368-5E9203A1A3B5}
	EndGlobalSection
EndGlobal
