
Microsoft Visual Studio Solution File, Format Version 12.00
# Visual Studio 2012
Project("{F184B08F-C81C-45F6-A57F-5ABD9991F28F}") = "bPMUSourceDefaults", "bPMUSourceDefaults.vbproj", "{AC7DA20A-22DD-4ADB-B797-F3383A387268}"
EndProject
Global
	GlobalSection(SolutionConfigurationPlatforms) = preSolution
		Debug|Any CPU = Debug|Any CPU
		Release|Any CPU = Release|Any CPU
	EndGlobalSection
	GlobalSection(ProjectConfigurationPlatforms) = postSolution
		{AC7DA20A-22DD-4ADB-B797-F3383A387268}.Debug|Any CPU.ActiveCfg = Debug|Any CPU
		{AC7DA20A-22DD-4ADB-B797-F3383A387268}.Debug|Any CPU.Build.0 = Debug|Any CPU
		{AC7DA20A-22DD-4ADB-B797-F3383A387268}.Release|Any CPU.ActiveCfg = Release|Any CPU
		{AC7DA20A-22DD-4ADB-B797-F3383A387268}.Release|Any CPU.Build.0 = Release|Any CPU
	EndGlobalSection
	GlobalSection(SolutionProperties) = preSolution
		HideSolutionNode = FALSE
	EndGlobalSection
EndGlobal
