
Microsoft Visual Studio Solution File, Format Version 12.00
# Visual Studio 2012
Project("{F184B08F-C81C-45F6-A57F-5ABD9991F28F}") = "bCCMDocumentProduction", "bCCMDocumentProduction.vbproj", "{9E5DFEEB-6D3F-48A8-B7C3-76E251D61C6B}"
EndProject
Global
	GlobalSection(SolutionConfigurationPlatforms) = preSolution
		Debug|Any CPU = Debug|Any CPU
		Release|Any CPU = Release|Any CPU
	EndGlobalSection
	GlobalSection(ProjectConfigurationPlatforms) = postSolution
		{9E5DFEEB-6D3F-48A8-B7C3-76E251D61C6B}.Debug|Any CPU.ActiveCfg = Debug|Any CPU
		{9E5DFEEB-6D3F-48A8-B7C3-76E251D61C6B}.Debug|Any CPU.Build.0 = Debug|Any CPU
		{9E5DFEEB-6D3F-48A8-B7C3-76E251D61C6B}.Release|Any CPU.ActiveCfg = Release|Any CPU
		{9E5DFEEB-6D3F-48A8-B7C3-76E251D61C6B}.Release|Any CPU.Build.0 = Release|Any CPU
	EndGlobalSection
	GlobalSection(SolutionProperties) = preSolution
		HideSolutionNode = FALSE
	EndGlobalSection
EndGlobal
