
Microsoft Visual Studio Solution File, Format Version 12.00
# Visual Studio Version 16
VisualStudioVersion = 16.0.33423.256
MinimumVisualStudioVersion = 10.0.40219.1
Project("{F184B08F-C81C-45F6-A57F-5ABD9991F28F}") = "bSIRReportPrint", "bSIRReportPrint.vbproj", "{78EE567B-5959-4CDB-AD02-F4F09C03F789}"
EndProject
Project("{F184B08F-C81C-45F6-A57F-5ABD9991F28F}") = "bSIRSharePointOnlineValidate", "..\..\..\Document Production\Sharepoint Integration\bSIRSharePointOnlineValidate\bSIRSharePointOnlineValidate.vbproj", "{557CFBD0-785A-489D-A857-DBD7FE0058FC}"
EndProject
Project("{F184B08F-C81C-45F6-A57F-5ABD9991F28F}") = "bSIRRenSelection", "..\..\..\..\..\Sirius For Underwriting\Components\Renewal\Business\bSIRRenSelection\bSIRRenSelection.vbproj", "{BE5BB203-68F0-434F-8160-3E216D0D7142}"
EndProject
Project("{F184B08F-C81C-45F6-A57F-5ABD9991F28F}") = "ReportSchedulerCLI", "..\..\Interface\ReportSchedulerCLI\ReportSchedulerCLI.vbproj", "{70258EE2-A0FC-442A-BE18-C0D02DD72DAD}"
EndProject
Project("{F184B08F-C81C-45F6-A57F-5ABD9991F28F}") = "bSIRAutomaticRenewalsSel", "..\..\..\..\..\Sirius For Underwriting\Components\Renewal\Business\bSIRAutomaticRenewalsSel\bSIRAutomaticRenewalsSel.vbproj", "{63F003E9-3974-4142-8360-D21DBC277E61}"
EndProject
Project("{F184B08F-C81C-45F6-A57F-5ABD9991F28F}") = "bSIRRenewal", "..\..\..\..\..\Sirius For Underwriting\Components\Renewal\Business\bSIRRenewal\bSIRRenewal.vbproj", "{DF2BA840-C9C6-4594-B82E-70EC28909B7D}"
EndProject
Project("{F184B08F-C81C-45F6-A57F-5ABD9991F28F}") = "bGISPMUExtras", "..\..\..\..\..\GIS Combined\Product Builder\gis pmu extras\Business\bGISPMUExtras\bGISPMUExtras.vbproj", "{AD45B7BA-98F9-4989-A2EC-92D4EC44F8C1}"
EndProject
Project("{F184B08F-C81C-45F6-A57F-5ABD9991F28F}") = "bSIRCheckAuthorityLevel", "..\..\..\..\..\Claims\Components\User Authority Levels\Business\bSIRCheckAuthorityLevel\bSIRCheckAuthorityLevel.vbproj", "{2BBDD90B-872E-4AF5-8EB4-504FA4FC5046}"
EndProject
Project("{F184B08F-C81C-45F6-A57F-5ABD9991F28F}") = "bSIRAutomaticRenewalsAccept", "..\..\..\..\..\Sirius For Underwriting\Components\Renewal\Business\bSIRAutomaticRenewalsAccept\bSIRAutomaticRenewalsAccept.vbproj", "{732ECF12-33A3-4226-9612-224C651DBC87}"
EndProject
Project("{F184B08F-C81C-45F6-A57F-5ABD9991F28F}") = "bSIRRenInvitePrint", "..\..\..\..\..\Sirius For Underwriting\Components\Renewal\Business\bSIRRenInvitePrint\bSIRRenInvitePrint.vbproj", "{49B6CB7A-8BC7-45BD-845A-D9244C1C46C3}"
EndProject
Project("{F184B08F-C81C-45F6-A57F-5ABD9991F28F}") = "bSIRAutomaticRenewalsInvite", "..\..\..\..\..\Sirius For Underwriting\Components\Renewal\Business\bSIRAutomaticRenewalsInvite\bSIRAutomaticRenewalsInvite.vbproj", "{9D3A737C-63E3-44C7-95A2-1C00B01BC7B6}"
EndProject
Project("{F184B08F-C81C-45F6-A57F-5ABD9991F28F}") = "bSIRAutoMTA", "..\..\..\..\..\Sirius For Underwriting\Components\Auto MTA\BUSINESS\bSIRAutoMTA\bSIRAutoMTA.vbproj", "{5CD0C2F0-E756-45B5-BDE4-B28AFFA55F44}"
EndProject
Project("{F184B08F-C81C-45F6-A57F-5ABD9991F28F}") = "bSIRChaseCycle", "..\..\..\..\..\Sirius For Underwriting\Components\ChaseCycle\Business\bSIRChaseCycle\bSIRChaseCycle.vbproj", "{D8D9C4B9-6E9D-4987-BF55-2C0195D76F27}"
EndProject
Project("{F184B08F-C81C-45F6-A57F-5ABD9991F28F}") = "bACTCreditControl", "..\..\..\..\..\Orion\Components\CreditControl\Business\bACTCreditControl\bACTCreditControl.vbproj", "{80061E22-8323-482A-8C76-70388115746A}"
EndProject
Project("{F184B08F-C81C-45F6-A57F-5ABD9991F28F}") = "bACTFinanceSpoke", "..\..\..\..\..\Orion\Components\FinanceSpoke\Business\bACTFinanceSpoke\bACTFinanceSpoke.vbproj", "{1CD7C8E6-E9B6-45FB-8AEA-94814BD11D50}"
EndProject
Project("{F184B08F-C81C-45F6-A57F-5ABD9991F28F}") = "bSIRRIPortfolioTransfer", "..\..\..\..\..\Sirius For Underwriting\Components\RI PortfolioTransfer\Business\bSIRRIPortfolioTransfer\bSIRRIPortfolioTransfer.vbproj", "{FDBE0EE5-1C37-4E44-BE15-C1FE790438E7}"
EndProject
Project("{F184B08F-C81C-45F6-A57F-5ABD9991F28F}") = "bSIRPFExport", "..\..\..\Instalments\Business\bSIRPFExport\bSIRPFExport.vbproj", "{26C79151-40D5-41D4-A7E9-4DF729FA6EF5}"
EndProject
Project("{F184B08F-C81C-45F6-A57F-5ABD9991F28F}") = "bSIRCloneRIBatchProcess", "..\..\..\..\..\Sirius For Underwriting\Components\Clone RI Transfer Auto\Business\bSIRCloneRIBatchProcess\bSIRCloneRIBatchProcess.vbproj", "{6D49B7DC-1E09-49BA-9B46-58AA23D04875}"
EndProject
Project("{F184B08F-C81C-45F6-A57F-5ABD9991F28F}") = "bSIRDeferredRIAuto", "..\..\..\..\..\Sirius For Underwriting\Components\Deferred RI Auto\Business\bSIRDeferredRIAuto\bSIRDeferredRIAuto.vbproj", "{B81E1DC5-18F1-4666-987D-37D1E177E04D}"
EndProject
Project("{F184B08F-C81C-45F6-A57F-5ABD9991F28F}") = "iPMURenewalCatchUp", "..\..\..\..\..\Sirius For Underwriting\Components\Renewal Catch Up\Interface\iPMURenewalCatchUp\iPMURenewalCatchUp\iPMURenewalCatchUp\iPMURenewalCatchUp.vbproj", "{26BCCC5A-45F8-4FCA-8008-976134B43FE0}"
EndProject
Global
	GlobalSection(SolutionConfigurationPlatforms) = preSolution
		Debug|Any CPU = Debug|Any CPU
		Release|Any CPU = Release|Any CPU
	EndGlobalSection
	GlobalSection(ProjectConfigurationPlatforms) = postSolution
		{78EE567B-5959-4CDB-AD02-F4F09C03F789}.Debug|Any CPU.ActiveCfg = Debug|Any CPU
		{78EE567B-5959-4CDB-AD02-F4F09C03F789}.Debug|Any CPU.Build.0 = Debug|Any CPU
		{78EE567B-5959-4CDB-AD02-F4F09C03F789}.Release|Any CPU.ActiveCfg = Release|Any CPU
		{78EE567B-5959-4CDB-AD02-F4F09C03F789}.Release|Any CPU.Build.0 = Release|Any CPU
		{557CFBD0-785A-489D-A857-DBD7FE0058FC}.Debug|Any CPU.ActiveCfg = Debug|Any CPU
		{557CFBD0-785A-489D-A857-DBD7FE0058FC}.Debug|Any CPU.Build.0 = Debug|Any CPU
		{557CFBD0-785A-489D-A857-DBD7FE0058FC}.Release|Any CPU.ActiveCfg = Release|Any CPU
		{557CFBD0-785A-489D-A857-DBD7FE0058FC}.Release|Any CPU.Build.0 = Release|Any CPU
		{BE5BB203-68F0-434F-8160-3E216D0D7142}.Debug|Any CPU.ActiveCfg = Debug|Any CPU
		{BE5BB203-68F0-434F-8160-3E216D0D7142}.Debug|Any CPU.Build.0 = Debug|Any CPU
		{BE5BB203-68F0-434F-8160-3E216D0D7142}.Release|Any CPU.ActiveCfg = Release|Any CPU
		{BE5BB203-68F0-434F-8160-3E216D0D7142}.Release|Any CPU.Build.0 = Release|Any CPU
		{70258EE2-A0FC-442A-BE18-C0D02DD72DAD}.Debug|Any CPU.ActiveCfg = Debug|Any CPU
		{70258EE2-A0FC-442A-BE18-C0D02DD72DAD}.Debug|Any CPU.Build.0 = Debug|Any CPU
		{70258EE2-A0FC-442A-BE18-C0D02DD72DAD}.Release|Any CPU.ActiveCfg = Release|Any CPU
		{70258EE2-A0FC-442A-BE18-C0D02DD72DAD}.Release|Any CPU.Build.0 = Release|Any CPU
		{63F003E9-3974-4142-8360-D21DBC277E61}.Debug|Any CPU.ActiveCfg = Debug|Any CPU
		{63F003E9-3974-4142-8360-D21DBC277E61}.Debug|Any CPU.Build.0 = Debug|Any CPU
		{63F003E9-3974-4142-8360-D21DBC277E61}.Release|Any CPU.ActiveCfg = Release|Any CPU
		{63F003E9-3974-4142-8360-D21DBC277E61}.Release|Any CPU.Build.0 = Release|Any CPU
		{DF2BA840-C9C6-4594-B82E-70EC28909B7D}.Debug|Any CPU.ActiveCfg = Debug|Any CPU
		{DF2BA840-C9C6-4594-B82E-70EC28909B7D}.Debug|Any CPU.Build.0 = Debug|Any CPU
		{DF2BA840-C9C6-4594-B82E-70EC28909B7D}.Release|Any CPU.ActiveCfg = Release|Any CPU
		{DF2BA840-C9C6-4594-B82E-70EC28909B7D}.Release|Any CPU.Build.0 = Release|Any CPU
		{AD45B7BA-98F9-4989-A2EC-92D4EC44F8C1}.Debug|Any CPU.ActiveCfg = Debug|Any CPU
		{AD45B7BA-98F9-4989-A2EC-92D4EC44F8C1}.Debug|Any CPU.Build.0 = Debug|Any CPU
		{AD45B7BA-98F9-4989-A2EC-92D4EC44F8C1}.Release|Any CPU.ActiveCfg = Release|Any CPU
		{AD45B7BA-98F9-4989-A2EC-92D4EC44F8C1}.Release|Any CPU.Build.0 = Release|Any CPU
		{2BBDD90B-872E-4AF5-8EB4-504FA4FC5046}.Debug|Any CPU.ActiveCfg = Debug|Any CPU
		{2BBDD90B-872E-4AF5-8EB4-504FA4FC5046}.Debug|Any CPU.Build.0 = Debug|Any CPU
		{2BBDD90B-872E-4AF5-8EB4-504FA4FC5046}.Release|Any CPU.ActiveCfg = Release|Any CPU
		{2BBDD90B-872E-4AF5-8EB4-504FA4FC5046}.Release|Any CPU.Build.0 = Release|Any CPU
		{732ECF12-33A3-4226-9612-224C651DBC87}.Debug|Any CPU.ActiveCfg = Debug|Any CPU
		{732ECF12-33A3-4226-9612-224C651DBC87}.Debug|Any CPU.Build.0 = Debug|Any CPU
		{732ECF12-33A3-4226-9612-224C651DBC87}.Release|Any CPU.ActiveCfg = Release|Any CPU
		{732ECF12-33A3-4226-9612-224C651DBC87}.Release|Any CPU.Build.0 = Release|Any CPU
		{49B6CB7A-8BC7-45BD-845A-D9244C1C46C3}.Debug|Any CPU.ActiveCfg = Debug|Any CPU
		{49B6CB7A-8BC7-45BD-845A-D9244C1C46C3}.Debug|Any CPU.Build.0 = Debug|Any CPU
		{49B6CB7A-8BC7-45BD-845A-D9244C1C46C3}.Release|Any CPU.ActiveCfg = Release|Any CPU
		{49B6CB7A-8BC7-45BD-845A-D9244C1C46C3}.Release|Any CPU.Build.0 = Release|Any CPU
		{9D3A737C-63E3-44C7-95A2-1C00B01BC7B6}.Debug|Any CPU.ActiveCfg = Debug|Any CPU
		{9D3A737C-63E3-44C7-95A2-1C00B01BC7B6}.Debug|Any CPU.Build.0 = Debug|Any CPU
		{9D3A737C-63E3-44C7-95A2-1C00B01BC7B6}.Release|Any CPU.ActiveCfg = Release|Any CPU
		{9D3A737C-63E3-44C7-95A2-1C00B01BC7B6}.Release|Any CPU.Build.0 = Release|Any CPU
		{5CD0C2F0-E756-45B5-BDE4-B28AFFA55F44}.Debug|Any CPU.ActiveCfg = Debug|Any CPU
		{5CD0C2F0-E756-45B5-BDE4-B28AFFA55F44}.Debug|Any CPU.Build.0 = Debug|Any CPU
		{5CD0C2F0-E756-45B5-BDE4-B28AFFA55F44}.Release|Any CPU.ActiveCfg = Release|Any CPU
		{5CD0C2F0-E756-45B5-BDE4-B28AFFA55F44}.Release|Any CPU.Build.0 = Release|Any CPU
		{D8D9C4B9-6E9D-4987-BF55-2C0195D76F27}.Debug|Any CPU.ActiveCfg = Debug|Any CPU
		{D8D9C4B9-6E9D-4987-BF55-2C0195D76F27}.Debug|Any CPU.Build.0 = Debug|Any CPU
		{D8D9C4B9-6E9D-4987-BF55-2C0195D76F27}.Release|Any CPU.ActiveCfg = Release|Any CPU
		{D8D9C4B9-6E9D-4987-BF55-2C0195D76F27}.Release|Any CPU.Build.0 = Release|Any CPU
		{80061E22-8323-482A-8C76-70388115746A}.Debug|Any CPU.ActiveCfg = Debug|Any CPU
		{80061E22-8323-482A-8C76-70388115746A}.Debug|Any CPU.Build.0 = Debug|Any CPU
		{80061E22-8323-482A-8C76-70388115746A}.Release|Any CPU.ActiveCfg = Release|Any CPU
		{80061E22-8323-482A-8C76-70388115746A}.Release|Any CPU.Build.0 = Release|Any CPU
		{1CD7C8E6-E9B6-45FB-8AEA-94814BD11D50}.Debug|Any CPU.ActiveCfg = Debug|Any CPU
		{1CD7C8E6-E9B6-45FB-8AEA-94814BD11D50}.Debug|Any CPU.Build.0 = Debug|Any CPU
		{1CD7C8E6-E9B6-45FB-8AEA-94814BD11D50}.Release|Any CPU.ActiveCfg = Release|Any CPU
		{1CD7C8E6-E9B6-45FB-8AEA-94814BD11D50}.Release|Any CPU.Build.0 = Release|Any CPU
		{FDBE0EE5-1C37-4E44-BE15-C1FE790438E7}.Debug|Any CPU.ActiveCfg = Debug|Any CPU
		{FDBE0EE5-1C37-4E44-BE15-C1FE790438E7}.Debug|Any CPU.Build.0 = Debug|Any CPU
		{FDBE0EE5-1C37-4E44-BE15-C1FE790438E7}.Release|Any CPU.ActiveCfg = Release|Any CPU
		{FDBE0EE5-1C37-4E44-BE15-C1FE790438E7}.Release|Any CPU.Build.0 = Release|Any CPU
		{26C79151-40D5-41D4-A7E9-4DF729FA6EF5}.Debug|Any CPU.ActiveCfg = Debug|Any CPU
		{26C79151-40D5-41D4-A7E9-4DF729FA6EF5}.Debug|Any CPU.Build.0 = Debug|Any CPU
		{26C79151-40D5-41D4-A7E9-4DF729FA6EF5}.Release|Any CPU.ActiveCfg = Release|Any CPU
		{26C79151-40D5-41D4-A7E9-4DF729FA6EF5}.Release|Any CPU.Build.0 = Release|Any CPU
		{6D49B7DC-1E09-49BA-9B46-58AA23D04875}.Debug|Any CPU.ActiveCfg = Debug|Any CPU
		{6D49B7DC-1E09-49BA-9B46-58AA23D04875}.Debug|Any CPU.Build.0 = Debug|Any CPU
		{6D49B7DC-1E09-49BA-9B46-58AA23D04875}.Release|Any CPU.ActiveCfg = Release|Any CPU
		{6D49B7DC-1E09-49BA-9B46-58AA23D04875}.Release|Any CPU.Build.0 = Release|Any CPU
		{B81E1DC5-18F1-4666-987D-37D1E177E04D}.Debug|Any CPU.ActiveCfg = Debug|Any CPU
		{B81E1DC5-18F1-4666-987D-37D1E177E04D}.Debug|Any CPU.Build.0 = Debug|Any CPU
		{B81E1DC5-18F1-4666-987D-37D1E177E04D}.Release|Any CPU.ActiveCfg = Release|Any CPU
		{B81E1DC5-18F1-4666-987D-37D1E177E04D}.Release|Any CPU.Build.0 = Release|Any CPU
		{26BCCC5A-45F8-4FCA-8008-976134B43FE0}.Debug|Any CPU.ActiveCfg = Debug|Any CPU
		{26BCCC5A-45F8-4FCA-8008-976134B43FE0}.Debug|Any CPU.Build.0 = Debug|Any CPU
		{26BCCC5A-45F8-4FCA-8008-976134B43FE0}.Release|Any CPU.ActiveCfg = Release|Any CPU
		{26BCCC5A-45F8-4FCA-8008-976134B43FE0}.Release|Any CPU.Build.0 = Release|Any CPU
	EndGlobalSection
	GlobalSection(SolutionProperties) = preSolution
		HideSolutionNode = FALSE
	EndGlobalSection
	GlobalSection(ExtensibilityGlobals) = postSolution
		SolutionGuid = {4D1E21E6-2E48-404E-9F81-95740AB87E48}
	EndGlobalSection
EndGlobal
