
Microsoft Visual Studio Solution File, Format Version 12.00
# Visual Studio 2012
Project("{F184B08F-C81C-45F6-A57F-5ABD9991F28F}") = "bPMUPolicy", "bPMUPolicy.vbproj", "{672CC1EF-3B32-4CA9-B161-354A64A8DB96}"
EndProject
Global
	GlobalSection(SolutionConfigurationPlatforms) = preSolution
		Debug|Any CPU = Debug|Any CPU
		Release|Any CPU = Release|Any CPU
	EndGlobalSection
	GlobalSection(ProjectConfigurationPlatforms) = postSolution
		{672CC1EF-3B32-4CA9-B161-354A64A8DB96}.Debug|Any CPU.ActiveCfg = Debug|Any CPU
		{672CC1EF-3B32-4CA9-B161-354A64A8DB96}.Debug|Any CPU.Build.0 = Debug|Any CPU
		{672CC1EF-3B32-4CA9-B161-354A64A8DB96}.Release|Any CPU.ActiveCfg = Release|Any CPU
		{672CC1EF-3B32-4CA9-B161-354A64A8DB96}.Release|Any CPU.Build.0 = Release|Any CPU
	EndGlobalSection
	GlobalSection(SolutionProperties) = preSolution
		HideSolutionNode = FALSE
	EndGlobalSection
EndGlobal
