
Microsoft Visual Studio Solution File, Format Version 12.00
# Visual Studio 2012
Project("{F184B08F-C81C-45F6-A57F-5ABD9991F28F}") = "iACTClaimPaymentProcessing", "iACTClaimPaymentProcessing.vbproj", "{A1AF5511-61EC-49A2-B36A-6C7B1348CE49}"
EndProject
Global
	GlobalSection(SolutionConfigurationPlatforms) = preSolution
		Debug|Any CPU = Debug|Any CPU
		Release|Any CPU = Release|Any CPU
	EndGlobalSection
	GlobalSection(ProjectConfigurationPlatforms) = postSolution
		{A1AF5511-61EC-49A2-B36A-6C7B1348CE49}.Debug|Any CPU.ActiveCfg = Debug|Any CPU
		{A1AF5511-61EC-49A2-B36A-6C7B1348CE49}.Debug|Any CPU.Build.0 = Debug|Any CPU
		{A1AF5511-61EC-49A2-B36A-6C7B1348CE49}.Release|Any CPU.ActiveCfg = Release|Any CPU
		{A1AF5511-61EC-49A2-B36A-6C7B1348CE49}.Release|Any CPU.Build.0 = Release|Any CPU
	EndGlobalSection
	GlobalSection(SolutionProperties) = preSolution
		HideSolutionNode = FALSE
	EndGlobalSection
EndGlobal
