
Microsoft Visual Studio Solution File, Format Version 12.00
# Visual Studio Version 17
VisualStudioVersion = 17.6.33723.286
MinimumVisualStudioVersion = 10.0.40219.1
Project("{F184B08F-C81C-45F6-A57F-5ABD9991F28F}") = "bACTFindAccount", "bACTFindAccount.vbproj", "{D63E2A08-EBC1-44B8-9B4B-AD2BA78CC37B}"
EndProject
Project("{778DAE3C-4631-46EA-AA77-85C1314464D9}") = "SSP.Shared", "..\..\..\..\..\SSP.Shared\SSP.Shared.vbproj", "{AB537DEF-790E-467C-AE8D-71EB59DCACF7}"
EndProject
Project("{778DAE3C-4631-46EA-AA77-85C1314464D9}") = "dPMDAO", "..\..\..\..\..\Sirius Architecture\Components\dPMDAO\dPMDAO.vbproj", "{E518A60D-BF5E-4F07-94BE-88F48D8750DE}"
EndProject
Project("{778DAE3C-4631-46EA-AA77-85C1314464D9}") = "bACTAccount", "..\..\..\Account\Business\bACTAccount\bACTAccount.vbproj", "{D5917554-C911-4E82-9783-3FCFCD898BC4}"
EndProject
Project("{778DAE3C-4631-46EA-AA77-85C1314464D9}") = "aPMNav", "..\..\..\..\..\Sirius Architecture\Components\Navigator V3\aPMNav\aPMNav.vbproj", "{3C8A2EB4-DD05-48B7-824F-653A7C6D1ACD}"
EndProject
Project("{778DAE3C-4631-46EA-AA77-85C1314464D9}") = "bSIRBankGuarantee", "..\..\..\..\..\Sirius Back Office Core\Components\Bank Guarantee\Business\bSIRBankGuarantee\bSIRBankGuarantee.vbproj", "{340990B9-D560-4DB0-ADE0-6B0E403AAD3A}"
EndProject
Project("{778DAE3C-4631-46EA-AA77-85C1314464D9}") = "BPMLOOKUP", "..\..\..\..\..\Sirius Architecture\Components\PMLookup\bPMLookup\BPMLOOKUP.vbproj", "{1A7A1C85-0689-4495-A2BE-1B82C1985F29}"
EndProject
Global
	GlobalSection(SolutionConfigurationPlatforms) = preSolution
		Debug|Any CPU = Debug|Any CPU
		Release|Any CPU = Release|Any CPU
	EndGlobalSection
	GlobalSection(ProjectConfigurationPlatforms) = postSolution
		{D63E2A08-EBC1-44B8-9B4B-AD2BA78CC37B}.Debug|Any CPU.ActiveCfg = Debug|Any CPU
		{D63E2A08-EBC1-44B8-9B4B-AD2BA78CC37B}.Debug|Any CPU.Build.0 = Debug|Any CPU
		{D63E2A08-EBC1-44B8-9B4B-AD2BA78CC37B}.Release|Any CPU.ActiveCfg = Release|Any CPU
		{D63E2A08-EBC1-44B8-9B4B-AD2BA78CC37B}.Release|Any CPU.Build.0 = Release|Any CPU
		{AB537DEF-790E-467C-AE8D-71EB59DCACF7}.Debug|Any CPU.ActiveCfg = Debug|Any CPU
		{AB537DEF-790E-467C-AE8D-71EB59DCACF7}.Debug|Any CPU.Build.0 = Debug|Any CPU
		{AB537DEF-790E-467C-AE8D-71EB59DCACF7}.Release|Any CPU.ActiveCfg = Release|Any CPU
		{AB537DEF-790E-467C-AE8D-71EB59DCACF7}.Release|Any CPU.Build.0 = Release|Any CPU
		{E518A60D-BF5E-4F07-94BE-88F48D8750DE}.Debug|Any CPU.ActiveCfg = Debug|Any CPU
		{E518A60D-BF5E-4F07-94BE-88F48D8750DE}.Debug|Any CPU.Build.0 = Debug|Any CPU
		{E518A60D-BF5E-4F07-94BE-88F48D8750DE}.Release|Any CPU.ActiveCfg = Release|Any CPU
		{E518A60D-BF5E-4F07-94BE-88F48D8750DE}.Release|Any CPU.Build.0 = Release|Any CPU
		{D5917554-C911-4E82-9783-3FCFCD898BC4}.Debug|Any CPU.ActiveCfg = Debug|Any CPU
		{D5917554-C911-4E82-9783-3FCFCD898BC4}.Debug|Any CPU.Build.0 = Debug|Any CPU
		{D5917554-C911-4E82-9783-3FCFCD898BC4}.Release|Any CPU.ActiveCfg = Release|Any CPU
		{D5917554-C911-4E82-9783-3FCFCD898BC4}.Release|Any CPU.Build.0 = Release|Any CPU
		{3C8A2EB4-DD05-48B7-824F-653A7C6D1ACD}.Debug|Any CPU.ActiveCfg = Debug|Any CPU
		{3C8A2EB4-DD05-48B7-824F-653A7C6D1ACD}.Debug|Any CPU.Build.0 = Debug|Any CPU
		{3C8A2EB4-DD05-48B7-824F-653A7C6D1ACD}.Release|Any CPU.ActiveCfg = Release|Any CPU
		{3C8A2EB4-DD05-48B7-824F-653A7C6D1ACD}.Release|Any CPU.Build.0 = Release|Any CPU
		{340990B9-D560-4DB0-ADE0-6B0E403AAD3A}.Debug|Any CPU.ActiveCfg = Debug|Any CPU
		{340990B9-D560-4DB0-ADE0-6B0E403AAD3A}.Debug|Any CPU.Build.0 = Debug|Any CPU
		{340990B9-D560-4DB0-ADE0-6B0E403AAD3A}.Release|Any CPU.ActiveCfg = Release|Any CPU
		{340990B9-D560-4DB0-ADE0-6B0E403AAD3A}.Release|Any CPU.Build.0 = Release|Any CPU
		{1A7A1C85-0689-4495-A2BE-1B82C1985F29}.Debug|Any CPU.ActiveCfg = Debug|Any CPU
		{1A7A1C85-0689-4495-A2BE-1B82C1985F29}.Debug|Any CPU.Build.0 = Debug|Any CPU
		{1A7A1C85-0689-4495-A2BE-1B82C1985F29}.Release|Any CPU.ActiveCfg = Release|Any CPU
		{1A7A1C85-0689-4495-A2BE-1B82C1985F29}.Release|Any CPU.Build.0 = Release|Any CPU
	EndGlobalSection
	GlobalSection(SolutionProperties) = preSolution
		HideSolutionNode = FALSE
	EndGlobalSection
	GlobalSection(ExtensibilityGlobals) = postSolution
		SolutionGuid = {57470CD2-1621-4069-A6C4-2EF28C2140F2}
	EndGlobalSection
EndGlobal
