
Microsoft Visual Studio Solution File, Format Version 12.00
# Visual Studio Version 17
VisualStudioVersion = 17.6.33723.286
MinimumVisualStudioVersion = 10.0.40219.1
Project("{F184B08F-C81C-45F6-A57F-5ABD9991F28F}") = "bPMMessage", "bPMMessage.vbproj", "{3904C709-7226-4235-B2F6-D9837DF98283}"
EndProject
Project("{F184B08F-C81C-45F6-A57F-5ABD9991F28F}") = "bACTImportSiriusTrans", "..\..\..\..\Orion\Components\ImportSiriusTrans\Business\bACTImportSiriusTrans\bACTImportSiriusTrans.vbproj", "{D12CE81E-CAD4-4591-B658-0B43D44D5A06}"
EndProject
Project("{F184B08F-C81C-45F6-A57F-5ABD9991F28F}") = "bACTCommissionPost", "..\..\..\..\Orion\Components\CommissionPost\Business\bACTCommissionPost\bACTCommissionPost.vbproj", "{9DE563D8-591A-4F5F-9716-4AF942244A87}"
EndProject
Global
	GlobalSection(SolutionConfigurationPlatforms) = preSolution
		Debug|Any CPU = Debug|Any CPU
		Release|Any CPU = Release|Any CPU
	EndGlobalSection
	GlobalSection(ProjectConfigurationPlatforms) = postSolution
		{3904C709-7226-4235-B2F6-D9837DF98283}.Debug|Any CPU.ActiveCfg = Debug|Any CPU
		{3904C709-7226-4235-B2F6-D9837DF98283}.Debug|Any CPU.Build.0 = Debug|Any CPU
		{3904C709-7226-4235-B2F6-D9837DF98283}.Release|Any CPU.ActiveCfg = Release|Any CPU
		{3904C709-7226-4235-B2F6-D9837DF98283}.Release|Any CPU.Build.0 = Release|Any CPU
		{D12CE81E-CAD4-4591-B658-0B43D44D5A06}.Debug|Any CPU.ActiveCfg = Debug|Any CPU
		{D12CE81E-CAD4-4591-B658-0B43D44D5A06}.Debug|Any CPU.Build.0 = Debug|Any CPU
		{D12CE81E-CAD4-4591-B658-0B43D44D5A06}.Release|Any CPU.ActiveCfg = Release|Any CPU
		{D12CE81E-CAD4-4591-B658-0B43D44D5A06}.Release|Any CPU.Build.0 = Release|Any CPU
		{9DE563D8-591A-4F5F-9716-4AF942244A87}.Debug|Any CPU.ActiveCfg = Debug|Any CPU
		{9DE563D8-591A-4F5F-9716-4AF942244A87}.Debug|Any CPU.Build.0 = Debug|Any CPU
		{9DE563D8-591A-4F5F-9716-4AF942244A87}.Release|Any CPU.ActiveCfg = Release|Any CPU
		{9DE563D8-591A-4F5F-9716-4AF942244A87}.Release|Any CPU.Build.0 = Release|Any CPU
	EndGlobalSection
	GlobalSection(SolutionProperties) = preSolution
		HideSolutionNode = FALSE
	EndGlobalSection
	GlobalSection(ExtensibilityGlobals) = postSolution
		SolutionGuid = {E68D9A35-2803-4EF2-B590-65270D8CC99E}
	EndGlobalSection
EndGlobal
