
Microsoft Visual Studio Solution File, Format Version 12.00
# Visual Studio 2012
Project("{F184B08F-C81C-45F6-A57F-5ABD9991F28F}") = "iCLMFindClaim", "iCLMFindClaim.vbproj", "{EEB9470D-F406-4BF9-AC50-70C888788FFD}"
EndProject
Global
	GlobalSection(SolutionConfigurationPlatforms) = preSolution
		Debug|Any CPU = Debug|Any CPU
		Release|Any CPU = Release|Any CPU
	EndGlobalSection
	GlobalSection(ProjectConfigurationPlatforms) = postSolution
		{EEB9470D-F406-4BF9-AC50-70C888788FFD}.Debug|Any CPU.ActiveCfg = Debug|Any CPU
		{EEB9470D-F406-4BF9-AC50-70C888788FFD}.Debug|Any CPU.Build.0 = Debug|Any CPU
		{EEB9470D-F406-4BF9-AC50-70C888788FFD}.Release|Any CPU.ActiveCfg = Release|Any CPU
		{EEB9470D-F406-4BF9-AC50-70C888788FFD}.Release|Any CPU.Build.0 = Release|Any CPU
	EndGlobalSection
	GlobalSection(SolutionProperties) = preSolution
		HideSolutionNode = FALSE
	EndGlobalSection
EndGlobal
