
Microsoft Visual Studio Solution File, Format Version 12.00
# Visual Studio 14
VisualStudioVersion = 14.0.25420.1
MinimumVisualStudioVersion = 10.0.40219.1
Project("{F184B08F-C81C-45F6-A57F-5ABD9991F28F}") = "iPMUDataFixUtility_CAIC_PM060234", "iPMUDataFixUtility_CAIC_PM060234.vbproj", "{DDE60869-09C7-4F1E-B0D8-32403CC5252F}"
EndProject
Project("{F184B08F-C81C-45F6-A57F-5ABD9991F28F}") = "bSIRRepostTransaction", "..\..\Business\bSIRRepostTransaction\bSIRRepostTransaction.vbproj", "{81721DF9-D69E-4322-881D-4696970B95BA}"
EndProject
Project("{F184B08F-C81C-45F6-A57F-5ABD9991F28F}") = "bSIRReinsurance", "..\..\..\..\..\Sirius For Underwriting\Components\Reinsurance\Business\bSIRReinsurance\bSIRReinsurance.vbproj", "{5499AF6D-3D1C-4122-A3F2-3917E92540E3}"
EndProject
Global
	GlobalSection(SolutionConfigurationPlatforms) = preSolution
		Debug|Any CPU = Debug|Any CPU
		Release|Any CPU = Release|Any CPU
	EndGlobalSection
	GlobalSection(ProjectConfigurationPlatforms) = postSolution
		{DDE60869-09C7-4F1E-B0D8-32403CC5252F}.Debug|Any CPU.ActiveCfg = Debug|Any CPU
		{DDE60869-09C7-4F1E-B0D8-32403CC5252F}.Debug|Any CPU.Build.0 = Debug|Any CPU
		{DDE60869-09C7-4F1E-B0D8-32403CC5252F}.Release|Any CPU.ActiveCfg = Release|Any CPU
		{DDE60869-09C7-4F1E-B0D8-32403CC5252F}.Release|Any CPU.Build.0 = Release|Any CPU
		{81721DF9-D69E-4322-881D-4696970B95BA}.Debug|Any CPU.ActiveCfg = Debug|Any CPU
		{81721DF9-D69E-4322-881D-4696970B95BA}.Debug|Any CPU.Build.0 = Debug|Any CPU
		{81721DF9-D69E-4322-881D-4696970B95BA}.Release|Any CPU.ActiveCfg = Release|Any CPU
		{81721DF9-D69E-4322-881D-4696970B95BA}.Release|Any CPU.Build.0 = Release|Any CPU
		{5499AF6D-3D1C-4122-A3F2-3917E92540E3}.Debug|Any CPU.ActiveCfg = Debug|Any CPU
		{5499AF6D-3D1C-4122-A3F2-3917E92540E3}.Debug|Any CPU.Build.0 = Debug|Any CPU
		{5499AF6D-3D1C-4122-A3F2-3917E92540E3}.Release|Any CPU.ActiveCfg = Release|Any CPU
		{5499AF6D-3D1C-4122-A3F2-3917E92540E3}.Release|Any CPU.Build.0 = Release|Any CPU
	EndGlobalSection
	GlobalSection(SolutionProperties) = preSolution
		HideSolutionNode = FALSE
	EndGlobalSection
	GlobalSection(TeamFoundationVersionControl) = preSolution
		SccNumberOfProjects = 3
		SccEnterpriseProvider = {4CA58AB2-18FA-4F8D-95D4-32DDF27D184C}
		SccTeamFoundationServer = http://tfs2015:8080/tfs/insurer
		SccProjectUniqueName0 = ..\\..\\Business\\bSIRRepostTransaction\\bSIRRepostTransaction.vbproj
		SccProjectName0 = ../../Business/bSIRRepostTransaction
		SccAuxPath0 = http://tfs2015:8080/tfs/insurer
		SccLocalPath0 = ..\\..\\Business\\bSIRRepostTransaction
		SccProvider0 = {4CA58AB2-18FA-4F8D-95D4-32DDF27D184C}
		SccProjectUniqueName1 = ..\\..\\..\\..\\..\\Sirius\u0020For\u0020Underwriting\\Components\\Reinsurance\\Business\\bSIRReinsurance\\bSIRReinsurance.vbproj
		SccProjectName1 = ../../../../../Sirius\u0020For\u0020Underwriting/Components/Reinsurance/Business/bSIRReinsurance
		SccAuxPath1 = http://tfs2015:8080/tfs/insurer
		SccLocalPath1 = ..\\..\\..\\..\\..\\Sirius\u0020For\u0020Underwriting\\Components\\Reinsurance\\Business\\bSIRReinsurance
		SccProvider1 = {4CA58AB2-18FA-4F8D-95D4-32DDF27D184C}
		SccProjectUniqueName2 = iPMUDataFixUtility_CAIC_PM060234.vbproj
		SccProjectName2 = .
		SccAuxPath2 = http://tfs2015:8080/tfs/insurer
		SccLocalPath2 = .
		SccProvider2 = {4CA58AB2-18FA-4F8D-95D4-32DDF27D184C}
	EndGlobalSection
EndGlobal
