
Microsoft Visual Studio Solution File, Format Version 12.00
# Visual Studio Version 17
VisualStudioVersion = 17.8.34330.188
MinimumVisualStudioVersion = 10.0.40219.1
Project("{778DAE3C-4631-46EA-AA77-85C1314464D9}") = "dSIRAddress", "dSIRAddress.vbproj", "{F1E0A6C7-DD8C-4380-9BDF-8EF16FD12CFE}"
EndProject
Project("{778DAE3C-4631-46EA-AA77-85C1314464D9}") = "bSIROptions", "..\..\..\System Options\Business\bSirOptions\bSIROptions.vbproj", "{EC517C69-2256-46C6-8225-7C8C61E3F71F}"
EndProject
Project("{778DAE3C-4631-46EA-AA77-85C1314464D9}") = "dSIRParty", "..\..\..\Party\Data\dSIRParty\dSIRParty.vbproj", "{5CF9992D-E72F-4366-A7C7-0D94B62751AF}"
EndProject
Project("{778DAE3C-4631-46EA-AA77-85C1314464D9}") = "dSIRPartyLifestyle", "..\..\..\Party\Data\dSIRPartyLifestyle\dSIRPartyLifestyle.vbproj", "{3359E75A-CAF5-437C-B8ED-BCC8EB3F3686}"
EndProject
Project("{778DAE3C-4631-46EA-AA77-85C1314464D9}") = "bSIRPartyLifestyle", "..\..\..\Party\Business\bSIRPartyLifestyle\bSIRPartyLifestyle.vbproj", "{9418C2AD-2DFE-414A-A61C-EAF9B40C1CE8}"
EndProject
Project("{778DAE3C-4631-46EA-AA77-85C1314464D9}") = "bPMLock", "..\..\..\..\..\Sirius Architecture\Components\PMLock\bPMLock\bPMLock.vbproj", "{0E60EEDF-74BA-4AEC-A75E-5E395D582AAD}"
EndProject
Project("{778DAE3C-4631-46EA-AA77-85C1314464D9}") = "bSIRAddress", "..\..\Business\bSIRAddress\bSIRAddress.vbproj", "{3207E48D-602A-4CE6-8552-1D61024A2FAF}"
EndProject
Project("{778DAE3C-4631-46EA-AA77-85C1314464D9}") = "bSIRPartyNetData", "..\..\..\Party\Business\bSIRPartyNetData\bSIRPartyNetData.vbproj", "{DCF1ACCC-2264-4248-AA09-846BEA8FE54B}"
EndProject
Project("{778DAE3C-4631-46EA-AA77-85C1314464D9}") = "dSIRPartyNetData", "..\..\..\Party\Data\dSIRPartyNetData\dSIRPartyNetData.vbproj", "{19F034CD-ACAB-4F8B-B6EA-E1C099CAABAD}"
EndProject
Project("{778DAE3C-4631-46EA-AA77-85C1314464D9}") = "bPMZipper", "..\..\..\..\..\Sirius Architecture\Components\PMZipper\bPMZipper\bPMZipper.vbproj", "{01D60712-8319-4BBF-879A-60B123517490}"
EndProject
Project("{778DAE3C-4631-46EA-AA77-85C1314464D9}") = "bCLMClaimPartyLink", "..\..\..\..\..\Claims\Components\Claim Party Link Maintenance\Business\bCLMClaimPartyLink.vbproj", "{80134D65-92DD-49D1-8F0B-F9FBC560BA63}"
EndProject
Project("{778DAE3C-4631-46EA-AA77-85C1314464D9}") = "bGISUserDefLookup", "..\..\..\..\..\GIS Combined\GIS\Components\User Defined Lookups\Business\bGISUserDefLookup\bGISUserDefLookup.vbproj", "{7AB054A2-C949-4F91-902A-655AE374F008}"
EndProject
Project("{778DAE3C-4631-46EA-AA77-85C1314464D9}") = "bPMAddressControl", "..\..\..\..\..\Sirius Architecture\Components\User Controls\PMaddressControl\bPMAddressControl\bPMAddressControl.vbproj", "{6EE09236-9B67-4890-97BE-BBA7554294C0}"
EndProject
Project("{778DAE3C-4631-46EA-AA77-85C1314464D9}") = "bSIRShortPeriodRate", "..\..\..\..\..\Sirius For Underwriting\Components\Short Period Rate\Business\bSIRShortPeriodRate\bSIRShortPeriodRate.vbproj", "{D7BA46AB-1E31-40C5-964A-52A9A0C9D339}"
EndProject
Project("{778DAE3C-4631-46EA-AA77-85C1314464D9}") = "bSIRIUSLink", "..\..\..\Sirius Back Office Link\Business\bSiriusLink\bSIRIUSLink.vbproj", "{FD5B35B1-DFFB-494E-9D51-BE04B9E364B2}"
EndProject
Project("{778DAE3C-4631-46EA-AA77-85C1314464D9}") = "bSIRFindRisk", "..\..\..\..\..\Sirius For Underwriting\Components\Find Risk\Business\bSIRFindRisk\bSIRFindRisk.vbproj", "{F8A627A5-1E2F-420B-BCCA-F913278BFE1C}"
EndProject
Project("{778DAE3C-4631-46EA-AA77-85C1314464D9}") = "bSirPerilAllocation", "..\..\..\..\..\Sirius For Underwriting\Components\Peril Allocation\Business\bSIRPerilAllocation\bSirPerilAllocation.vbproj", "{C1D2509E-2425-4415-BA7D-5BA06131F74E}"
EndProject
Project("{778DAE3C-4631-46EA-AA77-85C1314464D9}") = "bPMAutoNumber", "..\..\..\..\..\Sirius Architecture\Components\PMAutoNumber\bPMAutoNumber\bPMAutoNumber.vbproj", "{EADB0244-5A9F-4B13-BE5E-4C2D9DFD4855}"
EndProject
Project("{F184B08F-C81C-45F6-A57F-5ABD9991F28F}") = "bCLMPerilType", "..\..\..\..\..\Claims\Components\Peril Type\Business\bCLMPerilType\bCLMPerilType.vbproj", "{EEFC34F2-AE28-47C4-A917-AAEFF95004A3}"
EndProject
Project("{F184B08F-C81C-45F6-A57F-5ABD9991F28F}") = "bCLMRiskType", "..\..\..\..\..\Claims\Components\Risk Type\Business\bCLMRiskType\bCLMRiskType.vbproj", "{5468EADC-84FB-43B8-B124-339B9F0C16DE}"
EndProject
Project("{F184B08F-C81C-45F6-A57F-5ABD9991F28F}") = "dSIRPartyAG", "..\..\..\Party\Data\dSIRPartyAG\dSIRPartyAG.vbproj", "{60D33307-35BE-4E53-AF28-E2DA071FCB58}"
EndProject
Project("{F184B08F-C81C-45F6-A57F-5ABD9991F28F}") = "dSIRPartyCC", "..\..\..\Party\Data\dSIRPartyCC\dSIRPartyCC.vbproj", "{C3CB9AAE-87D0-4F3C-8E22-35662B5D4267}"
EndProject
Project("{F184B08F-C81C-45F6-A57F-5ABD9991F28F}") = "dSIRPartyPC", "..\..\..\Party\Data\dSIRPartyPC\dSIRPartyPC.vbproj", "{A24BEBE2-C893-478F-B006-12993089BFCB}"
EndProject
Global
	GlobalSection(SolutionConfigurationPlatforms) = preSolution
		Debug|Any CPU = Debug|Any CPU
		Release|Any CPU = Release|Any CPU
	EndGlobalSection
	GlobalSection(ProjectConfigurationPlatforms) = postSolution
		{F1E0A6C7-DD8C-4380-9BDF-8EF16FD12CFE}.Debug|Any CPU.ActiveCfg = Debug|Any CPU
		{F1E0A6C7-DD8C-4380-9BDF-8EF16FD12CFE}.Debug|Any CPU.Build.0 = Debug|Any CPU
		{F1E0A6C7-DD8C-4380-9BDF-8EF16FD12CFE}.Release|Any CPU.ActiveCfg = Release|Any CPU
		{F1E0A6C7-DD8C-4380-9BDF-8EF16FD12CFE}.Release|Any CPU.Build.0 = Release|Any CPU
		{EC517C69-2256-46C6-8225-7C8C61E3F71F}.Debug|Any CPU.ActiveCfg = Debug|Any CPU
		{EC517C69-2256-46C6-8225-7C8C61E3F71F}.Debug|Any CPU.Build.0 = Debug|Any CPU
		{EC517C69-2256-46C6-8225-7C8C61E3F71F}.Release|Any CPU.ActiveCfg = Release|Any CPU
		{EC517C69-2256-46C6-8225-7C8C61E3F71F}.Release|Any CPU.Build.0 = Release|Any CPU
		{5CF9992D-E72F-4366-A7C7-0D94B62751AF}.Debug|Any CPU.ActiveCfg = Debug|Any CPU
		{5CF9992D-E72F-4366-A7C7-0D94B62751AF}.Debug|Any CPU.Build.0 = Debug|Any CPU
		{5CF9992D-E72F-4366-A7C7-0D94B62751AF}.Release|Any CPU.ActiveCfg = Release|Any CPU
		{5CF9992D-E72F-4366-A7C7-0D94B62751AF}.Release|Any CPU.Build.0 = Release|Any CPU
		{3359E75A-CAF5-437C-B8ED-BCC8EB3F3686}.Debug|Any CPU.ActiveCfg = Debug|Any CPU
		{3359E75A-CAF5-437C-B8ED-BCC8EB3F3686}.Debug|Any CPU.Build.0 = Debug|Any CPU
		{3359E75A-CAF5-437C-B8ED-BCC8EB3F3686}.Release|Any CPU.ActiveCfg = Release|Any CPU
		{3359E75A-CAF5-437C-B8ED-BCC8EB3F3686}.Release|Any CPU.Build.0 = Release|Any CPU
		{9418C2AD-2DFE-414A-A61C-EAF9B40C1CE8}.Debug|Any CPU.ActiveCfg = Debug|Any CPU
		{9418C2AD-2DFE-414A-A61C-EAF9B40C1CE8}.Debug|Any CPU.Build.0 = Debug|Any CPU
		{9418C2AD-2DFE-414A-A61C-EAF9B40C1CE8}.Release|Any CPU.ActiveCfg = Release|Any CPU
		{9418C2AD-2DFE-414A-A61C-EAF9B40C1CE8}.Release|Any CPU.Build.0 = Release|Any CPU
		{0E60EEDF-74BA-4AEC-A75E-5E395D582AAD}.Debug|Any CPU.ActiveCfg = Debug|Any CPU
		{0E60EEDF-74BA-4AEC-A75E-5E395D582AAD}.Debug|Any CPU.Build.0 = Debug|Any CPU
		{0E60EEDF-74BA-4AEC-A75E-5E395D582AAD}.Release|Any CPU.ActiveCfg = Release|Any CPU
		{0E60EEDF-74BA-4AEC-A75E-5E395D582AAD}.Release|Any CPU.Build.0 = Release|Any CPU
		{3207E48D-602A-4CE6-8552-1D61024A2FAF}.Debug|Any CPU.ActiveCfg = Debug|Any CPU
		{3207E48D-602A-4CE6-8552-1D61024A2FAF}.Debug|Any CPU.Build.0 = Debug|Any CPU
		{3207E48D-602A-4CE6-8552-1D61024A2FAF}.Release|Any CPU.ActiveCfg = Release|Any CPU
		{3207E48D-602A-4CE6-8552-1D61024A2FAF}.Release|Any CPU.Build.0 = Release|Any CPU
		{DCF1ACCC-2264-4248-AA09-846BEA8FE54B}.Debug|Any CPU.ActiveCfg = Debug|Any CPU
		{DCF1ACCC-2264-4248-AA09-846BEA8FE54B}.Debug|Any CPU.Build.0 = Debug|Any CPU
		{DCF1ACCC-2264-4248-AA09-846BEA8FE54B}.Release|Any CPU.ActiveCfg = Release|Any CPU
		{DCF1ACCC-2264-4248-AA09-846BEA8FE54B}.Release|Any CPU.Build.0 = Release|Any CPU
		{19F034CD-ACAB-4F8B-B6EA-E1C099CAABAD}.Debug|Any CPU.ActiveCfg = Debug|Any CPU
		{19F034CD-ACAB-4F8B-B6EA-E1C099CAABAD}.Debug|Any CPU.Build.0 = Debug|Any CPU
		{19F034CD-ACAB-4F8B-B6EA-E1C099CAABAD}.Release|Any CPU.ActiveCfg = Release|Any CPU
		{19F034CD-ACAB-4F8B-B6EA-E1C099CAABAD}.Release|Any CPU.Build.0 = Release|Any CPU
		{01D60712-8319-4BBF-879A-60B123517490}.Debug|Any CPU.ActiveCfg = Debug|Any CPU
		{01D60712-8319-4BBF-879A-60B123517490}.Debug|Any CPU.Build.0 = Debug|Any CPU
		{01D60712-8319-4BBF-879A-60B123517490}.Release|Any CPU.ActiveCfg = Release|Any CPU
		{01D60712-8319-4BBF-879A-60B123517490}.Release|Any CPU.Build.0 = Release|Any CPU
		{80134D65-92DD-49D1-8F0B-F9FBC560BA63}.Debug|Any CPU.ActiveCfg = Debug|Any CPU
		{80134D65-92DD-49D1-8F0B-F9FBC560BA63}.Debug|Any CPU.Build.0 = Debug|Any CPU
		{80134D65-92DD-49D1-8F0B-F9FBC560BA63}.Release|Any CPU.ActiveCfg = Release|Any CPU
		{80134D65-92DD-49D1-8F0B-F9FBC560BA63}.Release|Any CPU.Build.0 = Release|Any CPU
		{7AB054A2-C949-4F91-902A-655AE374F008}.Debug|Any CPU.ActiveCfg = Debug|Any CPU
		{7AB054A2-C949-4F91-902A-655AE374F008}.Debug|Any CPU.Build.0 = Debug|Any CPU
		{7AB054A2-C949-4F91-902A-655AE374F008}.Release|Any CPU.ActiveCfg = Release|Any CPU
		{7AB054A2-C949-4F91-902A-655AE374F008}.Release|Any CPU.Build.0 = Release|Any CPU
		{6EE09236-9B67-4890-97BE-BBA7554294C0}.Debug|Any CPU.ActiveCfg = Debug|Any CPU
		{6EE09236-9B67-4890-97BE-BBA7554294C0}.Debug|Any CPU.Build.0 = Debug|Any CPU
		{6EE09236-9B67-4890-97BE-BBA7554294C0}.Release|Any CPU.ActiveCfg = Release|Any CPU
		{6EE09236-9B67-4890-97BE-BBA7554294C0}.Release|Any CPU.Build.0 = Release|Any CPU
		{D7BA46AB-1E31-40C5-964A-52A9A0C9D339}.Debug|Any CPU.ActiveCfg = Debug|Any CPU
		{D7BA46AB-1E31-40C5-964A-52A9A0C9D339}.Debug|Any CPU.Build.0 = Debug|Any CPU
		{D7BA46AB-1E31-40C5-964A-52A9A0C9D339}.Release|Any CPU.ActiveCfg = Release|Any CPU
		{D7BA46AB-1E31-40C5-964A-52A9A0C9D339}.Release|Any CPU.Build.0 = Release|Any CPU
		{FD5B35B1-DFFB-494E-9D51-BE04B9E364B2}.Debug|Any CPU.ActiveCfg = Debug|Any CPU
		{FD5B35B1-DFFB-494E-9D51-BE04B9E364B2}.Debug|Any CPU.Build.0 = Debug|Any CPU
		{FD5B35B1-DFFB-494E-9D51-BE04B9E364B2}.Release|Any CPU.ActiveCfg = Release|Any CPU
		{FD5B35B1-DFFB-494E-9D51-BE04B9E364B2}.Release|Any CPU.Build.0 = Release|Any CPU
		{F8A627A5-1E2F-420B-BCCA-F913278BFE1C}.Debug|Any CPU.ActiveCfg = Debug|Any CPU
		{F8A627A5-1E2F-420B-BCCA-F913278BFE1C}.Debug|Any CPU.Build.0 = Debug|Any CPU
		{F8A627A5-1E2F-420B-BCCA-F913278BFE1C}.Release|Any CPU.ActiveCfg = Release|Any CPU
		{F8A627A5-1E2F-420B-BCCA-F913278BFE1C}.Release|Any CPU.Build.0 = Release|Any CPU
		{C1D2509E-2425-4415-BA7D-5BA06131F74E}.Debug|Any CPU.ActiveCfg = Debug|Any CPU
		{C1D2509E-2425-4415-BA7D-5BA06131F74E}.Debug|Any CPU.Build.0 = Debug|Any CPU
		{C1D2509E-2425-4415-BA7D-5BA06131F74E}.Release|Any CPU.ActiveCfg = Release|Any CPU
		{C1D2509E-2425-4415-BA7D-5BA06131F74E}.Release|Any CPU.Build.0 = Release|Any CPU
		{EADB0244-5A9F-4B13-BE5E-4C2D9DFD4855}.Debug|Any CPU.ActiveCfg = Debug|Any CPU
		{EADB0244-5A9F-4B13-BE5E-4C2D9DFD4855}.Debug|Any CPU.Build.0 = Debug|Any CPU
		{EADB0244-5A9F-4B13-BE5E-4C2D9DFD4855}.Release|Any CPU.ActiveCfg = Release|Any CPU
		{EADB0244-5A9F-4B13-BE5E-4C2D9DFD4855}.Release|Any CPU.Build.0 = Release|Any CPU
		{EEFC34F2-AE28-47C4-A917-AAEFF95004A3}.Debug|Any CPU.ActiveCfg = Debug|Any CPU
		{EEFC34F2-AE28-47C4-A917-AAEFF95004A3}.Debug|Any CPU.Build.0 = Debug|Any CPU
		{EEFC34F2-AE28-47C4-A917-AAEFF95004A3}.Release|Any CPU.ActiveCfg = Release|Any CPU
		{EEFC34F2-AE28-47C4-A917-AAEFF95004A3}.Release|Any CPU.Build.0 = Release|Any CPU
		{5468EADC-84FB-43B8-B124-339B9F0C16DE}.Debug|Any CPU.ActiveCfg = Debug|Any CPU
		{5468EADC-84FB-43B8-B124-339B9F0C16DE}.Debug|Any CPU.Build.0 = Debug|Any CPU
		{5468EADC-84FB-43B8-B124-339B9F0C16DE}.Release|Any CPU.ActiveCfg = Release|Any CPU
		{5468EADC-84FB-43B8-B124-339B9F0C16DE}.Release|Any CPU.Build.0 = Release|Any CPU
		{60D33307-35BE-4E53-AF28-E2DA071FCB58}.Debug|Any CPU.ActiveCfg = Debug|Any CPU
		{60D33307-35BE-4E53-AF28-E2DA071FCB58}.Debug|Any CPU.Build.0 = Debug|Any CPU
		{60D33307-35BE-4E53-AF28-E2DA071FCB58}.Release|Any CPU.ActiveCfg = Release|Any CPU
		{60D33307-35BE-4E53-AF28-E2DA071FCB58}.Release|Any CPU.Build.0 = Release|Any CPU
		{C3CB9AAE-87D0-4F3C-8E22-35662B5D4267}.Debug|Any CPU.ActiveCfg = Debug|Any CPU
		{C3CB9AAE-87D0-4F3C-8E22-35662B5D4267}.Debug|Any CPU.Build.0 = Debug|Any CPU
		{C3CB9AAE-87D0-4F3C-8E22-35662B5D4267}.Release|Any CPU.ActiveCfg = Release|Any CPU
		{C3CB9AAE-87D0-4F3C-8E22-35662B5D4267}.Release|Any CPU.Build.0 = Release|Any CPU
		{A24BEBE2-C893-478F-B006-12993089BFCB}.Debug|Any CPU.ActiveCfg = Debug|Any CPU
		{A24BEBE2-C893-478F-B006-12993089BFCB}.Debug|Any CPU.Build.0 = Debug|Any CPU
		{A24BEBE2-C893-478F-B006-12993089BFCB}.Release|Any CPU.ActiveCfg = Release|Any CPU
		{A24BEBE2-C893-478F-B006-12993089BFCB}.Release|Any CPU.Build.0 = Release|Any CPU
	EndGlobalSection
	GlobalSection(SolutionProperties) = preSolution
		HideSolutionNode = FALSE
	EndGlobalSection
	GlobalSection(ExtensibilityGlobals) = postSolution
		SolutionGuid = {A755C4CE-E0C4-46AB-A541-6DADE15A199D}
	EndGlobalSection
EndGlobal
