
Microsoft Visual Studio Solution File, Format Version 12.00
# Visual Studio Version 17
VisualStudioVersion = 17.6.33723.286
MinimumVisualStudioVersion = 10.0.40219.1
Project("{F184B08F-C81C-45F6-A57F-5ABD9991F28F}") = "bSIRDocSpooler", "bSIRDocSpooler.vbproj", "{1D998431-46E9-462C-91C9-FE871E6021B4}"
EndProject
Project("{778DAE3C-4631-46EA-AA77-85C1314464D9}") = "SSP.Shared", "..\..\..\..\..\..\SSP.Shared\SSP.Shared.vbproj", "{21C8FB85-1356-4417-B35F-FB2243AA1878}"
EndProject
Global
	GlobalSection(SolutionConfigurationPlatforms) = preSolution
		Debug|Any CPU = Debug|Any CPU
		Release|Any CPU = Release|Any CPU
	EndGlobalSection
	GlobalSection(ProjectConfigurationPlatforms) = postSolution
		{1D998431-46E9-462C-91C9-FE871E6021B4}.Debug|Any CPU.ActiveCfg = Debug|Any CPU
		{1D998431-46E9-462C-91C9-FE871E6021B4}.Debug|Any CPU.Build.0 = Debug|Any CPU
		{1D998431-46E9-462C-91C9-FE871E6021B4}.Release|Any CPU.ActiveCfg = Release|Any CPU
		{1D998431-46E9-462C-91C9-FE871E6021B4}.Release|Any CPU.Build.0 = Release|Any CPU
		{21C8FB85-1356-4417-B35F-FB2243AA1878}.Debug|Any CPU.ActiveCfg = Debug|Any CPU
		{21C8FB85-1356-4417-B35F-FB2243AA1878}.Debug|Any CPU.Build.0 = Debug|Any CPU
		{21C8FB85-1356-4417-B35F-FB2243AA1878}.Release|Any CPU.ActiveCfg = Release|Any CPU
		{21C8FB85-1356-4417-B35F-FB2243AA1878}.Release|Any CPU.Build.0 = Release|Any CPU
	EndGlobalSection
	GlobalSection(SolutionProperties) = preSolution
		HideSolutionNode = FALSE
	EndGlobalSection
	GlobalSection(ExtensibilityGlobals) = postSolution
		SolutionGuid = {7B3D4327-E0CD-4E98-92FA-5AE0DD82A1D7}
	EndGlobalSection
EndGlobal
