
Microsoft Visual Studio Solution File, Format Version 12.00
# Visual Studio 2012
Project("{F184B08F-C81C-45F6-A57F-5ABD9991F28F}") = "iGISSumInsured", "iGISSumInsured.vbproj", "{DC560A29-68B2-4F25-9F1E-9AEB5450F481}"
EndProject
Global
	GlobalSection(SolutionConfigurationPlatforms) = preSolution
		Debug|Any CPU = Debug|Any CPU
		Release|Any CPU = Release|Any CPU
	EndGlobalSection
	GlobalSection(ProjectConfigurationPlatforms) = postSolution
		{DC560A29-68B2-4F25-9F1E-9AEB5450F481}.Debug|Any CPU.ActiveCfg = Debug|Any CPU
		{DC560A29-68B2-4F25-9F1E-9AEB5450F481}.Debug|Any CPU.Build.0 = Debug|Any CPU
		{DC560A29-68B2-4F25-9F1E-9AEB5450F481}.Release|Any CPU.ActiveCfg = Release|Any CPU
		{DC560A29-68B2-4F25-9F1E-9AEB5450F481}.Release|Any CPU.Build.0 = Release|Any CPU
	EndGlobalSection
	GlobalSection(SolutionProperties) = preSolution
		HideSolutionNode = FALSE
	EndGlobalSection
EndGlobal
